// !$*UTF8*$!
{
	archiveVersion = 1;
	classes = {
	};
	objectVersion = 48;
	objects = {

/* Begin PBXBuildFile section */
		ED099FFF201DBB86006F91E4 /* OpenQuicklyNodeTableCellView.swift in Sources */ = {isa = PBXBuildFile; fileRef = ED099FFE201DBB86006F91E4 /* OpenQuicklyNodeTableCellView.swift */; };
		ED157E29224371B000A56E19 /* OpenQuicklyNodeTableRowView.swift in Sources */ = {isa = PBXBuildFile; fileRef = ED157E28224371B000A56E19 /* OpenQuicklyNodeTableRowView.swift */; };
		ED187FD420053206002E51C0 /* WebView.swift in Sources */ = {isa = PBXBuildFile; fileRef = ED187FD320053206002E51C0 /* WebView.swift */; };
		ED19084B201F6EC0009497EE /* ContainerView.swift in Sources */ = {isa = PBXBuildFile; fileRef = ED19084A201F6EC0009497EE /* ContainerView.swift */; };
		ED2DEB16206B4148008E5F1E /* NodeModel.swift in Sources */ = {isa = PBXBuildFile; fileRef = ED2DEB13206B4147008E5F1E /* NodeModel.swift */; };
		ED2DEB17206B4148008E5F1E /* DirectoryInfo.swift in Sources */ = {isa = PBXBuildFile; fileRef = ED2DEB14206B4147008E5F1E /* DirectoryInfo.swift */; };
		ED2DEB18206B4148008E5F1E /* WorkspaceModel.swift in Sources */ = {isa = PBXBuildFile; fileRef = ED2DEB15206B4148008E5F1E /* WorkspaceModel.swift */; };
		ED2DEB46206B49E4008E5F1E /* KeyHolder.framework in Frameworks */ = {isa = PBXBuildFile; fileRef = ED2DEB3C206B49D8008E5F1E /* KeyHolder.framework */; };
		ED2DEB47206B49E4008E5F1E /* KeyHolder.framework in Embed Libraries */ = {isa = PBXBuildFile; fileRef = ED2DEB3C206B49D8008E5F1E /* KeyHolder.framework */; settings = {ATTRIBUTES = (CodeSignOnCopy, RemoveHeadersOnCopy, ); }; };
		ED2DEB48206B49E4008E5F1E /* Magnet.framework in Frameworks */ = {isa = PBXBuildFile; fileRef = ED2DEB36206B49D8008E5F1E /* Magnet.framework */; };
		ED2DEB49206B49E4008E5F1E /* Magnet.framework in Embed Libraries */ = {isa = PBXBuildFile; fileRef = ED2DEB36206B49D8008E5F1E /* Magnet.framework */; settings = {ATTRIBUTES = (CodeSignOnCopy, RemoveHeadersOnCopy, ); }; };
		ED2DEB4A206B49E4008E5F1E /* Realm.framework in Frameworks */ = {isa = PBXBuildFile; fileRef = ED2DEB38206B49D8008E5F1E /* Realm.framework */; };
		ED2DEB4B206B49E4008E5F1E /* Realm.framework in Embed Libraries */ = {isa = PBXBuildFile; fileRef = ED2DEB38206B49D8008E5F1E /* Realm.framework */; settings = {ATTRIBUTES = (CodeSignOnCopy, RemoveHeadersOnCopy, ); }; };
		ED2DEB4C206B49E4008E5F1E /* RealmSwift.framework in Frameworks */ = {isa = PBXBuildFile; fileRef = ED2DEB3A206B49D8008E5F1E /* RealmSwift.framework */; };
		ED2DEB4D206B49E4008E5F1E /* RealmSwift.framework in Embed Libraries */ = {isa = PBXBuildFile; fileRef = ED2DEB3A206B49D8008E5F1E /* RealmSwift.framework */; settings = {ATTRIBUTES = (CodeSignOnCopy, RemoveHeadersOnCopy, ); }; };
		ED2DEB4E206B49E4008E5F1E /* RxCocoa.framework in Frameworks */ = {isa = PBXBuildFile; fileRef = ED2DEB34206B49D7008E5F1E /* RxCocoa.framework */; };
		ED2DEB4F206B49E4008E5F1E /* RxCocoa.framework in Embed Libraries */ = {isa = PBXBuildFile; fileRef = ED2DEB34206B49D7008E5F1E /* RxCocoa.framework */; settings = {ATTRIBUTES = (CodeSignOnCopy, RemoveHeadersOnCopy, ); }; };
		ED2DEB50206B49E4008E5F1E /* RxRealm.framework in Frameworks */ = {isa = PBXBuildFile; fileRef = ED2DEB37206B49D8008E5F1E /* RxRealm.framework */; };
		ED2DEB51206B49E4008E5F1E /* RxRealm.framework in Embed Libraries */ = {isa = PBXBuildFile; fileRef = ED2DEB37206B49D8008E5F1E /* RxRealm.framework */; settings = {ATTRIBUTES = (CodeSignOnCopy, RemoveHeadersOnCopy, ); }; };
		ED2DEB52206B49E4008E5F1E /* RxSwift.framework in Frameworks */ = {isa = PBXBuildFile; fileRef = ED2DEB39206B49D8008E5F1E /* RxSwift.framework */; };
		ED2DEB53206B49E4008E5F1E /* RxSwift.framework in Embed Libraries */ = {isa = PBXBuildFile; fileRef = ED2DEB39206B49D8008E5F1E /* RxSwift.framework */; settings = {ATTRIBUTES = (CodeSignOnCopy, RemoveHeadersOnCopy, ); }; };
		ED2DEB54206B49E4008E5F1E /* Yams.framework in Frameworks */ = {isa = PBXBuildFile; fileRef = ED2DEB35206B49D7008E5F1E /* Yams.framework */; };
		ED2DEB55206B49E4008E5F1E /* Yams.framework in Embed Libraries */ = {isa = PBXBuildFile; fileRef = ED2DEB35206B49D7008E5F1E /* Yams.framework */; settings = {ATTRIBUTES = (CodeSignOnCopy, RemoveHeadersOnCopy, ); }; };
		ED2DEB5B206B4FC5008E5F1E /* NodeInfo.swift in Sources */ = {isa = PBXBuildFile; fileRef = ED2DEB5A206B4FC5008E5F1E /* NodeInfo.swift */; };
		ED2DEB5D206B69CC008E5F1E /* Util.swift in Sources */ = {isa = PBXBuildFile; fileRef = ED2DEB5C206B69CC008E5F1E /* Util.swift */; };
		ED2DEB5F206B7DE1008E5F1E /* NodeModel+NSFilePromiseProviderDelegate.swift in Sources */ = {isa = PBXBuildFile; fileRef = ED2DEB5E206B7DE1008E5F1E /* NodeModel+NSFilePromiseProviderDelegate.swift */; };
		ED2DEB61206B7FC9008E5F1E /* NodeModel+NSPasteboardWriting.swift in Sources */ = {isa = PBXBuildFile; fileRef = ED2DEB60206B7FC9008E5F1E /* NodeModel+NSPasteboardWriting.swift */; };
		ED2E149220055548003D55A3 /* markdown-it-task-checkbox.min.js in Resources */ = {isa = PBXBuildFile; fileRef = ED2E149120055548003D55A3 /* markdown-it-task-checkbox.min.js */; };
		ED2E149420055563003D55A3 /* markdown-it.min.js in Resources */ = {isa = PBXBuildFile; fileRef = ED2E149320055563003D55A3 /* markdown-it.min.js */; };
		ED2E1496200555A5003D55A3 /* markdown-it-sub.min.js in Resources */ = {isa = PBXBuildFile; fileRef = ED2E1495200555A5003D55A3 /* markdown-it-sub.min.js */; };
		ED2E1498200555C6003D55A3 /* markdown-it-sup.min.js in Resources */ = {isa = PBXBuildFile; fileRef = ED2E1497200555C5003D55A3 /* markdown-it-sup.min.js */; };
		ED2E149A20055650003D55A3 /* markdown-it-footnote.min.js in Resources */ = {isa = PBXBuildFile; fileRef = ED2E149920055650003D55A3 /* markdown-it-footnote.min.js */; };
		ED2E149C2005575A003D55A3 /* markdown-it-emoji.min.js in Resources */ = {isa = PBXBuildFile; fileRef = ED2E149B2005575A003D55A3 /* markdown-it-emoji.min.js */; };
		ED2E14F3200560B8003D55A3 /* highlight.pack.js in Resources */ = {isa = PBXBuildFile; fileRef = ED2E149F20055B87003D55A3 /* highlight.pack.js */; };
		ED2E15A820063E59003D55A3 /* Realm+Extensions.swift in Sources */ = {isa = PBXBuildFile; fileRef = ED2E15A720063E59003D55A3 /* Realm+Extensions.swift */; };
		ED2E15AA20064A0E003D55A3 /* SidebarViewController.swift in Sources */ = {isa = PBXBuildFile; fileRef = ED2E15A920064A0E003D55A3 /* SidebarViewController.swift */; };
		ED431FFC205628A30042078C /* CodableNode.swift in Sources */ = {isa = PBXBuildFile; fileRef = ED431FFB205628A30042078C /* CodableNode.swift */; };
		ED43200020562B460042078C /* ShortcutPreferenceNodeParameters.swift in Sources */ = {isa = PBXBuildFile; fileRef = ED431FFF20562B460042078C /* ShortcutPreferenceNodeParameters.swift */; };
		ED432032205756280042078C /* StyleSheet.swift in Sources */ = {isa = PBXBuildFile; fileRef = ED432031205756280042078C /* StyleSheet.swift */; };
		ED434F0320079DBD00C2357D /* LocalizedString.swift in Sources */ = {isa = PBXBuildFile; fileRef = ED434F0220079DBD00C2357D /* LocalizedString.swift */; };
		ED47CC85201ECF780052D6EF /* CreateOrOpenWorkspaceTabViewController.swift in Sources */ = {isa = PBXBuildFile; fileRef = ED47CC84201ECF780052D6EF /* CreateOrOpenWorkspaceTabViewController.swift */; };
		ED47CC87201ED55A0052D6EF /* MarkDownEditorError.swift in Sources */ = {isa = PBXBuildFile; fileRef = ED47CC86201ED55A0052D6EF /* MarkDownEditorError.swift */; };
		ED47CC8D201EFBED0052D6EF /* WorkspaceNameFormatter.swift in Sources */ = {isa = PBXBuildFile; fileRef = ED47CC8C201EFBED0052D6EF /* WorkspaceNameFormatter.swift */; };
		ED4EB332207C3F5E00CFEBEB /* MainWindow.swift in Sources */ = {isa = PBXBuildFile; fileRef = ED4EB331207C3F5E00CFEBEB /* MainWindow.swift */; };
		ED4EB9D2201C814100B4CBE7 /* swiss.css in Resources */ = {isa = PBXBuildFile; fileRef = ED4EB9D1201C803800B4CBE7 /* swiss.css */; };
		ED4EB9D7201D61E200B4CBE7 /* OpenQuickly.storyboard in Resources */ = {isa = PBXBuildFile; fileRef = ED4EB9D6201D61E200B4CBE7 /* OpenQuickly.storyboard */; };
		ED4EB9DB201D650D00B4CBE7 /* OpenQuicklyWindowController.swift in Sources */ = {isa = PBXBuildFile; fileRef = ED4EB9DA201D650D00B4CBE7 /* OpenQuicklyWindowController.swift */; };
		ED4EB9E0201DA76000B4CBE7 /* OpenQuicklyTextField.swift in Sources */ = {isa = PBXBuildFile; fileRef = ED4EB9DF201DA76000B4CBE7 /* OpenQuicklyTextField.swift */; };
		ED4EB9E2201DAA1700B4CBE7 /* OpenQuicklyViewController.swift in Sources */ = {isa = PBXBuildFile; fileRef = ED4EB9E1201DAA1700B4CBE7 /* OpenQuicklyViewController.swift */; };
		ED4EB9E4201DAADD00B4CBE7 /* NSImage+Extensions.swift in Sources */ = {isa = PBXBuildFile; fileRef = ED4EB9E3201DAADD00B4CBE7 /* NSImage+Extensions.swift */; };
		ED4EB9E6201DB71B00B4CBE7 /* Results+Extensions.swift in Sources */ = {isa = PBXBuildFile; fileRef = ED4EB9E5201DB71B00B4CBE7 /* Results+Extensions.swift */; };
		ED5569E2202DDC4C00D92A75 /* ResourceManager.swift in Sources */ = {isa = PBXBuildFile; fileRef = ED5569E1202DDC4C00D92A75 /* ResourceManager.swift */; };
		ED55C4FD200E50E70070301A /* BackgroundSetableView.swift in Sources */ = {isa = PBXBuildFile; fileRef = ED55C4FC200E50E70070301A /* BackgroundSetableView.swift */; };
		ED55C4FE200E56F10070301A /* Preference.storyboard in Resources */ = {isa = PBXBuildFile; fileRef = ED55C500200E56F10070301A /* Preference.storyboard */; };
		ED55C50C201312570070301A /* CreateWorkspace.storyboard in Resources */ = {isa = PBXBuildFile; fileRef = ED55C50E201312570070301A /* CreateWorkspace.storyboard */; };
		ED55C5132013146F0070301A /* CreateWorkspaceViewController.swift in Sources */ = {isa = PBXBuildFile; fileRef = ED55C5112013146F0070301A /* CreateWorkspaceViewController.swift */; };
		ED55C62E203BB51900827140 /* HtmlDataStore.swift in Sources */ = {isa = PBXBuildFile; fileRef = ED55C62D203BB51900827140 /* HtmlDataStore.swift */; };
		ED55C62F203BB51900827140 /* HtmlDataStore.swift in Sources */ = {isa = PBXBuildFile; fileRef = ED55C62D203BB51900827140 /* HtmlDataStore.swift */; };
		ED55CD72207F6930000AB810 /* WorkspacePreferenceViewController.swift in Sources */ = {isa = PBXBuildFile; fileRef = ED55CD71207F6930000AB810 /* WorkspacePreferenceViewController.swift */; };
		ED55CD7320808366000AB810 /* WorkspacePreference.storyboard in Resources */ = {isa = PBXBuildFile; fileRef = ED55CD7520808366000AB810 /* WorkspacePreference.storyboard */; };
		ED574001202C3F9100D844A3 /* ShortcutPreferenceViewController.swift in Sources */ = {isa = PBXBuildFile; fileRef = ED574000202C3F9100D844A3 /* ShortcutPreferenceViewController.swift */; };
		ED574002202D950E00D844A3 /* CreateOrOpenWorkspace.storyboard in Resources */ = {isa = PBXBuildFile; fileRef = ED574004202D950E00D844A3 /* CreateOrOpenWorkspace.storyboard */; };
		ED574007202D955E00D844A3 /* ShortcutPreference.storyboard in Resources */ = {isa = PBXBuildFile; fileRef = ED574009202D955E00D844A3 /* ShortcutPreference.storyboard */; };
		ED57400F202D975800D844A3 /* PreferenceTabViewController.swift in Sources */ = {isa = PBXBuildFile; fileRef = ED57400E202D975800D844A3 /* PreferenceTabViewController.swift */; };
		ED574010202D97C100D844A3 /* NewOrOpenNoteShortcutPreference.storyboard in Resources */ = {isa = PBXBuildFile; fileRef = ED574012202D97C100D844A3 /* NewOrOpenNoteShortcutPreference.storyboard */; };
		ED574019202D9D3200D844A3 /* Main.storyboard in Resources */ = {isa = PBXBuildFile; fileRef = ED57401B202D9D3200D844A3 /* Main.storyboard */; };
		ED598C39201F03E200072D8A /* NSAlert+Extensions.swift in Sources */ = {isa = PBXBuildFile; fileRef = ED598C38201F03E200072D8A /* NSAlert+Extensions.swift */; };
		ED598C57201F20D500072D8A /* WorkspaceDirectoryWatcher.swift in Sources */ = {isa = PBXBuildFile; fileRef = ED598C56201F20D500072D8A /* WorkspaceDirectoryWatcher.swift */; };
		ED598C59201F21BC00072D8A /* WorkspaceDirectoryWatcherManager.swift in Sources */ = {isa = PBXBuildFile; fileRef = ED598C58201F21BC00072D8A /* WorkspaceDirectoryWatcherManager.swift */; };
		ED59FDAE20132B8B0085D9F5 /* Collection+Extensions.swift in Sources */ = {isa = PBXBuildFile; fileRef = ED59FDAD20132B8B0085D9F5 /* Collection+Extensions.swift */; };
		ED59FDB0201330BC0085D9F5 /* WorkspacesTableRowView.swift in Sources */ = {isa = PBXBuildFile; fileRef = ED59FDAF201330BC0085D9F5 /* WorkspacesTableRowView.swift */; };
		ED5E97A22084F2DD00C71ED5 /* fileIcon.icns in Resources */ = {isa = PBXBuildFile; fileRef = ED5E97A02084F2DD00C71ED5 /* fileIcon.icns */; };
		ED5E97A32084F2DD00C71ED5 /* dirIcon.icns in Resources */ = {isa = PBXBuildFile; fileRef = ED5E97A12084F2DD00C71ED5 /* dirIcon.icns */; };
		ED710038204E16E90030CDFB /* PreferenceManager.swift in Sources */ = {isa = PBXBuildFile; fileRef = ED710037204E16E90030CDFB /* PreferenceManager.swift */; };
		ED83F7122036A1C20038D96B /* SidebarOutlineView.swift in Sources */ = {isa = PBXBuildFile; fileRef = ED83F7112036A1C20038D96B /* SidebarOutlineView.swift */; };
		ED83F7152036EB350038D96B /* Workspaces.storyboard in Resources */ = {isa = PBXBuildFile; fileRef = ED83F7172036EB350038D96B /* Workspaces.storyboard */; };
		ED840D1F201A217300EF2C42 /* WorkspacesTableView.swift in Sources */ = {isa = PBXBuildFile; fileRef = ED840D1E201A217300EF2C42 /* WorkspacesTableView.swift */; };
		ED840D23201A2A7700EF2C42 /* MoveWorkspace.storyboard in Resources */ = {isa = PBXBuildFile; fileRef = ED840D25201A2A7700EF2C42 /* MoveWorkspace.storyboard */; };
		ED840D29201A2AC000EF2C42 /* MoveWorkspaceViewController.swift in Sources */ = {isa = PBXBuildFile; fileRef = ED840D28201A2AC000EF2C42 /* MoveWorkspaceViewController.swift */; };
		ED840D2B201A2DF400EF2C42 /* URL+Extensions.swift in Sources */ = {isa = PBXBuildFile; fileRef = ED840D2A201A2DF400EF2C42 /* URL+Extensions.swift */; };
		ED840D2D201A364600EF2C42 /* jquery.min.js in Resources */ = {isa = PBXBuildFile; fileRef = ED840D2C201A364600EF2C42 /* jquery.min.js */; };
		ED840D2F201C5AB600EF2C42 /* NSView+Extensions.swift in Sources */ = {isa = PBXBuildFile; fileRef = ED840D2E201C5AB600EF2C42 /* NSView+Extensions.swift */; };
		ED841BD12008EC2B0097996A /* NodeTableCellView.swift in Sources */ = {isa = PBXBuildFile; fileRef = ED841BD02008EC2B0097996A /* NodeTableCellView.swift */; };
		ED841BD32009217F0097996A /* NSEvent+Extensions.swift in Sources */ = {isa = PBXBuildFile; fileRef = ED841BD22009217F0097996A /* NSEvent+Extensions.swift */; };
		ED841BD52009CC0C0097996A /* KeyCode.swift in Sources */ = {isa = PBXBuildFile; fileRef = ED841BD42009CC0C0097996A /* KeyCode.swift */; };
		ED8CE48A204E69F8002F1A5D /* Variable+Extensions.swift in Sources */ = {isa = PBXBuildFile; fileRef = ED8CE489204E69F8002F1A5D /* Variable+Extensions.swift */; };
		ED8CE48C204E7291002F1A5D /* CodableFont.swift in Sources */ = {isa = PBXBuildFile; fileRef = ED8CE48B204E7291002F1A5D /* CodableFont.swift */; };
		ED8CE48E204E7773002F1A5D /* GeneralPreference.swift in Sources */ = {isa = PBXBuildFile; fileRef = ED8CE48D204E7773002F1A5D /* GeneralPreference.swift */; };
		ED8CE490204E7798002F1A5D /* Preference.swift in Sources */ = {isa = PBXBuildFile; fileRef = ED8CE48F204E7798002F1A5D /* Preference.swift */; };
		ED9CCA6D2025927600EB2F7C /* DateFormatter+Extensions.swift in Sources */ = {isa = PBXBuildFile; fileRef = ED9CCA6C2025927600EB2F7C /* DateFormatter+Extensions.swift */; };
		ED9CCA732026189B00EB2F7C /* BeforeOfAllWindowController.swift in Sources */ = {isa = PBXBuildFile; fileRef = ED9CCA722026189B00EB2F7C /* BeforeOfAllWindowController.swift */; };
		ED9EEEE2201F639B00C96CC1 /* OpenWorkspace.storyboard in Resources */ = {isa = PBXBuildFile; fileRef = ED9EEEE4201F639B00C96CC1 /* OpenWorkspace.storyboard */; };
		ED9EEEE8201F63E200C96CC1 /* OpenWorkspaceViewController.swift in Sources */ = {isa = PBXBuildFile; fileRef = ED9EEEE7201F63E200C96CC1 /* OpenWorkspaceViewController.swift */; };
		EDA736CA200E24F8000BC5DA /* Sidebar.storyboard in Resources */ = {isa = PBXBuildFile; fileRef = EDA736C8200E24F8000BC5DA /* Sidebar.storyboard */; };
		EDA736CD200E256D000BC5DA /* MarkDownEditor.storyboard in Resources */ = {isa = PBXBuildFile; fileRef = EDA736CC200E256D000BC5DA /* MarkDownEditor.storyboard */; };
		EDA736D5200E3E6A000BC5DA /* SplitView.swift in Sources */ = {isa = PBXBuildFile; fileRef = EDA736D4200E3E6A000BC5DA /* SplitView.swift */; };
		EDAE6A9E20809CEE00E7658B /* AppDelegate.swift in Sources */ = {isa = PBXBuildFile; fileRef = EDAE6A9D20809CEE00E7658B /* AppDelegate.swift */; };
		EDAE6AA020809CEE00E7658B /* ViewController.swift in Sources */ = {isa = PBXBuildFile; fileRef = EDAE6A9F20809CEE00E7658B /* ViewController.swift */; };
		EDAE6AA320809CEE00E7658B /* Main.storyboard in Resources */ = {isa = PBXBuildFile; fileRef = EDAE6AA120809CEE00E7658B /* Main.storyboard */; };
		EDAE6AA520809CEF00E7658B /* Assets.xcassets in Resources */ = {isa = PBXBuildFile; fileRef = EDAE6AA420809CEF00E7658B /* Assets.xcassets */; };
		EDAE6AA820809CEF00E7658B /* LaunchScreen.storyboard in Resources */ = {isa = PBXBuildFile; fileRef = EDAE6AA620809CEF00E7658B /* LaunchScreen.storyboard */; };
		EDB601492022C06A00EDF59C /* Application.swift in Sources */ = {isa = PBXBuildFile; fileRef = EDB601482022C06A00EDF59C /* Application.swift */; };
		EDBFF25620106EA5005F3547 /* WorkspacesTableCellView.swift in Sources */ = {isa = PBXBuildFile; fileRef = EDBFF25520106EA5005F3547 /* WorkspacesTableCellView.swift */; };
		EDBFF25C2010868C005F3547 /* String+Extensions.swift in Sources */ = {isa = PBXBuildFile; fileRef = EDBFF25B2010868C005F3547 /* String+Extensions.swift */; };
		EDC25C85203BCC9F00C8F38E /* Localizable.strings in Resources */ = {isa = PBXBuildFile; fileRef = EDC25C82203BCC9F00C8F38E /* Localizable.strings */; };
		EDC72BC0205575090048D310 /* ShortcutPreference.swift in Sources */ = {isa = PBXBuildFile; fileRef = EDC72BBF205575090048D310 /* ShortcutPreference.swift */; };
		EDCED8C52005DAD100C514B1 /* monokai-sublime.css in Resources */ = {isa = PBXBuildFile; fileRef = EDCED8C42005DAD100C514B1 /* monokai-sublime.css */; };
		EDD0805A202B12210021895A /* NewOrOpenNoteShortcutPreferenceViewController.swift in Sources */ = {isa = PBXBuildFile; fileRef = EDD08058202B12210021895A /* NewOrOpenNoteShortcutPreferenceViewController.swift */; };
		EDD0A288200CBCB500D5E7BE /* NSPasteboardPasteboardType+Extensions.swift in Sources */ = {isa = PBXBuildFile; fileRef = EDD0A287200CBCB500D5E7BE /* NSPasteboardPasteboardType+Extensions.swift */; };
		EDD0A28A200CD49800D5E7BE /* NSPasteboard+Extensions.swift in Sources */ = {isa = PBXBuildFile; fileRef = EDD0A289200CD49800D5E7BE /* NSPasteboard+Extensions.swift */; };
		EDD0A28C200CD90C00D5E7BE /* Array+Extensions.swift in Sources */ = {isa = PBXBuildFile; fileRef = EDD0A28B200CD90C00D5E7BE /* Array+Extensions.swift */; };
		EDD0A299200EF81800D5E7BE /* SavableInUserDefaults.swift in Sources */ = {isa = PBXBuildFile; fileRef = EDD0A298200EF81800D5E7BE /* SavableInUserDefaults.swift */; };
		EDD0A2B9200F2B9E00D5E7BE /* WorkspacesViewController.swift in Sources */ = {isa = PBXBuildFile; fileRef = EDD0A2B8200F2B9E00D5E7BE /* WorkspacesViewController.swift */; };
		EDD4C743202E9AF70029FF4C /* GeneralPreferenceViewController.swift in Sources */ = {isa = PBXBuildFile; fileRef = EDD4C742202E9AF70029FF4C /* GeneralPreferenceViewController.swift */; };
		EDD4C747202EB0EB0029FF4C /* NSFont+Extensions.swift in Sources */ = {isa = PBXBuildFile; fileRef = EDD4C746202EB0EB0029FF4C /* NSFont+Extensions.swift */; };
		EDD4C748202EBD470029FF4C /* GeneralPreference.storyboard in Resources */ = {isa = PBXBuildFile; fileRef = EDD4C74A202EBD470029FF4C /* GeneralPreference.storyboard */; };
		EDD4CA6D203BB331003F8072 /* Quartz.framework in Frameworks */ = {isa = PBXBuildFile; fileRef = EDD4CA6C203BB331003F8072 /* Quartz.framework */; };
		EDD4CA70203BB331003F8072 /* PreviewViewController.swift in Sources */ = {isa = PBXBuildFile; fileRef = EDD4CA6F203BB331003F8072 /* PreviewViewController.swift */; };
		EDD4CA73203BB331003F8072 /* PreviewViewController.xib in Resources */ = {isa = PBXBuildFile; fileRef = EDD4CA71203BB331003F8072 /* PreviewViewController.xib */; };
		EDD4CA78203BB331003F8072 /* AnnayPreviewExtension.appex in Embed App Extensions */ = {isa = PBXBuildFile; fileRef = EDD4CA6B203BB331003F8072 /* AnnayPreviewExtension.appex */; settings = {ATTRIBUTES = (RemoveHeadersOnCopy, ); }; };
		EDD93C492057881600CA6627 /* StyleSheetFileWatcher.swift in Sources */ = {isa = PBXBuildFile; fileRef = EDD93C482057881600CA6627 /* StyleSheetFileWatcher.swift */; };
		EDD93C4B20578ACC00CA6627 /* StyleSheetManager.swift in Sources */ = {isa = PBXBuildFile; fileRef = EDD93C4A20578ACC00CA6627 /* StyleSheetManager.swift */; };
		EDDE608F203C63B100331A77 /* CSSearchableIndex+Extensions.swift in Sources */ = {isa = PBXBuildFile; fileRef = EDDE608E203C63B100331A77 /* CSSearchableIndex+Extensions.swift */; };
		EDDE6090203C63B100331A77 /* CSSearchableIndex+Extensions.swift in Sources */ = {isa = PBXBuildFile; fileRef = EDDE608E203C63B100331A77 /* CSSearchableIndex+Extensions.swift */; };
		EDDE6093203C65A500331A77 /* WebView.swift in Sources */ = {isa = PBXBuildFile; fileRef = EDDE6091203C65A500331A77 /* WebView.swift */; };
		EDDED6FB20050C0B0079F3D0 /* TextView.swift in Sources */ = {isa = PBXBuildFile; fileRef = EDDED6FA20050C0B0079F3D0 /* TextView.swift */; };
		EDDED6FF2005138F0079F3D0 /* NSApplication+Extensions.swift in Sources */ = {isa = PBXBuildFile; fileRef = EDDED6FE2005138F0079F3D0 /* NSApplication+Extensions.swift */; };
		EDEA58E220442B1700B1CA66 /* markdown.html in Resources */ = {isa = PBXBuildFile; fileRef = ED187FD120052D30002E51C0 /* markdown.html */; };
		EDEA58E320442B1B00B1CA66 /* markdown.js in Resources */ = {isa = PBXBuildFile; fileRef = ED2E159A20056621003D55A3 /* markdown.js */; };
		EDEB7A5B2004EDF000F8C48A /* AppDelegate.swift in Sources */ = {isa = PBXBuildFile; fileRef = EDEB7A5A2004EDF000F8C48A /* AppDelegate.swift */; };
		EDEB7A5F2004EDF000F8C48A /* Assets.xcassets in Resources */ = {isa = PBXBuildFile; fileRef = EDEB7A5E2004EDF000F8C48A /* Assets.xcassets */; };
		EDEB7A622004EDF000F8C48A /* Launch.storyboard in Resources */ = {isa = PBXBuildFile; fileRef = EDEB7A602004EDF000F8C48A /* Launch.storyboard */; };
		EDEB7A6B2004F21800F8C48A /* MarkDownEditorViewController.swift in Sources */ = {isa = PBXBuildFile; fileRef = EDEB7A6A2004F21800F8C48A /* MarkDownEditorViewController.swift */; };
		EDEDA86D2044F32600260C1E /* Queue.swift in Sources */ = {isa = PBXBuildFile; fileRef = EDEDA86C2044F32600260C1E /* Queue.swift */; };
		EDEDA86F2044F6A700260C1E /* NodeModelExporter.swift in Sources */ = {isa = PBXBuildFile; fileRef = EDEDA86E2044F6A700260C1E /* NodeModelExporter.swift */; };
		EDEDA8732045149F00260C1E /* SuperParentViewController.swift in Sources */ = {isa = PBXBuildFile; fileRef = EDEDA8722045149F00260C1E /* SuperParentViewController.swift */; };
		EDF6A7E7202B082000B85B2C /* PreferenceWindowController.swift in Sources */ = {isa = PBXBuildFile; fileRef = EDF6A7E6202B082000B85B2C /* PreferenceWindowController.swift */; };
		EDFAC7F12035A339002BB3C9 /* NSTextStorage+Extensions.swift in Sources */ = {isa = PBXBuildFile; fileRef = EDFAC7F02035A339002BB3C9 /* NSTextStorage+Extensions.swift */; };
		EDFE82C620256BE700702C85 /* FileManager+Extensions.swift in Sources */ = {isa = PBXBuildFile; fileRef = EDFE82C520256BE700702C85 /* FileManager+Extensions.swift */; };
/* End PBXBuildFile section */

/* Begin PBXContainerItemProxy section */
		EDD4CA76203BB331003F8072 /* PBXContainerItemProxy */ = {
			isa = PBXContainerItemProxy;
			containerPortal = EDEB7A4F2004EDF000F8C48A /* Project object */;
			proxyType = 1;
			remoteGlobalIDString = EDD4CA6A203BB331003F8072;
			remoteInfo = MarkDownEditorPreviewExtension;
		};
/* End PBXContainerItemProxy section */

/* Begin PBXCopyFilesBuildPhase section */
		EDD4CA7C203BB331003F8072 /* Embed App Extensions */ = {
			isa = PBXCopyFilesBuildPhase;
			buildActionMask = 2147483647;
			dstPath = "";
			dstSubfolderSpec = 13;
			files = (
				EDD4CA78203BB331003F8072 /* AnnayPreviewExtension.appex in Embed App Extensions */,
			);
			name = "Embed App Extensions";
			runOnlyForDeploymentPostprocessing = 0;
		};
		EDDED73D20051BC10079F3D0 /* Embed Libraries */ = {
			isa = PBXCopyFilesBuildPhase;
			buildActionMask = 2147483647;
			dstPath = "";
			dstSubfolderSpec = 10;
			files = (
				ED2DEB4B206B49E4008E5F1E /* Realm.framework in Embed Libraries */,
				ED2DEB49206B49E4008E5F1E /* Magnet.framework in Embed Libraries */,
				ED2DEB53206B49E4008E5F1E /* RxSwift.framework in Embed Libraries */,
				ED2DEB4D206B49E4008E5F1E /* RealmSwift.framework in Embed Libraries */,
				ED2DEB55206B49E4008E5F1E /* Yams.framework in Embed Libraries */,
				ED2DEB4F206B49E4008E5F1E /* RxCocoa.framework in Embed Libraries */,
				ED2DEB51206B49E4008E5F1E /* RxRealm.framework in Embed Libraries */,
				ED2DEB47206B49E4008E5F1E /* KeyHolder.framework in Embed Libraries */,
			);
			name = "Embed Libraries";
			runOnlyForDeploymentPostprocessing = 0;
		};
/* End PBXCopyFilesBuildPhase section */

/* Begin PBXFileReference section */
		ED099FFE201DBB86006F91E4 /* OpenQuicklyNodeTableCellView.swift */ = {isa = PBXFileReference; lastKnownFileType = sourcecode.swift; path = OpenQuicklyNodeTableCellView.swift; sourceTree = "<group>"; };
		ED157E28224371B000A56E19 /* OpenQuicklyNodeTableRowView.swift */ = {isa = PBXFileReference; lastKnownFileType = sourcecode.swift; path = OpenQuicklyNodeTableRowView.swift; sourceTree = "<group>"; };
		ED187FD120052D30002E51C0 /* markdown.html */ = {isa = PBXFileReference; lastKnownFileType = text.html; path = markdown.html; sourceTree = "<group>"; };
		ED187FD320053206002E51C0 /* WebView.swift */ = {isa = PBXFileReference; lastKnownFileType = sourcecode.swift; path = WebView.swift; sourceTree = "<group>"; };
		ED19084A201F6EC0009497EE /* ContainerView.swift */ = {isa = PBXFileReference; lastKnownFileType = sourcecode.swift; path = ContainerView.swift; sourceTree = "<group>"; };
		ED2DEB13206B4147008E5F1E /* NodeModel.swift */ = {isa = PBXFileReference; fileEncoding = 4; lastKnownFileType = sourcecode.swift; path = NodeModel.swift; sourceTree = "<group>"; };
		ED2DEB14206B4147008E5F1E /* DirectoryInfo.swift */ = {isa = PBXFileReference; fileEncoding = 4; lastKnownFileType = sourcecode.swift; path = DirectoryInfo.swift; sourceTree = "<group>"; };
		ED2DEB15206B4148008E5F1E /* WorkspaceModel.swift */ = {isa = PBXFileReference; fileEncoding = 4; lastKnownFileType = sourcecode.swift; path = WorkspaceModel.swift; sourceTree = "<group>"; };
		ED2DEB34206B49D7008E5F1E /* RxCocoa.framework */ = {isa = PBXFileReference; lastKnownFileType = wrapper.framework; name = RxCocoa.framework; path = Carthage/Build/Mac/RxCocoa.framework; sourceTree = "<group>"; };
		ED2DEB35206B49D7008E5F1E /* Yams.framework */ = {isa = PBXFileReference; lastKnownFileType = wrapper.framework; name = Yams.framework; path = Carthage/Build/Mac/Yams.framework; sourceTree = "<group>"; };
		ED2DEB36206B49D8008E5F1E /* Magnet.framework */ = {isa = PBXFileReference; lastKnownFileType = wrapper.framework; name = Magnet.framework; path = Carthage/Build/Mac/Magnet.framework; sourceTree = "<group>"; };
		ED2DEB37206B49D8008E5F1E /* RxRealm.framework */ = {isa = PBXFileReference; lastKnownFileType = wrapper.framework; name = RxRealm.framework; path = Carthage/Build/Mac/RxRealm.framework; sourceTree = "<group>"; };
		ED2DEB38206B49D8008E5F1E /* Realm.framework */ = {isa = PBXFileReference; lastKnownFileType = wrapper.framework; name = Realm.framework; path = Carthage/Build/Mac/Realm.framework; sourceTree = "<group>"; };
		ED2DEB39206B49D8008E5F1E /* RxSwift.framework */ = {isa = PBXFileReference; lastKnownFileType = wrapper.framework; name = RxSwift.framework; path = Carthage/Build/Mac/RxSwift.framework; sourceTree = "<group>"; };
		ED2DEB3A206B49D8008E5F1E /* RealmSwift.framework */ = {isa = PBXFileReference; lastKnownFileType = wrapper.framework; name = RealmSwift.framework; path = Carthage/Build/Mac/RealmSwift.framework; sourceTree = "<group>"; };
		ED2DEB3C206B49D8008E5F1E /* KeyHolder.framework */ = {isa = PBXFileReference; lastKnownFileType = wrapper.framework; name = KeyHolder.framework; path = Carthage/Build/Mac/KeyHolder.framework; sourceTree = "<group>"; };
		ED2DEB5A206B4FC5008E5F1E /* NodeInfo.swift */ = {isa = PBXFileReference; lastKnownFileType = sourcecode.swift; path = NodeInfo.swift; sourceTree = "<group>"; };
		ED2DEB5C206B69CC008E5F1E /* Util.swift */ = {isa = PBXFileReference; lastKnownFileType = sourcecode.swift; path = Util.swift; sourceTree = "<group>"; };
		ED2DEB5E206B7DE1008E5F1E /* NodeModel+NSFilePromiseProviderDelegate.swift */ = {isa = PBXFileReference; lastKnownFileType = sourcecode.swift; path = "NodeModel+NSFilePromiseProviderDelegate.swift"; sourceTree = "<group>"; };
		ED2DEB60206B7FC9008E5F1E /* NodeModel+NSPasteboardWriting.swift */ = {isa = PBXFileReference; lastKnownFileType = sourcecode.swift; path = "NodeModel+NSPasteboardWriting.swift"; sourceTree = "<group>"; };
		ED2E149120055548003D55A3 /* markdown-it-task-checkbox.min.js */ = {isa = PBXFileReference; lastKnownFileType = sourcecode.javascript; path = "markdown-it-task-checkbox.min.js"; sourceTree = "<group>"; };
		ED2E149320055563003D55A3 /* markdown-it.min.js */ = {isa = PBXFileReference; lastKnownFileType = sourcecode.javascript; path = "markdown-it.min.js"; sourceTree = "<group>"; };
		ED2E1495200555A5003D55A3 /* markdown-it-sub.min.js */ = {isa = PBXFileReference; lastKnownFileType = sourcecode.javascript; path = "markdown-it-sub.min.js"; sourceTree = "<group>"; };
		ED2E1497200555C5003D55A3 /* markdown-it-sup.min.js */ = {isa = PBXFileReference; lastKnownFileType = sourcecode.javascript; path = "markdown-it-sup.min.js"; sourceTree = "<group>"; };
		ED2E149920055650003D55A3 /* markdown-it-footnote.min.js */ = {isa = PBXFileReference; lastKnownFileType = sourcecode.javascript; path = "markdown-it-footnote.min.js"; sourceTree = "<group>"; };
		ED2E149B2005575A003D55A3 /* markdown-it-emoji.min.js */ = {isa = PBXFileReference; lastKnownFileType = sourcecode.javascript; path = "markdown-it-emoji.min.js"; sourceTree = "<group>"; };
		ED2E149F20055B87003D55A3 /* highlight.pack.js */ = {isa = PBXFileReference; lastKnownFileType = sourcecode.javascript; path = highlight.pack.js; sourceTree = "<group>"; };
		ED2E159A20056621003D55A3 /* markdown.js */ = {isa = PBXFileReference; lastKnownFileType = sourcecode.javascript; path = markdown.js; sourceTree = "<group>"; };
		ED2E15A720063E59003D55A3 /* Realm+Extensions.swift */ = {isa = PBXFileReference; lastKnownFileType = sourcecode.swift; path = "Realm+Extensions.swift"; sourceTree = "<group>"; };
		ED2E15A920064A0E003D55A3 /* SidebarViewController.swift */ = {isa = PBXFileReference; lastKnownFileType = sourcecode.swift; path = SidebarViewController.swift; sourceTree = "<group>"; };
		ED431FFB205628A30042078C /* CodableNode.swift */ = {isa = PBXFileReference; lastKnownFileType = sourcecode.swift; path = CodableNode.swift; sourceTree = "<group>"; };
		ED431FFF20562B460042078C /* ShortcutPreferenceNodeParameters.swift */ = {isa = PBXFileReference; lastKnownFileType = sourcecode.swift; path = ShortcutPreferenceNodeParameters.swift; sourceTree = "<group>"; };
		ED432031205756280042078C /* StyleSheet.swift */ = {isa = PBXFileReference; lastKnownFileType = sourcecode.swift; path = StyleSheet.swift; sourceTree = "<group>"; };
		ED434F0220079DBD00C2357D /* LocalizedString.swift */ = {isa = PBXFileReference; lastKnownFileType = sourcecode.swift; path = LocalizedString.swift; sourceTree = "<group>"; };
		ED47CC84201ECF780052D6EF /* CreateOrOpenWorkspaceTabViewController.swift */ = {isa = PBXFileReference; lastKnownFileType = sourcecode.swift; path = CreateOrOpenWorkspaceTabViewController.swift; sourceTree = "<group>"; };
		ED47CC86201ED55A0052D6EF /* MarkDownEditorError.swift */ = {isa = PBXFileReference; lastKnownFileType = sourcecode.swift; path = MarkDownEditorError.swift; sourceTree = "<group>"; };
		ED47CC8C201EFBED0052D6EF /* WorkspaceNameFormatter.swift */ = {isa = PBXFileReference; lastKnownFileType = sourcecode.swift; path = WorkspaceNameFormatter.swift; sourceTree = "<group>"; };
		ED4EB331207C3F5E00CFEBEB /* MainWindow.swift */ = {isa = PBXFileReference; lastKnownFileType = sourcecode.swift; path = MainWindow.swift; sourceTree = "<group>"; };
		ED4EB9D1201C803800B4CBE7 /* swiss.css */ = {isa = PBXFileReference; lastKnownFileType = text.css; path = swiss.css; sourceTree = "<group>"; };
		ED4EB9D6201D61E200B4CBE7 /* OpenQuickly.storyboard */ = {isa = PBXFileReference; lastKnownFileType = file.storyboard; path = OpenQuickly.storyboard; sourceTree = "<group>"; };
		ED4EB9DA201D650D00B4CBE7 /* OpenQuicklyWindowController.swift */ = {isa = PBXFileReference; lastKnownFileType = sourcecode.swift; path = OpenQuicklyWindowController.swift; sourceTree = "<group>"; };
		ED4EB9DF201DA76000B4CBE7 /* OpenQuicklyTextField.swift */ = {isa = PBXFileReference; lastKnownFileType = sourcecode.swift; path = OpenQuicklyTextField.swift; sourceTree = "<group>"; };
		ED4EB9E1201DAA1700B4CBE7 /* OpenQuicklyViewController.swift */ = {isa = PBXFileReference; lastKnownFileType = sourcecode.swift; path = OpenQuicklyViewController.swift; sourceTree = "<group>"; };
		ED4EB9E3201DAADD00B4CBE7 /* NSImage+Extensions.swift */ = {isa = PBXFileReference; lastKnownFileType = sourcecode.swift; path = "NSImage+Extensions.swift"; sourceTree = "<group>"; };
		ED4EB9E5201DB71B00B4CBE7 /* Results+Extensions.swift */ = {isa = PBXFileReference; lastKnownFileType = sourcecode.swift; path = "Results+Extensions.swift"; sourceTree = "<group>"; };
		ED5569E1202DDC4C00D92A75 /* ResourceManager.swift */ = {isa = PBXFileReference; lastKnownFileType = sourcecode.swift; path = ResourceManager.swift; sourceTree = "<group>"; };
		ED55C4FC200E50E70070301A /* BackgroundSetableView.swift */ = {isa = PBXFileReference; lastKnownFileType = sourcecode.swift; path = BackgroundSetableView.swift; sourceTree = "<group>"; };
		ED55C4FF200E56F10070301A /* Base */ = {isa = PBXFileReference; lastKnownFileType = file.storyboard; name = Base; path = Base.lproj/Preference.storyboard; sourceTree = "<group>"; };
		ED55C50D201312570070301A /* Base */ = {isa = PBXFileReference; lastKnownFileType = file.storyboard; name = Base; path = Base.lproj/CreateWorkspace.storyboard; sourceTree = "<group>"; };
		ED55C5102013125A0070301A /* ja */ = {isa = PBXFileReference; lastKnownFileType = text.plist.strings; name = ja; path = ja.lproj/CreateWorkspace.strings; sourceTree = "<group>"; };
		ED55C5112013146F0070301A /* CreateWorkspaceViewController.swift */ = {isa = PBXFileReference; lastKnownFileType = sourcecode.swift; path = CreateWorkspaceViewController.swift; sourceTree = "<group>"; };
		ED55C62D203BB51900827140 /* HtmlDataStore.swift */ = {isa = PBXFileReference; lastKnownFileType = sourcecode.swift; path = HtmlDataStore.swift; sourceTree = "<group>"; };
		ED55CD71207F6930000AB810 /* WorkspacePreferenceViewController.swift */ = {isa = PBXFileReference; lastKnownFileType = sourcecode.swift; path = WorkspacePreferenceViewController.swift; sourceTree = "<group>"; };
		ED55CD7420808366000AB810 /* Base */ = {isa = PBXFileReference; lastKnownFileType = file.storyboard; name = Base; path = Base.lproj/WorkspacePreference.storyboard; sourceTree = "<group>"; };
		ED55CD77208083EC000AB810 /* ja */ = {isa = PBXFileReference; lastKnownFileType = text.plist.strings; name = ja; path = ja.lproj/WorkspacePreference.strings; sourceTree = "<group>"; };
		ED574000202C3F9100D844A3 /* ShortcutPreferenceViewController.swift */ = {isa = PBXFileReference; lastKnownFileType = sourcecode.swift; path = ShortcutPreferenceViewController.swift; sourceTree = "<group>"; };
		ED574003202D950E00D844A3 /* Base */ = {isa = PBXFileReference; lastKnownFileType = file.storyboard; name = Base; path = Base.lproj/CreateOrOpenWorkspace.storyboard; sourceTree = "<group>"; };
		ED574006202D950F00D844A3 /* ja */ = {isa = PBXFileReference; lastKnownFileType = text.plist.strings; name = ja; path = ja.lproj/CreateOrOpenWorkspace.strings; sourceTree = "<group>"; };
		ED574008202D955E00D844A3 /* Base */ = {isa = PBXFileReference; lastKnownFileType = file.storyboard; name = Base; path = Base.lproj/ShortcutPreference.storyboard; sourceTree = "<group>"; };
		ED57400B202D956000D844A3 /* ja */ = {isa = PBXFileReference; lastKnownFileType = text.plist.strings; name = ja; path = ja.lproj/ShortcutPreference.strings; sourceTree = "<group>"; };
		ED57400D202D95B600D844A3 /* ja */ = {isa = PBXFileReference; lastKnownFileType = text.plist.strings; name = ja; path = ja.lproj/Preference.strings; sourceTree = "<group>"; };
		ED57400E202D975800D844A3 /* PreferenceTabViewController.swift */ = {isa = PBXFileReference; lastKnownFileType = sourcecode.swift; path = PreferenceTabViewController.swift; sourceTree = "<group>"; };
		ED574011202D97C100D844A3 /* Base */ = {isa = PBXFileReference; lastKnownFileType = file.storyboard; name = Base; path = Base.lproj/NewOrOpenNoteShortcutPreference.storyboard; sourceTree = "<group>"; };
		ED574014202D97C300D844A3 /* ja */ = {isa = PBXFileReference; lastKnownFileType = text.plist.strings; name = ja; path = ja.lproj/NewOrOpenNoteShortcutPreference.strings; sourceTree = "<group>"; };
		ED574018202D99AA00D844A3 /* ja */ = {isa = PBXFileReference; lastKnownFileType = text.plist.strings; name = ja; path = ja.lproj/Launch.strings; sourceTree = "<group>"; };
		ED57401A202D9D3200D844A3 /* Base */ = {isa = PBXFileReference; lastKnownFileType = file.storyboard; name = Base; path = Base.lproj/Main.storyboard; sourceTree = "<group>"; };
		ED57401D202D9D3400D844A3 /* ja */ = {isa = PBXFileReference; lastKnownFileType = text.plist.strings; name = ja; path = ja.lproj/Main.strings; sourceTree = "<group>"; };
		ED598C38201F03E200072D8A /* NSAlert+Extensions.swift */ = {isa = PBXFileReference; lastKnownFileType = sourcecode.swift; path = "NSAlert+Extensions.swift"; sourceTree = "<group>"; };
		ED598C56201F20D500072D8A /* WorkspaceDirectoryWatcher.swift */ = {isa = PBXFileReference; lastKnownFileType = sourcecode.swift; path = WorkspaceDirectoryWatcher.swift; sourceTree = "<group>"; };
		ED598C58201F21BC00072D8A /* WorkspaceDirectoryWatcherManager.swift */ = {isa = PBXFileReference; lastKnownFileType = sourcecode.swift; path = WorkspaceDirectoryWatcherManager.swift; sourceTree = "<group>"; };
		ED59FDAD20132B8B0085D9F5 /* Collection+Extensions.swift */ = {isa = PBXFileReference; lastKnownFileType = sourcecode.swift; path = "Collection+Extensions.swift"; sourceTree = "<group>"; };
		ED59FDAF201330BC0085D9F5 /* WorkspacesTableRowView.swift */ = {isa = PBXFileReference; lastKnownFileType = sourcecode.swift; path = WorkspacesTableRowView.swift; sourceTree = "<group>"; };
		ED5E97A02084F2DD00C71ED5 /* fileIcon.icns */ = {isa = PBXFileReference; lastKnownFileType = image.icns; path = fileIcon.icns; sourceTree = "<group>"; };
		ED5E97A12084F2DD00C71ED5 /* dirIcon.icns */ = {isa = PBXFileReference; lastKnownFileType = image.icns; path = dirIcon.icns; sourceTree = "<group>"; };
		ED710037204E16E90030CDFB /* PreferenceManager.swift */ = {isa = PBXFileReference; lastKnownFileType = sourcecode.swift; path = PreferenceManager.swift; sourceTree = "<group>"; };
		ED83F7112036A1C20038D96B /* SidebarOutlineView.swift */ = {isa = PBXFileReference; lastKnownFileType = sourcecode.swift; path = SidebarOutlineView.swift; sourceTree = "<group>"; };
		ED83F7142036E7290038D96B /* ja */ = {isa = PBXFileReference; lastKnownFileType = text.plist.strings; name = ja; path = MarkDownEditor/ja.lproj/Sidebar.strings; sourceTree = "<group>"; };
		ED83F7162036EB350038D96B /* Base */ = {isa = PBXFileReference; lastKnownFileType = file.storyboard; name = Base; path = Base.lproj/Workspaces.storyboard; sourceTree = "<group>"; };
		ED83F7192036EB380038D96B /* ja */ = {isa = PBXFileReference; lastKnownFileType = text.plist.strings; name = ja; path = ja.lproj/Workspaces.strings; sourceTree = "<group>"; };
		ED840D1E201A217300EF2C42 /* WorkspacesTableView.swift */ = {isa = PBXFileReference; lastKnownFileType = sourcecode.swift; path = WorkspacesTableView.swift; sourceTree = "<group>"; };
		ED840D24201A2A7700EF2C42 /* Base */ = {isa = PBXFileReference; lastKnownFileType = file.storyboard; name = Base; path = Base.lproj/MoveWorkspace.storyboard; sourceTree = "<group>"; };
		ED840D27201A2A7900EF2C42 /* ja */ = {isa = PBXFileReference; lastKnownFileType = text.plist.strings; name = ja; path = ja.lproj/MoveWorkspace.strings; sourceTree = "<group>"; };
		ED840D28201A2AC000EF2C42 /* MoveWorkspaceViewController.swift */ = {isa = PBXFileReference; lastKnownFileType = sourcecode.swift; path = MoveWorkspaceViewController.swift; sourceTree = "<group>"; };
		ED840D2A201A2DF400EF2C42 /* URL+Extensions.swift */ = {isa = PBXFileReference; lastKnownFileType = sourcecode.swift; path = "URL+Extensions.swift"; sourceTree = "<group>"; };
		ED840D2C201A364600EF2C42 /* jquery.min.js */ = {isa = PBXFileReference; lastKnownFileType = sourcecode.javascript; path = jquery.min.js; sourceTree = "<group>"; };
		ED840D2E201C5AB600EF2C42 /* NSView+Extensions.swift */ = {isa = PBXFileReference; lastKnownFileType = sourcecode.swift; path = "NSView+Extensions.swift"; sourceTree = "<group>"; };
		ED841BD02008EC2B0097996A /* NodeTableCellView.swift */ = {isa = PBXFileReference; lastKnownFileType = sourcecode.swift; path = NodeTableCellView.swift; sourceTree = "<group>"; };
		ED841BD22009217F0097996A /* NSEvent+Extensions.swift */ = {isa = PBXFileReference; lastKnownFileType = sourcecode.swift; path = "NSEvent+Extensions.swift"; sourceTree = "<group>"; };
		ED841BD42009CC0C0097996A /* KeyCode.swift */ = {isa = PBXFileReference; lastKnownFileType = sourcecode.swift; path = KeyCode.swift; sourceTree = "<group>"; };
		ED8CE489204E69F8002F1A5D /* Variable+Extensions.swift */ = {isa = PBXFileReference; lastKnownFileType = sourcecode.swift; path = "Variable+Extensions.swift"; sourceTree = "<group>"; };
		ED8CE48B204E7291002F1A5D /* CodableFont.swift */ = {isa = PBXFileReference; lastKnownFileType = sourcecode.swift; path = CodableFont.swift; sourceTree = "<group>"; };
		ED8CE48D204E7773002F1A5D /* GeneralPreference.swift */ = {isa = PBXFileReference; lastKnownFileType = sourcecode.swift; path = GeneralPreference.swift; sourceTree = "<group>"; };
		ED8CE48F204E7798002F1A5D /* Preference.swift */ = {isa = PBXFileReference; lastKnownFileType = sourcecode.swift; path = Preference.swift; sourceTree = "<group>"; };
		ED9CCA6C2025927600EB2F7C /* DateFormatter+Extensions.swift */ = {isa = PBXFileReference; lastKnownFileType = sourcecode.swift; path = "DateFormatter+Extensions.swift"; sourceTree = "<group>"; };
		ED9CCA722026189B00EB2F7C /* BeforeOfAllWindowController.swift */ = {isa = PBXFileReference; lastKnownFileType = sourcecode.swift; path = BeforeOfAllWindowController.swift; sourceTree = "<group>"; };
		ED9EEEE3201F639B00C96CC1 /* Base */ = {isa = PBXFileReference; lastKnownFileType = file.storyboard; name = Base; path = Base.lproj/OpenWorkspace.storyboard; sourceTree = "<group>"; };
		ED9EEEE6201F639D00C96CC1 /* ja */ = {isa = PBXFileReference; lastKnownFileType = text.plist.strings; name = ja; path = ja.lproj/OpenWorkspace.strings; sourceTree = "<group>"; };
		ED9EEEE7201F63E200C96CC1 /* OpenWorkspaceViewController.swift */ = {isa = PBXFileReference; lastKnownFileType = sourcecode.swift; path = OpenWorkspaceViewController.swift; sourceTree = "<group>"; };
		EDA736C9200E24F8000BC5DA /* Base */ = {isa = PBXFileReference; lastKnownFileType = file.storyboard; name = Base; path = MarkDownEditor/Base.lproj/Sidebar.storyboard; sourceTree = "<group>"; };
		EDA736CC200E256D000BC5DA /* MarkDownEditor.storyboard */ = {isa = PBXFileReference; fileEncoding = 4; lastKnownFileType = file.storyboard; path = MarkDownEditor.storyboard; sourceTree = "<group>"; };
		EDA736D4200E3E6A000BC5DA /* SplitView.swift */ = {isa = PBXFileReference; lastKnownFileType = sourcecode.swift; path = SplitView.swift; sourceTree = "<group>"; };
		EDAE6A9B20809CEE00E7658B /* Annay.app */ = {isa = PBXFileReference; explicitFileType = wrapper.application; includeInIndex = 0; path = Annay.app; sourceTree = BUILT_PRODUCTS_DIR; };
		EDAE6A9D20809CEE00E7658B /* AppDelegate.swift */ = {isa = PBXFileReference; lastKnownFileType = sourcecode.swift; path = AppDelegate.swift; sourceTree = "<group>"; };
		EDAE6A9F20809CEE00E7658B /* ViewController.swift */ = {isa = PBXFileReference; lastKnownFileType = sourcecode.swift; path = ViewController.swift; sourceTree = "<group>"; };
		EDAE6AA220809CEE00E7658B /* Base */ = {isa = PBXFileReference; lastKnownFileType = file.storyboard; name = Base; path = Base.lproj/Main.storyboard; sourceTree = "<group>"; };
		EDAE6AA420809CEF00E7658B /* Assets.xcassets */ = {isa = PBXFileReference; lastKnownFileType = folder.assetcatalog; path = Assets.xcassets; sourceTree = "<group>"; };
		EDAE6AA720809CEF00E7658B /* Base */ = {isa = PBXFileReference; lastKnownFileType = file.storyboard; name = Base; path = Base.lproj/LaunchScreen.storyboard; sourceTree = "<group>"; };
		EDAE6AA920809CEF00E7658B /* Info.plist */ = {isa = PBXFileReference; lastKnownFileType = text.plist.xml; path = Info.plist; sourceTree = "<group>"; };
		EDB601482022C06A00EDF59C /* Application.swift */ = {isa = PBXFileReference; lastKnownFileType = sourcecode.swift; path = Application.swift; sourceTree = "<group>"; };
		EDBFF25520106EA5005F3547 /* WorkspacesTableCellView.swift */ = {isa = PBXFileReference; lastKnownFileType = sourcecode.swift; path = WorkspacesTableCellView.swift; sourceTree = "<group>"; };
		EDBFF25B2010868C005F3547 /* String+Extensions.swift */ = {isa = PBXFileReference; lastKnownFileType = sourcecode.swift; path = "String+Extensions.swift"; sourceTree = "<group>"; };
		EDC25C7F203BCC3C00C8F38E /* ja */ = {isa = PBXFileReference; lastKnownFileType = text.plist.strings; name = ja; path = ja.lproj/PreviewViewController.strings; sourceTree = "<group>"; };
		EDC25C83203BCC9F00C8F38E /* ja */ = {isa = PBXFileReference; lastKnownFileType = text.plist.strings; name = ja; path = ja.lproj/Localizable.strings; sourceTree = "<group>"; };
		EDC25C84203BCC9F00C8F38E /* Base */ = {isa = PBXFileReference; lastKnownFileType = text.plist.strings; name = Base; path = Base.lproj/Localizable.strings; sourceTree = "<group>"; };
		EDC72BBF205575090048D310 /* ShortcutPreference.swift */ = {isa = PBXFileReference; lastKnownFileType = sourcecode.swift; path = ShortcutPreference.swift; sourceTree = "<group>"; };
		EDCED8C42005DAD100C514B1 /* monokai-sublime.css */ = {isa = PBXFileReference; fileEncoding = 4; lastKnownFileType = text.css; path = "monokai-sublime.css"; sourceTree = "<group>"; };
		EDD08058202B12210021895A /* NewOrOpenNoteShortcutPreferenceViewController.swift */ = {isa = PBXFileReference; lastKnownFileType = sourcecode.swift; path = NewOrOpenNoteShortcutPreferenceViewController.swift; sourceTree = "<group>"; };
		EDD0A287200CBCB500D5E7BE /* NSPasteboardPasteboardType+Extensions.swift */ = {isa = PBXFileReference; lastKnownFileType = sourcecode.swift; path = "NSPasteboardPasteboardType+Extensions.swift"; sourceTree = "<group>"; };
		EDD0A289200CD49800D5E7BE /* NSPasteboard+Extensions.swift */ = {isa = PBXFileReference; lastKnownFileType = sourcecode.swift; path = "NSPasteboard+Extensions.swift"; sourceTree = "<group>"; };
		EDD0A28B200CD90C00D5E7BE /* Array+Extensions.swift */ = {isa = PBXFileReference; lastKnownFileType = sourcecode.swift; path = "Array+Extensions.swift"; sourceTree = "<group>"; };
		EDD0A298200EF81800D5E7BE /* SavableInUserDefaults.swift */ = {isa = PBXFileReference; lastKnownFileType = sourcecode.swift; path = SavableInUserDefaults.swift; sourceTree = "<group>"; };
		EDD0A2B8200F2B9E00D5E7BE /* WorkspacesViewController.swift */ = {isa = PBXFileReference; lastKnownFileType = sourcecode.swift; path = WorkspacesViewController.swift; sourceTree = "<group>"; };
		EDD4C742202E9AF70029FF4C /* GeneralPreferenceViewController.swift */ = {isa = PBXFileReference; lastKnownFileType = sourcecode.swift; path = GeneralPreferenceViewController.swift; sourceTree = "<group>"; };
		EDD4C746202EB0EB0029FF4C /* NSFont+Extensions.swift */ = {isa = PBXFileReference; lastKnownFileType = sourcecode.swift; path = "NSFont+Extensions.swift"; sourceTree = "<group>"; };
		EDD4C749202EBD470029FF4C /* Base */ = {isa = PBXFileReference; lastKnownFileType = file.storyboard; name = Base; path = Base.lproj/GeneralPreference.storyboard; sourceTree = "<group>"; };
		EDD4C74C202EBD7D0029FF4C /* ja */ = {isa = PBXFileReference; lastKnownFileType = text.plist.strings; name = ja; path = ja.lproj/GeneralPreference.strings; sourceTree = "<group>"; };
		EDD4CA6B203BB331003F8072 /* AnnayPreviewExtension.appex */ = {isa = PBXFileReference; explicitFileType = "wrapper.app-extension"; includeInIndex = 0; path = AnnayPreviewExtension.appex; sourceTree = BUILT_PRODUCTS_DIR; };
		EDD4CA6C203BB331003F8072 /* Quartz.framework */ = {isa = PBXFileReference; lastKnownFileType = wrapper.framework; name = Quartz.framework; path = System/Library/Frameworks/Quartz.framework; sourceTree = SDKROOT; };
		EDD4CA6F203BB331003F8072 /* PreviewViewController.swift */ = {isa = PBXFileReference; lastKnownFileType = sourcecode.swift; path = PreviewViewController.swift; sourceTree = "<group>"; };
		EDD4CA72203BB331003F8072 /* Base */ = {isa = PBXFileReference; lastKnownFileType = file.xib; name = Base; path = Base.lproj/PreviewViewController.xib; sourceTree = "<group>"; };
		EDD4CA74203BB331003F8072 /* Info.plist */ = {isa = PBXFileReference; lastKnownFileType = text.plist.xml; path = Info.plist; sourceTree = "<group>"; };
		EDD4CA75203BB331003F8072 /* MarkDownEditorPreviewExtension.entitlements */ = {isa = PBXFileReference; lastKnownFileType = text.plist.entitlements; path = MarkDownEditorPreviewExtension.entitlements; sourceTree = "<group>"; };
		EDD93C482057881600CA6627 /* StyleSheetFileWatcher.swift */ = {isa = PBXFileReference; lastKnownFileType = sourcecode.swift; path = StyleSheetFileWatcher.swift; sourceTree = "<group>"; };
		EDD93C4A20578ACC00CA6627 /* StyleSheetManager.swift */ = {isa = PBXFileReference; lastKnownFileType = sourcecode.swift; path = StyleSheetManager.swift; sourceTree = "<group>"; };
		EDDE608E203C63B100331A77 /* CSSearchableIndex+Extensions.swift */ = {isa = PBXFileReference; lastKnownFileType = sourcecode.swift; path = "CSSearchableIndex+Extensions.swift"; sourceTree = "<group>"; };
		EDDE6091203C65A500331A77 /* WebView.swift */ = {isa = PBXFileReference; lastKnownFileType = sourcecode.swift; path = WebView.swift; sourceTree = "<group>"; };
		EDDED6FA20050C0B0079F3D0 /* TextView.swift */ = {isa = PBXFileReference; lastKnownFileType = sourcecode.swift; path = TextView.swift; sourceTree = "<group>"; };
		EDDED6FE2005138F0079F3D0 /* NSApplication+Extensions.swift */ = {isa = PBXFileReference; lastKnownFileType = sourcecode.swift; path = "NSApplication+Extensions.swift"; sourceTree = "<group>"; };
		EDEB7A572004EDF000F8C48A /* Annay.app */ = {isa = PBXFileReference; explicitFileType = wrapper.application; includeInIndex = 0; path = Annay.app; sourceTree = BUILT_PRODUCTS_DIR; };
		EDEB7A5A2004EDF000F8C48A /* AppDelegate.swift */ = {isa = PBXFileReference; lastKnownFileType = sourcecode.swift; path = AppDelegate.swift; sourceTree = "<group>"; };
		EDEB7A5E2004EDF000F8C48A /* Assets.xcassets */ = {isa = PBXFileReference; lastKnownFileType = folder.assetcatalog; path = Assets.xcassets; sourceTree = "<group>"; };
		EDEB7A612004EDF000F8C48A /* Base */ = {isa = PBXFileReference; lastKnownFileType = file.storyboard; name = Base; path = Base.lproj/Launch.storyboard; sourceTree = "<group>"; };
		EDEB7A632004EDF000F8C48A /* Info.plist */ = {isa = PBXFileReference; lastKnownFileType = text.plist.xml; path = Info.plist; sourceTree = "<group>"; };
		EDEB7A642004EDF000F8C48A /* MarkDownEditor.entitlements */ = {isa = PBXFileReference; lastKnownFileType = text.plist.entitlements; path = MarkDownEditor.entitlements; sourceTree = "<group>"; };
		EDEB7A6A2004F21800F8C48A /* MarkDownEditorViewController.swift */ = {isa = PBXFileReference; lastKnownFileType = sourcecode.swift; path = MarkDownEditorViewController.swift; sourceTree = "<group>"; };
		EDEDA86C2044F32600260C1E /* Queue.swift */ = {isa = PBXFileReference; lastKnownFileType = sourcecode.swift; path = Queue.swift; sourceTree = "<group>"; };
		EDEDA86E2044F6A700260C1E /* NodeModelExporter.swift */ = {isa = PBXFileReference; lastKnownFileType = sourcecode.swift; path = NodeModelExporter.swift; sourceTree = "<group>"; };
		EDEDA8722045149F00260C1E /* SuperParentViewController.swift */ = {isa = PBXFileReference; lastKnownFileType = sourcecode.swift; path = SuperParentViewController.swift; sourceTree = "<group>"; };
		EDF6A7E6202B082000B85B2C /* PreferenceWindowController.swift */ = {isa = PBXFileReference; lastKnownFileType = sourcecode.swift; path = PreferenceWindowController.swift; sourceTree = "<group>"; };
		EDFAC7F02035A339002BB3C9 /* NSTextStorage+Extensions.swift */ = {isa = PBXFileReference; lastKnownFileType = sourcecode.swift; path = "NSTextStorage+Extensions.swift"; sourceTree = "<group>"; };
		EDFE82C520256BE700702C85 /* FileManager+Extensions.swift */ = {isa = PBXFileReference; lastKnownFileType = sourcecode.swift; path = "FileManager+Extensions.swift"; sourceTree = "<group>"; };
/* End PBXFileReference section */

/* Begin PBXFrameworksBuildPhase section */
		EDAE6A9820809CEE00E7658B /* Frameworks */ = {
			isa = PBXFrameworksBuildPhase;
			buildActionMask = 2147483647;
			files = (
			);
			runOnlyForDeploymentPostprocessing = 0;
		};
		EDD4CA68203BB331003F8072 /* Frameworks */ = {
			isa = PBXFrameworksBuildPhase;
			buildActionMask = 2147483647;
			files = (
				EDD4CA6D203BB331003F8072 /* Quartz.framework in Frameworks */,
			);
			runOnlyForDeploymentPostprocessing = 0;
		};
		EDEB7A542004EDF000F8C48A /* Frameworks */ = {
			isa = PBXFrameworksBuildPhase;
			buildActionMask = 2147483647;
			files = (
				ED2DEB4A206B49E4008E5F1E /* Realm.framework in Frameworks */,
				ED2DEB48206B49E4008E5F1E /* Magnet.framework in Frameworks */,
				ED2DEB52206B49E4008E5F1E /* RxSwift.framework in Frameworks */,
				ED2DEB4C206B49E4008E5F1E /* RealmSwift.framework in Frameworks */,
				ED2DEB54206B49E4008E5F1E /* Yams.framework in Frameworks */,
				ED2DEB4E206B49E4008E5F1E /* RxCocoa.framework in Frameworks */,
				ED2DEB50206B49E4008E5F1E /* RxRealm.framework in Frameworks */,
				ED2DEB46206B49E4008E5F1E /* KeyHolder.framework in Frameworks */,
			);
			runOnlyForDeploymentPostprocessing = 0;
		};
/* End PBXFrameworksBuildPhase section */

/* Begin PBXGroup section */
		ED187FD72005395A002E51C0 /* Common */ = {
			isa = PBXGroup;
			children = (
				EDDED6FA20050C0B0079F3D0 /* TextView.swift */,
				EDDED6FE2005138F0079F3D0 /* NSApplication+Extensions.swift */,
				ED187FD320053206002E51C0 /* WebView.swift */,
				ED434F0220079DBD00C2357D /* LocalizedString.swift */,
				ED2E15A720063E59003D55A3 /* Realm+Extensions.swift */,
				ED841BD22009217F0097996A /* NSEvent+Extensions.swift */,
				ED841BD42009CC0C0097996A /* KeyCode.swift */,
				EDD0A287200CBCB500D5E7BE /* NSPasteboardPasteboardType+Extensions.swift */,
				ED47CC86201ED55A0052D6EF /* MarkDownEditorError.swift */,
				EDD0A289200CD49800D5E7BE /* NSPasteboard+Extensions.swift */,
				EDD0A28B200CD90C00D5E7BE /* Array+Extensions.swift */,
				EDA736D4200E3E6A000BC5DA /* SplitView.swift */,
				ED55C4FC200E50E70070301A /* BackgroundSetableView.swift */,
				EDD0A298200EF81800D5E7BE /* SavableInUserDefaults.swift */,
				EDBFF25B2010868C005F3547 /* String+Extensions.swift */,
				ED59FDAD20132B8B0085D9F5 /* Collection+Extensions.swift */,
				ED840D2A201A2DF400EF2C42 /* URL+Extensions.swift */,
				ED840D2E201C5AB600EF2C42 /* NSView+Extensions.swift */,
				ED4EB9E3201DAADD00B4CBE7 /* NSImage+Extensions.swift */,
				ED4EB9E5201DB71B00B4CBE7 /* Results+Extensions.swift */,
				ED47CC8C201EFBED0052D6EF /* WorkspaceNameFormatter.swift */,
				ED598C38201F03E200072D8A /* NSAlert+Extensions.swift */,
				ED19084A201F6EC0009497EE /* ContainerView.swift */,
				EDFE82C520256BE700702C85 /* FileManager+Extensions.swift */,
				ED9CCA6C2025927600EB2F7C /* DateFormatter+Extensions.swift */,
				ED5569E1202DDC4C00D92A75 /* ResourceManager.swift */,
				EDD4C746202EB0EB0029FF4C /* NSFont+Extensions.swift */,
				EDFAC7F02035A339002BB3C9 /* NSTextStorage+Extensions.swift */,
				EDEDA86C2044F32600260C1E /* Queue.swift */,
				ED8CE489204E69F8002F1A5D /* Variable+Extensions.swift */,
				ED8CE48B204E7291002F1A5D /* CodableFont.swift */,
				ED2DEB5C206B69CC008E5F1E /* Util.swift */,
			);
			path = Common;
			sourceTree = "<group>";
		};
		ED187FD82005396C002E51C0 /* WebPage */ = {
			isa = PBXGroup;
			children = (
				ED2E149E20055B87003D55A3 /* highlight */,
				ED2E159C2005662A003D55A3 /* markdown-it */,
				ED840D2C201A364600EF2C42 /* jquery.min.js */,
				ED2E159A20056621003D55A3 /* markdown.js */,
				ED187FD120052D30002E51C0 /* markdown.html */,
				ED4EB9D1201C803800B4CBE7 /* swiss.css */,
			);
			path = WebPage;
			sourceTree = "<group>";
		};
		ED2E149E20055B87003D55A3 /* highlight */ = {
			isa = PBXGroup;
			children = (
				ED2E149F20055B87003D55A3 /* highlight.pack.js */,
				EDCED8C42005DAD100C514B1 /* monokai-sublime.css */,
			);
			path = highlight;
			sourceTree = "<group>";
		};
		ED2E159C2005662A003D55A3 /* markdown-it */ = {
			isa = PBXGroup;
			children = (
				ED2E149120055548003D55A3 /* markdown-it-task-checkbox.min.js */,
				ED2E149320055563003D55A3 /* markdown-it.min.js */,
				ED2E1495200555A5003D55A3 /* markdown-it-sub.min.js */,
				ED2E1497200555C5003D55A3 /* markdown-it-sup.min.js */,
				ED2E149920055650003D55A3 /* markdown-it-footnote.min.js */,
				ED2E149B2005575A003D55A3 /* markdown-it-emoji.min.js */,
			);
			path = "markdown-it";
			sourceTree = "<group>";
		};
		ED2E15AF200669B8003D55A3 /* Feature */ = {
			isa = PBXGroup;
			children = (
				ED4EB9D3201D61B400B4CBE7 /* OpenQuickly */,
				ED840D20201A2A0E00EF2C42 /* MoveWorkspace */,
				ED47CC81201ECEEF0052D6EF /* CreateOrOpenWorkspace */,
				EDD0A293200ED90E00D5E7BE /* Workspaces */,
				EDA736CF200E2634000BC5DA /* Preference */,
				EDA736CE200E2577000BC5DA /* MarkDownEditor */,
				EDA736CB200E252A000BC5DA /* Sidebar */,
			);
			path = Feature;
			sourceTree = "<group>";
		};
		ED2E15B0200669C8003D55A3 /* Model */ = {
			isa = PBXGroup;
			children = (
				ED2DEB14206B4147008E5F1E /* DirectoryInfo.swift */,
				ED2DEB5A206B4FC5008E5F1E /* NodeInfo.swift */,
				ED2DEB13206B4147008E5F1E /* NodeModel.swift */,
				ED2DEB15206B4148008E5F1E /* WorkspaceModel.swift */,
				EDEDA86E2044F6A700260C1E /* NodeModelExporter.swift */,
				ED598C56201F20D500072D8A /* WorkspaceDirectoryWatcher.swift */,
				ED598C58201F21BC00072D8A /* WorkspaceDirectoryWatcherManager.swift */,
				ED2DEB5E206B7DE1008E5F1E /* NodeModel+NSFilePromiseProviderDelegate.swift */,
				ED2DEB60206B7FC9008E5F1E /* NodeModel+NSPasteboardWriting.swift */,
			);
			path = Model;
			sourceTree = "<group>";
		};
		ED432030205756160042078C /* StyleSheet */ = {
			isa = PBXGroup;
			children = (
				ED432031205756280042078C /* StyleSheet.swift */,
				EDD93C482057881600CA6627 /* StyleSheetFileWatcher.swift */,
				EDD93C4A20578ACC00CA6627 /* StyleSheetManager.swift */,
			);
			path = StyleSheet;
			sourceTree = "<group>";
		};
		ED47CC81201ECEEF0052D6EF /* CreateOrOpenWorkspace */ = {
			isa = PBXGroup;
			children = (
				ED9EEEDF201F62BC00C96CC1 /* OpenWorkspace */,
				ED55C50920130B180070301A /* CreateWorkspace */,
				ED574004202D950E00D844A3 /* CreateOrOpenWorkspace.storyboard */,
				ED47CC84201ECF780052D6EF /* CreateOrOpenWorkspaceTabViewController.swift */,
			);
			path = CreateOrOpenWorkspace;
			sourceTree = "<group>";
		};
		ED4EB9D3201D61B400B4CBE7 /* OpenQuickly */ = {
			isa = PBXGroup;
			children = (
				ED4EB9D6201D61E200B4CBE7 /* OpenQuickly.storyboard */,
				ED4EB9DA201D650D00B4CBE7 /* OpenQuicklyWindowController.swift */,
				ED4EB9DF201DA76000B4CBE7 /* OpenQuicklyTextField.swift */,
				ED4EB9E1201DAA1700B4CBE7 /* OpenQuicklyViewController.swift */,
				ED099FFE201DBB86006F91E4 /* OpenQuicklyNodeTableCellView.swift */,
				ED157E28224371B000A56E19 /* OpenQuicklyNodeTableRowView.swift */,
			);
			path = OpenQuickly;
			sourceTree = "<group>";
		};
		ED55C50920130B180070301A /* CreateWorkspace */ = {
			isa = PBXGroup;
			children = (
				ED55C50E201312570070301A /* CreateWorkspace.storyboard */,
				ED55C5112013146F0070301A /* CreateWorkspaceViewController.swift */,
			);
			path = CreateWorkspace;
			sourceTree = "<group>";
		};
		ED55C62C203BB50400827140 /* Shared */ = {
			isa = PBXGroup;
			children = (
				ED55C62D203BB51900827140 /* HtmlDataStore.swift */,
				EDDE608E203C63B100331A77 /* CSSearchableIndex+Extensions.swift */,
			);
			path = Shared;
			sourceTree = "<group>";
		};
		ED55CD6E207F63B0000AB810 /* Workspace */ = {
			isa = PBXGroup;
			children = (
				ED55CD7520808366000AB810 /* WorkspacePreference.storyboard */,
				ED55CD71207F6930000AB810 /* WorkspacePreferenceViewController.swift */,
			);
			path = Workspace;
			sourceTree = "<group>";
		};
		ED840D20201A2A0E00EF2C42 /* MoveWorkspace */ = {
			isa = PBXGroup;
			children = (
				ED840D25201A2A7700EF2C42 /* MoveWorkspace.storyboard */,
				ED840D28201A2AC000EF2C42 /* MoveWorkspaceViewController.swift */,
			);
			path = MoveWorkspace;
			sourceTree = "<group>";
		};
		ED86DCCB2029ED550096AB38 /* Shortcut */ = {
			isa = PBXGroup;
			children = (
				ED574009202D955E00D844A3 /* ShortcutPreference.storyboard */,
				ED574000202C3F9100D844A3 /* ShortcutPreferenceViewController.swift */,
				EDC72BBF205575090048D310 /* ShortcutPreference.swift */,
				ED431FFF20562B460042078C /* ShortcutPreferenceNodeParameters.swift */,
				ED431FFB205628A30042078C /* CodableNode.swift */,
				ED9703FF202C2FDF004B4367 /* NewOrOpenNote */,
			);
			path = Shortcut;
			sourceTree = "<group>";
		};
		ED9703FF202C2FDF004B4367 /* NewOrOpenNote */ = {
			isa = PBXGroup;
			children = (
				ED574012202D97C100D844A3 /* NewOrOpenNoteShortcutPreference.storyboard */,
				EDD08058202B12210021895A /* NewOrOpenNoteShortcutPreferenceViewController.swift */,
			);
			path = NewOrOpenNote;
			sourceTree = "<group>";
		};
		ED9EEEDF201F62BC00C96CC1 /* OpenWorkspace */ = {
			isa = PBXGroup;
			children = (
				ED9EEEE4201F639B00C96CC1 /* OpenWorkspace.storyboard */,
				ED9EEEE7201F63E200C96CC1 /* OpenWorkspaceViewController.swift */,
			);
			path = OpenWorkspace;
			sourceTree = "<group>";
		};
		EDA736CB200E252A000BC5DA /* Sidebar */ = {
			isa = PBXGroup;
			children = (
				EDA736C8200E24F8000BC5DA /* Sidebar.storyboard */,
				ED2E15A920064A0E003D55A3 /* SidebarViewController.swift */,
				ED841BD02008EC2B0097996A /* NodeTableCellView.swift */,
				ED83F7112036A1C20038D96B /* SidebarOutlineView.swift */,
			);
			path = Sidebar;
			sourceTree = "<group>";
		};
		EDA736CE200E2577000BC5DA /* MarkDownEditor */ = {
			isa = PBXGroup;
			children = (
				EDA736CC200E256D000BC5DA /* MarkDownEditor.storyboard */,
				EDEB7A6A2004F21800F8C48A /* MarkDownEditorViewController.swift */,
			);
			name = MarkDownEditor;
			path = "New Group";
			sourceTree = "<group>";
		};
		EDA736CF200E2634000BC5DA /* Preference */ = {
			isa = PBXGroup;
			children = (
				EDD4C73F202E98DE0029FF4C /* General */,
				ED86DCCB2029ED550096AB38 /* Shortcut */,
				ED55CD6E207F63B0000AB810 /* Workspace */,
				ED55C500200E56F10070301A /* Preference.storyboard */,
				EDF6A7E6202B082000B85B2C /* PreferenceWindowController.swift */,
				ED57400E202D975800D844A3 /* PreferenceTabViewController.swift */,
				ED710037204E16E90030CDFB /* PreferenceManager.swift */,
				ED8CE48F204E7798002F1A5D /* Preference.swift */,
			);
			path = Preference;
			sourceTree = "<group>";
		};
		EDAE6A9C20809CEE00E7658B /* MarkDownEditor-iOS */ = {
			isa = PBXGroup;
			children = (
				EDAE6A9D20809CEE00E7658B /* AppDelegate.swift */,
				EDAE6A9F20809CEE00E7658B /* ViewController.swift */,
				EDAE6AA120809CEE00E7658B /* Main.storyboard */,
				EDAE6AA420809CEF00E7658B /* Assets.xcassets */,
				EDAE6AA620809CEF00E7658B /* LaunchScreen.storyboard */,
				EDAE6AA920809CEF00E7658B /* Info.plist */,
			);
			path = "MarkDownEditor-iOS";
			sourceTree = "<group>";
		};
		EDB601472022C05800EDF59C /* Application */ = {
			isa = PBXGroup;
			children = (
				ED5E97A12084F2DD00C71ED5 /* dirIcon.icns */,
				ED5E97A02084F2DD00C71ED5 /* fileIcon.icns */,
				ED57401B202D9D3200D844A3 /* Main.storyboard */,
				EDEB7A602004EDF000F8C48A /* Launch.storyboard */,
				EDEB7A5A2004EDF000F8C48A /* AppDelegate.swift */,
				EDB601482022C06A00EDF59C /* Application.swift */,
				EDEDA8722045149F00260C1E /* SuperParentViewController.swift */,
				ED9CCA722026189B00EB2F7C /* BeforeOfAllWindowController.swift */,
				ED4EB331207C3F5E00CFEBEB /* MainWindow.swift */,
			);
			path = Application;
			sourceTree = "<group>";
		};
		EDC25C81203BCC9F00C8F38E /* Support */ = {
			isa = PBXGroup;
			children = (
				EDC25C82203BCC9F00C8F38E /* Localizable.strings */,
			);
			path = Support;
			sourceTree = "<group>";
		};
		EDD0A293200ED90E00D5E7BE /* Workspaces */ = {
			isa = PBXGroup;
			children = (
				ED83F7172036EB350038D96B /* Workspaces.storyboard */,
				EDD0A2B8200F2B9E00D5E7BE /* WorkspacesViewController.swift */,
				EDBFF25520106EA5005F3547 /* WorkspacesTableCellView.swift */,
				ED59FDAF201330BC0085D9F5 /* WorkspacesTableRowView.swift */,
				ED840D1E201A217300EF2C42 /* WorkspacesTableView.swift */,
			);
			path = Workspaces;
			sourceTree = "<group>";
		};
		EDD4C73F202E98DE0029FF4C /* General */ = {
			isa = PBXGroup;
			children = (
				ED432030205756160042078C /* StyleSheet */,
				EDD4C74A202EBD470029FF4C /* GeneralPreference.storyboard */,
				EDD4C742202E9AF70029FF4C /* GeneralPreferenceViewController.swift */,
				ED8CE48D204E7773002F1A5D /* GeneralPreference.swift */,
			);
			path = General;
			sourceTree = "<group>";
		};
		EDD4CA6E203BB331003F8072 /* MarkDownEditorPreviewExtension */ = {
			isa = PBXGroup;
			children = (
				EDD4CA6F203BB331003F8072 /* PreviewViewController.swift */,
				EDD4CA71203BB331003F8072 /* PreviewViewController.xib */,
				EDD4CA74203BB331003F8072 /* Info.plist */,
				EDD4CA75203BB331003F8072 /* MarkDownEditorPreviewExtension.entitlements */,
				EDDE6091203C65A500331A77 /* WebView.swift */,
			);
			path = MarkDownEditorPreviewExtension;
			sourceTree = "<group>";
		};
		EDDED73A20051B880079F3D0 /* Frameworks */ = {
			isa = PBXGroup;
			children = (
				EDFE82AF20256AD900702C85 /* Carthage */,
				EDD4CA6C203BB331003F8072 /* Quartz.framework */,
			);
			name = Frameworks;
			sourceTree = "<group>";
		};
		EDEB7A4E2004EDF000F8C48A = {
			isa = PBXGroup;
			children = (
				ED55C62C203BB50400827140 /* Shared */,
				EDEB7A592004EDF000F8C48A /* MarkDownEditor */,
				EDD4CA6E203BB331003F8072 /* MarkDownEditorPreviewExtension */,
				EDAE6A9C20809CEE00E7658B /* MarkDownEditor-iOS */,
				EDEB7A582004EDF000F8C48A /* Products */,
				EDDED73A20051B880079F3D0 /* Frameworks */,
			);
			sourceTree = "<group>";
		};
		EDEB7A582004EDF000F8C48A /* Products */ = {
			isa = PBXGroup;
			children = (
				EDEB7A572004EDF000F8C48A /* Annay.app */,
				EDD4CA6B203BB331003F8072 /* AnnayPreviewExtension.appex */,
				EDAE6A9B20809CEE00E7658B /* Annay.app */,
			);
			name = Products;
			sourceTree = "<group>";
		};
		EDEB7A592004EDF000F8C48A /* MarkDownEditor */ = {
			isa = PBXGroup;
			children = (
				EDC25C81203BCC9F00C8F38E /* Support */,
				ED187FD82005396C002E51C0 /* WebPage */,
				ED187FD72005395A002E51C0 /* Common */,
				ED2E15AF200669B8003D55A3 /* Feature */,
				ED2E15B0200669C8003D55A3 /* Model */,
				EDB601472022C05800EDF59C /* Application */,
				EDEB7A5E2004EDF000F8C48A /* Assets.xcassets */,
				EDEB7A632004EDF000F8C48A /* Info.plist */,
				EDEB7A642004EDF000F8C48A /* MarkDownEditor.entitlements */,
			);
			path = MarkDownEditor;
			sourceTree = "<group>";
		};
		EDFE82AF20256AD900702C85 /* Carthage */ = {
			isa = PBXGroup;
			children = (
				ED2DEB3C206B49D8008E5F1E /* KeyHolder.framework */,
				ED2DEB36206B49D8008E5F1E /* Magnet.framework */,
				ED2DEB38206B49D8008E5F1E /* Realm.framework */,
				ED2DEB3A206B49D8008E5F1E /* RealmSwift.framework */,
				ED2DEB34206B49D7008E5F1E /* RxCocoa.framework */,
				ED2DEB37206B49D8008E5F1E /* RxRealm.framework */,
				ED2DEB39206B49D8008E5F1E /* RxSwift.framework */,
				ED2DEB35206B49D7008E5F1E /* Yams.framework */,
			);
			name = Carthage;
			sourceTree = "<group>";
		};
/* End PBXGroup section */

/* Begin PBXNativeTarget section */
		EDAE6A9A20809CEE00E7658B /* Annay-iOS */ = {
			isa = PBXNativeTarget;
			buildConfigurationList = EDAE6AAC20809CEF00E7658B /* Build configuration list for PBXNativeTarget "Annay-iOS" */;
			buildPhases = (
				EDAE6A9720809CEE00E7658B /* Sources */,
				EDAE6A9820809CEE00E7658B /* Frameworks */,
				EDAE6A9920809CEE00E7658B /* Resources */,
			);
			buildRules = (
			);
			dependencies = (
			);
			name = "Annay-iOS";
			productName = "MarkDownEditor-iOS";
			productReference = EDAE6A9B20809CEE00E7658B /* Annay.app */;
			productType = "com.apple.product-type.application";
		};
		EDD4CA6A203BB331003F8072 /* AnnayPreviewExtension */ = {
			isa = PBXNativeTarget;
			buildConfigurationList = EDD4CA7B203BB331003F8072 /* Build configuration list for PBXNativeTarget "AnnayPreviewExtension" */;
			buildPhases = (
				EDD4CA67203BB331003F8072 /* Sources */,
				EDD4CA68203BB331003F8072 /* Frameworks */,
				EDD4CA69203BB331003F8072 /* Resources */,
			);
			buildRules = (
			);
			dependencies = (
			);
			name = AnnayPreviewExtension;
			productName = MarkDownEditorPreviewExtension;
			productReference = EDD4CA6B203BB331003F8072 /* AnnayPreviewExtension.appex */;
			productType = "com.apple.product-type.app-extension";
		};
		EDEB7A562004EDF000F8C48A /* Annay */ = {
			isa = PBXNativeTarget;
			buildConfigurationList = EDEB7A672004EDF000F8C48A /* Build configuration list for PBXNativeTarget "Annay" */;
			buildPhases = (
				EDEB7A532004EDF000F8C48A /* Sources */,
				EDEB7A542004EDF000F8C48A /* Frameworks */,
				EDEB7A552004EDF000F8C48A /* Resources */,
				EDDED73D20051BC10079F3D0 /* Embed Libraries */,
				EDD4CA7C203BB331003F8072 /* Embed App Extensions */,
			);
			buildRules = (
			);
			dependencies = (
				EDD4CA77203BB331003F8072 /* PBXTargetDependency */,
			);
			name = Annay;
			productName = MarkDownEditor;
			productReference = EDEB7A572004EDF000F8C48A /* Annay.app */;
			productType = "com.apple.product-type.application";
		};
/* End PBXNativeTarget section */

/* Begin PBXProject section */
		EDEB7A4F2004EDF000F8C48A /* Project object */ = {
			isa = PBXProject;
			attributes = {
				LastSwiftUpdateCheck = 0930;
				LastUpgradeCheck = 0930;
				ORGANIZATIONNAME = "Koji Murata";
				TargetAttributes = {
					EDAE6A9A20809CEE00E7658B = {
						CreatedOnToolsVersion = 9.3;
						ProvisioningStyle = Manual;
					};
					EDD4CA6A203BB331003F8072 = {
						CreatedOnToolsVersion = 9.2;
						ProvisioningStyle = Manual;
						SystemCapabilities = {
							com.apple.ApplicationGroups.Mac = {
								enabled = 1;
							};
							com.apple.Sandbox = {
								enabled = 1;
							};
						};
					};
					EDEB7A562004EDF000F8C48A = {
						CreatedOnToolsVersion = 9.0;
						LastSwiftMigration = 0900;
						ProvisioningStyle = Manual;
						SystemCapabilities = {
							com.apple.ApplicationGroups.Mac = {
								enabled = 1;
							};
							com.apple.Sandbox = {
								enabled = 0;
							};
						};
					};
				};
			};
			buildConfigurationList = EDEB7A522004EDF000F8C48A /* Build configuration list for PBXProject "MarkDownEditor" */;
			compatibilityVersion = "Xcode 8.0";
			developmentRegion = en;
			hasScannedForEncodings = 0;
			knownRegions = (
				en,
				Base,
				ja,
			);
			mainGroup = EDEB7A4E2004EDF000F8C48A;
			productRefGroup = EDEB7A582004EDF000F8C48A /* Products */;
			projectDirPath = "";
			projectRoot = "";
			targets = (
				EDEB7A562004EDF000F8C48A /* Annay */,
				EDD4CA6A203BB331003F8072 /* AnnayPreviewExtension */,
				EDAE6A9A20809CEE00E7658B /* Annay-iOS */,
			);
		};
/* End PBXProject section */

/* Begin PBXResourcesBuildPhase section */
		EDAE6A9920809CEE00E7658B /* Resources */ = {
			isa = PBXResourcesBuildPhase;
			buildActionMask = 2147483647;
			files = (
				EDAE6AA820809CEF00E7658B /* LaunchScreen.storyboard in Resources */,
				EDAE6AA520809CEF00E7658B /* Assets.xcassets in Resources */,
				EDAE6AA320809CEE00E7658B /* Main.storyboard in Resources */,
			);
			runOnlyForDeploymentPostprocessing = 0;
		};
		EDD4CA69203BB331003F8072 /* Resources */ = {
			isa = PBXResourcesBuildPhase;
			buildActionMask = 2147483647;
			files = (
				EDD4CA73203BB331003F8072 /* PreviewViewController.xib in Resources */,
			);
			runOnlyForDeploymentPostprocessing = 0;
		};
		EDEB7A552004EDF000F8C48A /* Resources */ = {
			isa = PBXResourcesBuildPhase;
			buildActionMask = 2147483647;
			files = (
				ED2E149A20055650003D55A3 /* markdown-it-footnote.min.js in Resources */,
				EDD4C748202EBD470029FF4C /* GeneralPreference.storyboard in Resources */,
				ED2E149220055548003D55A3 /* markdown-it-task-checkbox.min.js in Resources */,
				ED55CD7320808366000AB810 /* WorkspacePreference.storyboard in Resources */,
				ED55C4FE200E56F10070301A /* Preference.storyboard in Resources */,
				EDEA58E320442B1B00B1CA66 /* markdown.js in Resources */,
				EDA736CA200E24F8000BC5DA /* Sidebar.storyboard in Resources */,
				EDEB7A5F2004EDF000F8C48A /* Assets.xcassets in Resources */,
				ED83F7152036EB350038D96B /* Workspaces.storyboard in Resources */,
				ED574019202D9D3200D844A3 /* Main.storyboard in Resources */,
				EDEB7A622004EDF000F8C48A /* Launch.storyboard in Resources */,
				ED55C50C201312570070301A /* CreateWorkspace.storyboard in Resources */,
				ED2E149C2005575A003D55A3 /* markdown-it-emoji.min.js in Resources */,
				EDEA58E220442B1700B1CA66 /* markdown.html in Resources */,
				ED2E1496200555A5003D55A3 /* markdown-it-sub.min.js in Resources */,
				ED5E97A32084F2DD00C71ED5 /* dirIcon.icns in Resources */,
				EDA736CD200E256D000BC5DA /* MarkDownEditor.storyboard in Resources */,
				ED9EEEE2201F639B00C96CC1 /* OpenWorkspace.storyboard in Resources */,
				EDCED8C52005DAD100C514B1 /* monokai-sublime.css in Resources */,
				ED2E149420055563003D55A3 /* markdown-it.min.js in Resources */,
				ED4EB9D2201C814100B4CBE7 /* swiss.css in Resources */,
				ED574002202D950E00D844A3 /* CreateOrOpenWorkspace.storyboard in Resources */,
				ED574007202D955E00D844A3 /* ShortcutPreference.storyboard in Resources */,
				ED4EB9D7201D61E200B4CBE7 /* OpenQuickly.storyboard in Resources */,
				ED840D23201A2A7700EF2C42 /* MoveWorkspace.storyboard in Resources */,
				ED2E1498200555C6003D55A3 /* markdown-it-sup.min.js in Resources */,
				ED840D2D201A364600EF2C42 /* jquery.min.js in Resources */,
				EDC25C85203BCC9F00C8F38E /* Localizable.strings in Resources */,
				ED574010202D97C100D844A3 /* NewOrOpenNoteShortcutPreference.storyboard in Resources */,
				ED2E14F3200560B8003D55A3 /* highlight.pack.js in Resources */,
				ED5E97A22084F2DD00C71ED5 /* fileIcon.icns in Resources */,
			);
			runOnlyForDeploymentPostprocessing = 0;
		};
/* End PBXResourcesBuildPhase section */

/* Begin PBXSourcesBuildPhase section */
		EDAE6A9720809CEE00E7658B /* Sources */ = {
			isa = PBXSourcesBuildPhase;
			buildActionMask = 2147483647;
			files = (
				EDAE6AA020809CEE00E7658B /* ViewController.swift in Sources */,
				EDAE6A9E20809CEE00E7658B /* AppDelegate.swift in Sources */,
			);
			runOnlyForDeploymentPostprocessing = 0;
		};
		EDD4CA67203BB331003F8072 /* Sources */ = {
			isa = PBXSourcesBuildPhase;
			buildActionMask = 2147483647;
			files = (
				EDDE6090203C63B100331A77 /* CSSearchableIndex+Extensions.swift in Sources */,
				EDDE6093203C65A500331A77 /* WebView.swift in Sources */,
				ED55C62F203BB51900827140 /* HtmlDataStore.swift in Sources */,
				EDD4CA70203BB331003F8072 /* PreviewViewController.swift in Sources */,
			);
			runOnlyForDeploymentPostprocessing = 0;
		};
		EDEB7A532004EDF000F8C48A /* Sources */ = {
			isa = PBXSourcesBuildPhase;
			buildActionMask = 2147483647;
			files = (
				EDD0A2B9200F2B9E00D5E7BE /* WorkspacesViewController.swift in Sources */,
				ED47CC85201ECF780052D6EF /* CreateOrOpenWorkspaceTabViewController.swift in Sources */,
				EDDED6FB20050C0B0079F3D0 /* TextView.swift in Sources */,
				ED157E29224371B000A56E19 /* OpenQuicklyNodeTableRowView.swift in Sources */,
				ED57400F202D975800D844A3 /* PreferenceTabViewController.swift in Sources */,
				ED47CC87201ED55A0052D6EF /* MarkDownEditorError.swift in Sources */,
				EDD0A28C200CD90C00D5E7BE /* Array+Extensions.swift in Sources */,
				EDC72BC0205575090048D310 /* ShortcutPreference.swift in Sources */,
				EDEDA8732045149F00260C1E /* SuperParentViewController.swift in Sources */,
				ED8CE48E204E7773002F1A5D /* GeneralPreference.swift in Sources */,
				ED840D29201A2AC000EF2C42 /* MoveWorkspaceViewController.swift in Sources */,
				EDD0A28A200CD49800D5E7BE /* NSPasteboard+Extensions.swift in Sources */,
				ED59FDAE20132B8B0085D9F5 /* Collection+Extensions.swift in Sources */,
				EDBFF25620106EA5005F3547 /* WorkspacesTableCellView.swift in Sources */,
				ED2DEB18206B4148008E5F1E /* WorkspaceModel.swift in Sources */,
				ED8CE490204E7798002F1A5D /* Preference.swift in Sources */,
				ED2DEB5D206B69CC008E5F1E /* Util.swift in Sources */,
				ED2DEB5B206B4FC5008E5F1E /* NodeInfo.swift in Sources */,
				ED47CC8D201EFBED0052D6EF /* WorkspaceNameFormatter.swift in Sources */,
				ED598C57201F20D500072D8A /* WorkspaceDirectoryWatcher.swift in Sources */,
				ED574001202C3F9100D844A3 /* ShortcutPreferenceViewController.swift in Sources */,
				ED2E15A820063E59003D55A3 /* Realm+Extensions.swift in Sources */,
				ED43200020562B460042078C /* ShortcutPreferenceNodeParameters.swift in Sources */,
				EDDED6FF2005138F0079F3D0 /* NSApplication+Extensions.swift in Sources */,
				ED2DEB61206B7FC9008E5F1E /* NodeModel+NSPasteboardWriting.swift in Sources */,
				ED598C59201F21BC00072D8A /* WorkspaceDirectoryWatcherManager.swift in Sources */,
				ED099FFF201DBB86006F91E4 /* OpenQuicklyNodeTableCellView.swift in Sources */,
				ED55C5132013146F0070301A /* CreateWorkspaceViewController.swift in Sources */,
				EDD93C4B20578ACC00CA6627 /* StyleSheetManager.swift in Sources */,
				EDBFF25C2010868C005F3547 /* String+Extensions.swift in Sources */,
				EDEB7A5B2004EDF000F8C48A /* AppDelegate.swift in Sources */,
				ED19084B201F6EC0009497EE /* ContainerView.swift in Sources */,
				ED2DEB5F206B7DE1008E5F1E /* NodeModel+NSFilePromiseProviderDelegate.swift in Sources */,
				ED841BD52009CC0C0097996A /* KeyCode.swift in Sources */,
				ED2E15AA20064A0E003D55A3 /* SidebarViewController.swift in Sources */,
				ED55CD72207F6930000AB810 /* WorkspacePreferenceViewController.swift in Sources */,
				ED187FD420053206002E51C0 /* WebView.swift in Sources */,
				ED431FFC205628A30042078C /* CodableNode.swift in Sources */,
				EDD4C747202EB0EB0029FF4C /* NSFont+Extensions.swift in Sources */,
				ED4EB9E4201DAADD00B4CBE7 /* NSImage+Extensions.swift in Sources */,
				EDFAC7F12035A339002BB3C9 /* NSTextStorage+Extensions.swift in Sources */,
				ED840D2F201C5AB600EF2C42 /* NSView+Extensions.swift in Sources */,
				EDEDA86D2044F32600260C1E /* Queue.swift in Sources */,
				ED5569E2202DDC4C00D92A75 /* ResourceManager.swift in Sources */,
				EDFE82C620256BE700702C85 /* FileManager+Extensions.swift in Sources */,
				ED9CCA6D2025927600EB2F7C /* DateFormatter+Extensions.swift in Sources */,
				ED4EB9E2201DAA1700B4CBE7 /* OpenQuicklyViewController.swift in Sources */,
				ED598C39201F03E200072D8A /* NSAlert+Extensions.swift in Sources */,
				ED83F7122036A1C20038D96B /* SidebarOutlineView.swift in Sources */,
				ED840D2B201A2DF400EF2C42 /* URL+Extensions.swift in Sources */,
				EDEB7A6B2004F21800F8C48A /* MarkDownEditorViewController.swift in Sources */,
				ED2DEB16206B4148008E5F1E /* NodeModel.swift in Sources */,
				EDD4C743202E9AF70029FF4C /* GeneralPreferenceViewController.swift in Sources */,
				EDF6A7E7202B082000B85B2C /* PreferenceWindowController.swift in Sources */,
				ED434F0320079DBD00C2357D /* LocalizedString.swift in Sources */,
				EDB601492022C06A00EDF59C /* Application.swift in Sources */,
				EDD0805A202B12210021895A /* NewOrOpenNoteShortcutPreferenceViewController.swift in Sources */,
				ED55C62E203BB51900827140 /* HtmlDataStore.swift in Sources */,
				EDA736D5200E3E6A000BC5DA /* SplitView.swift in Sources */,
				ED8CE48C204E7291002F1A5D /* CodableFont.swift in Sources */,
				ED4EB9DB201D650D00B4CBE7 /* OpenQuicklyWindowController.swift in Sources */,
				ED432032205756280042078C /* StyleSheet.swift in Sources */,
				ED840D1F201A217300EF2C42 /* WorkspacesTableView.swift in Sources */,
				ED9EEEE8201F63E200C96CC1 /* OpenWorkspaceViewController.swift in Sources */,
				EDDE608F203C63B100331A77 /* CSSearchableIndex+Extensions.swift in Sources */,
				EDD93C492057881600CA6627 /* StyleSheetFileWatcher.swift in Sources */,
				ED4EB9E6201DB71B00B4CBE7 /* Results+Extensions.swift in Sources */,
				ED8CE48A204E69F8002F1A5D /* Variable+Extensions.swift in Sources */,
				ED4EB332207C3F5E00CFEBEB /* MainWindow.swift in Sources */,
				ED710038204E16E90030CDFB /* PreferenceManager.swift in Sources */,
				ED841BD12008EC2B0097996A /* NodeTableCellView.swift in Sources */,
				ED4EB9E0201DA76000B4CBE7 /* OpenQuicklyTextField.swift in Sources */,
				EDD0A299200EF81800D5E7BE /* SavableInUserDefaults.swift in Sources */,
				ED59FDB0201330BC0085D9F5 /* WorkspacesTableRowView.swift in Sources */,
				ED55C4FD200E50E70070301A /* BackgroundSetableView.swift in Sources */,
				ED2DEB17206B4148008E5F1E /* DirectoryInfo.swift in Sources */,
				EDD0A288200CBCB500D5E7BE /* NSPasteboardPasteboardType+Extensions.swift in Sources */,
				ED841BD32009217F0097996A /* NSEvent+Extensions.swift in Sources */,
				EDEDA86F2044F6A700260C1E /* NodeModelExporter.swift in Sources */,
				ED9CCA732026189B00EB2F7C /* BeforeOfAllWindowController.swift in Sources */,
			);
			runOnlyForDeploymentPostprocessing = 0;
		};
/* End PBXSourcesBuildPhase section */

/* Begin PBXTargetDependency section */
		EDD4CA77203BB331003F8072 /* PBXTargetDependency */ = {
			isa = PBXTargetDependency;
			target = EDD4CA6A203BB331003F8072 /* AnnayPreviewExtension */;
			targetProxy = EDD4CA76203BB331003F8072 /* PBXContainerItemProxy */;
		};
/* End PBXTargetDependency section */

/* Begin PBXVariantGroup section */
		ED55C500200E56F10070301A /* Preference.storyboard */ = {
			isa = PBXVariantGroup;
			children = (
				ED55C4FF200E56F10070301A /* Base */,
				ED57400D202D95B600D844A3 /* ja */,
			);
			name = Preference.storyboard;
			sourceTree = "<group>";
		};
		ED55C50E201312570070301A /* CreateWorkspace.storyboard */ = {
			isa = PBXVariantGroup;
			children = (
				ED55C50D201312570070301A /* Base */,
				ED55C5102013125A0070301A /* ja */,
			);
			name = CreateWorkspace.storyboard;
			sourceTree = "<group>";
		};
		ED55CD7520808366000AB810 /* WorkspacePreference.storyboard */ = {
			isa = PBXVariantGroup;
			children = (
				ED55CD7420808366000AB810 /* Base */,
				ED55CD77208083EC000AB810 /* ja */,
			);
			name = WorkspacePreference.storyboard;
			sourceTree = "<group>";
		};
		ED574004202D950E00D844A3 /* CreateOrOpenWorkspace.storyboard */ = {
			isa = PBXVariantGroup;
			children = (
				ED574003202D950E00D844A3 /* Base */,
				ED574006202D950F00D844A3 /* ja */,
			);
			name = CreateOrOpenWorkspace.storyboard;
			sourceTree = "<group>";
		};
		ED574009202D955E00D844A3 /* ShortcutPreference.storyboard */ = {
			isa = PBXVariantGroup;
			children = (
				ED574008202D955E00D844A3 /* Base */,
				ED57400B202D956000D844A3 /* ja */,
			);
			name = ShortcutPreference.storyboard;
			sourceTree = "<group>";
		};
		ED574012202D97C100D844A3 /* NewOrOpenNoteShortcutPreference.storyboard */ = {
			isa = PBXVariantGroup;
			children = (
				ED574011202D97C100D844A3 /* Base */,
				ED574014202D97C300D844A3 /* ja */,
			);
			name = NewOrOpenNoteShortcutPreference.storyboard;
			sourceTree = "<group>";
		};
		ED57401B202D9D3200D844A3 /* Main.storyboard */ = {
			isa = PBXVariantGroup;
			children = (
				ED57401A202D9D3200D844A3 /* Base */,
				ED57401D202D9D3400D844A3 /* ja */,
			);
			name = Main.storyboard;
			sourceTree = "<group>";
		};
		ED83F7172036EB350038D96B /* Workspaces.storyboard */ = {
			isa = PBXVariantGroup;
			children = (
				ED83F7162036EB350038D96B /* Base */,
				ED83F7192036EB380038D96B /* ja */,
			);
			name = Workspaces.storyboard;
			sourceTree = "<group>";
		};
		ED840D25201A2A7700EF2C42 /* MoveWorkspace.storyboard */ = {
			isa = PBXVariantGroup;
			children = (
				ED840D24201A2A7700EF2C42 /* Base */,
				ED840D27201A2A7900EF2C42 /* ja */,
			);
			name = MoveWorkspace.storyboard;
			sourceTree = "<group>";
		};
		ED9EEEE4201F639B00C96CC1 /* OpenWorkspace.storyboard */ = {
			isa = PBXVariantGroup;
			children = (
				ED9EEEE3201F639B00C96CC1 /* Base */,
				ED9EEEE6201F639D00C96CC1 /* ja */,
			);
			name = OpenWorkspace.storyboard;
			sourceTree = "<group>";
		};
		EDA736C8200E24F8000BC5DA /* Sidebar.storyboard */ = {
			isa = PBXVariantGroup;
			children = (
				EDA736C9200E24F8000BC5DA /* Base */,
				ED83F7142036E7290038D96B /* ja */,
			);
			name = Sidebar.storyboard;
			sourceTree = "<group>";
		};
		EDAE6AA120809CEE00E7658B /* Main.storyboard */ = {
			isa = PBXVariantGroup;
			children = (
				EDAE6AA220809CEE00E7658B /* Base */,
			);
			name = Main.storyboard;
			sourceTree = "<group>";
		};
		EDAE6AA620809CEF00E7658B /* LaunchScreen.storyboard */ = {
			isa = PBXVariantGroup;
			children = (
				EDAE6AA720809CEF00E7658B /* Base */,
			);
			name = LaunchScreen.storyboard;
			sourceTree = "<group>";
		};
		EDC25C82203BCC9F00C8F38E /* Localizable.strings */ = {
			isa = PBXVariantGroup;
			children = (
				EDC25C83203BCC9F00C8F38E /* ja */,
				EDC25C84203BCC9F00C8F38E /* Base */,
			);
			name = Localizable.strings;
			sourceTree = "<group>";
		};
		EDD4C74A202EBD470029FF4C /* GeneralPreference.storyboard */ = {
			isa = PBXVariantGroup;
			children = (
				EDD4C749202EBD470029FF4C /* Base */,
				EDD4C74C202EBD7D0029FF4C /* ja */,
			);
			name = GeneralPreference.storyboard;
			sourceTree = "<group>";
		};
		EDD4CA71203BB331003F8072 /* PreviewViewController.xib */ = {
			isa = PBXVariantGroup;
			children = (
				EDD4CA72203BB331003F8072 /* Base */,
				EDC25C7F203BCC3C00C8F38E /* ja */,
			);
			name = PreviewViewController.xib;
			sourceTree = "<group>";
		};
		EDEB7A602004EDF000F8C48A /* Launch.storyboard */ = {
			isa = PBXVariantGroup;
			children = (
				EDEB7A612004EDF000F8C48A /* Base */,
				ED574018202D99AA00D844A3 /* ja */,
			);
			name = Launch.storyboard;
			sourceTree = "<group>";
		};
/* End PBXVariantGroup section */

/* Begin XCBuildConfiguration section */
		EDAE6AAA20809CEF00E7658B /* Debug */ = {
			isa = XCBuildConfiguration;
			buildSettings = {
				ASSETCATALOG_COMPILER_APPICON_NAME = AppIcon;
				CLANG_ENABLE_OBJC_WEAK = YES;
				CODE_SIGN_IDENTITY = "iPhone Developer";
				CODE_SIGN_STYLE = Manual;
				DEVELOPMENT_TEAM = 582LEGWZJK;
				INFOPLIST_FILE = "MarkDownEditor-iOS/Info.plist";
				IPHONEOS_DEPLOYMENT_TARGET = 11.3;
				LD_RUNPATH_SEARCH_PATHS = "$(inherited) @executable_path/Frameworks";
				PRODUCT_BUNDLE_IDENTIFIER = org.annay;
				PRODUCT_NAME = Annay;
				PROVISIONING_PROFILE = "0ddf0cc6-e7aa-4fe3-a221-4accbcd3aef8";
				PROVISIONING_PROFILE_SPECIFIER = "ent-*";
				SDKROOT = iphoneos;
				SWIFT_VERSION = 4.0;
				TARGETED_DEVICE_FAMILY = "1,2";
			};
			name = Debug;
		};
		EDAE6AAB20809CEF00E7658B /* Release */ = {
			isa = XCBuildConfiguration;
			buildSettings = {
				ASSETCATALOG_COMPILER_APPICON_NAME = AppIcon;
				CLANG_ENABLE_OBJC_WEAK = YES;
				CODE_SIGN_IDENTITY = "iPhone Developer";
				CODE_SIGN_STYLE = Manual;
				DEVELOPMENT_TEAM = "";
				INFOPLIST_FILE = "MarkDownEditor-iOS/Info.plist";
				IPHONEOS_DEPLOYMENT_TARGET = 11.3;
				LD_RUNPATH_SEARCH_PATHS = "$(inherited) @executable_path/Frameworks";
				PRODUCT_BUNDLE_IDENTIFIER = org.annay;
				PRODUCT_NAME = Annay;
				PROVISIONING_PROFILE_SPECIFIER = "";
				SDKROOT = iphoneos;
				SWIFT_VERSION = 4.0;
				TARGETED_DEVICE_FAMILY = "1,2";
				VALIDATE_PRODUCT = YES;
			};
			name = Release;
		};
		EDD4CA79203BB331003F8072 /* Debug */ = {
			isa = XCBuildConfiguration;
			buildSettings = {
				CODE_SIGN_ENTITLEMENTS = MarkDownEditorPreviewExtension/MarkDownEditorPreviewExtension.entitlements;
				CODE_SIGN_IDENTITY = "Mac Developer";
				CODE_SIGN_STYLE = Manual;
				DEVELOPMENT_TEAM = 8AKT7PFJ2M;
				INFOPLIST_FILE = MarkDownEditorPreviewExtension/Info.plist;
				LD_RUNPATH_SEARCH_PATHS = "$(inherited) @executable_path/../Frameworks @executable_path/../../../../Frameworks";
				PRODUCT_BUNDLE_IDENTIFIER = org.annay.PreviewExtension;
				PRODUCT_NAME = "$(TARGET_NAME)";
				PROVISIONING_PROFILE_SPECIFIER = AnnayPreviewExtensionDevelopment;
				SKIP_INSTALL = YES;
				SWIFT_VERSION = 4.0;
			};
			name = Debug;
		};
		EDD4CA7A203BB331003F8072 /* Release */ = {
			isa = XCBuildConfiguration;
			buildSettings = {
				CODE_SIGN_ENTITLEMENTS = MarkDownEditorPreviewExtension/MarkDownEditorPreviewExtension.entitlements;
				CODE_SIGN_IDENTITY = "3rd Party Mac Developer Application";
				CODE_SIGN_STYLE = Manual;
				DEVELOPMENT_TEAM = 8AKT7PFJ2M;
				INFOPLIST_FILE = MarkDownEditorPreviewExtension/Info.plist;
				LD_RUNPATH_SEARCH_PATHS = "$(inherited) @executable_path/../Frameworks @executable_path/../../../../Frameworks";
				PRODUCT_BUNDLE_IDENTIFIER = org.annay.PreviewExtension;
				PRODUCT_NAME = "$(TARGET_NAME)";
				PROVISIONING_PROFILE_SPECIFIER = AnnayPreviewExtensionDistribution;
				SKIP_INSTALL = YES;
				SWIFT_VERSION = 4.0;
			};
			name = Release;
		};
		EDEB7A652004EDF000F8C48A /* Debug */ = {
			isa = XCBuildConfiguration;
			buildSettings = {
				ALWAYS_SEARCH_USER_PATHS = NO;
				CLANG_ANALYZER_LOCALIZABILITY_NONLOCALIZED = YES;
				CLANG_ANALYZER_NONNULL = YES;
				CLANG_ANALYZER_NUMBER_OBJECT_CONVERSION = YES_AGGRESSIVE;
				CLANG_CXX_LANGUAGE_STANDARD = "gnu++14";
				CLANG_CXX_LIBRARY = "libc++";
				CLANG_ENABLE_MODULES = YES;
				CLANG_ENABLE_OBJC_ARC = YES;
				CLANG_WARN_BLOCK_CAPTURE_AUTORELEASING = YES;
				CLANG_WARN_BOOL_CONVERSION = YES;
				CLANG_WARN_COMMA = YES;
				CLANG_WARN_CONSTANT_CONVERSION = YES;
				CLANG_WARN_DEPRECATED_OBJC_IMPLEMENTATIONS = YES;
				CLANG_WARN_DIRECT_OBJC_ISA_USAGE = YES_ERROR;
				CLANG_WARN_DOCUMENTATION_COMMENTS = YES;
				CLANG_WARN_EMPTY_BODY = YES;
				CLANG_WARN_ENUM_CONVERSION = YES;
				CLANG_WARN_INFINITE_RECURSION = YES;
				CLANG_WARN_INT_CONVERSION = YES;
				CLANG_WARN_NON_LITERAL_NULL_CONVERSION = YES;
				CLANG_WARN_OBJC_IMPLICIT_RETAIN_SELF = YES;
				CLANG_WARN_OBJC_LITERAL_CONVERSION = YES;
				CLANG_WARN_OBJC_ROOT_CLASS = YES_ERROR;
				CLANG_WARN_RANGE_LOOP_ANALYSIS = YES;
				CLANG_WARN_STRICT_PROTOTYPES = YES;
				CLANG_WARN_SUSPICIOUS_MOVE = YES;
				CLANG_WARN_UNGUARDED_AVAILABILITY = YES_AGGRESSIVE;
				CLANG_WARN_UNREACHABLE_CODE = YES;
				CLANG_WARN__DUPLICATE_METHOD_MATCH = YES;
				CODE_SIGN_IDENTITY = "-";
				COPY_PHASE_STRIP = NO;
				DEBUG_INFORMATION_FORMAT = dwarf;
				ENABLE_STRICT_OBJC_MSGSEND = YES;
				ENABLE_TESTABILITY = YES;
				GCC_C_LANGUAGE_STANDARD = gnu11;
				GCC_DYNAMIC_NO_PIC = NO;
				GCC_NO_COMMON_BLOCKS = YES;
				GCC_OPTIMIZATION_LEVEL = 0;
				GCC_PREPROCESSOR_DEFINITIONS = (
					"DEBUG=1",
					"$(inherited)",
				);
				GCC_WARN_64_TO_32_BIT_CONVERSION = YES;
				GCC_WARN_ABOUT_RETURN_TYPE = YES_ERROR;
				GCC_WARN_UNDECLARED_SELECTOR = YES;
				GCC_WARN_UNINITIALIZED_AUTOS = YES_AGGRESSIVE;
				GCC_WARN_UNUSED_FUNCTION = YES;
				GCC_WARN_UNUSED_VARIABLE = YES;
				MACOSX_DEPLOYMENT_TARGET = 10.13;
				MTL_ENABLE_DEBUG_INFO = YES;
				ONLY_ACTIVE_ARCH = YES;
				SDKROOT = macosx;
				SWIFT_ACTIVE_COMPILATION_CONDITIONS = DEBUG;
				SWIFT_OPTIMIZATION_LEVEL = "-Onone";
			};
			name = Debug;
		};
		EDEB7A662004EDF000F8C48A /* Release */ = {
			isa = XCBuildConfiguration;
			buildSettings = {
				ALWAYS_SEARCH_USER_PATHS = NO;
				CLANG_ANALYZER_LOCALIZABILITY_NONLOCALIZED = YES;
				CLANG_ANALYZER_NONNULL = YES;
				CLANG_ANALYZER_NUMBER_OBJECT_CONVERSION = YES_AGGRESSIVE;
				CLANG_CXX_LANGUAGE_STANDARD = "gnu++14";
				CLANG_CXX_LIBRARY = "libc++";
				CLANG_ENABLE_MODULES = YES;
				CLANG_ENABLE_OBJC_ARC = YES;
				CLANG_WARN_BLOCK_CAPTURE_AUTORELEASING = YES;
				CLANG_WARN_BOOL_CONVERSION = YES;
				CLANG_WARN_COMMA = YES;
				CLANG_WARN_CONSTANT_CONVERSION = YES;
				CLANG_WARN_DEPRECATED_OBJC_IMPLEMENTATIONS = YES;
				CLANG_WARN_DIRECT_OBJC_ISA_USAGE = YES_ERROR;
				CLANG_WARN_DOCUMENTATION_COMMENTS = YES;
				CLANG_WARN_EMPTY_BODY = YES;
				CLANG_WARN_ENUM_CONVERSION = YES;
				CLANG_WARN_INFINITE_RECURSION = YES;
				CLANG_WARN_INT_CONVERSION = YES;
				CLANG_WARN_NON_LITERAL_NULL_CONVERSION = YES;
				CLANG_WARN_OBJC_IMPLICIT_RETAIN_SELF = YES;
				CLANG_WARN_OBJC_LITERAL_CONVERSION = YES;
				CLANG_WARN_OBJC_ROOT_CLASS = YES_ERROR;
				CLANG_WARN_RANGE_LOOP_ANALYSIS = YES;
				CLANG_WARN_STRICT_PROTOTYPES = YES;
				CLANG_WARN_SUSPICIOUS_MOVE = YES;
				CLANG_WARN_UNGUARDED_AVAILABILITY = YES_AGGRESSIVE;
				CLANG_WARN_UNREACHABLE_CODE = YES;
				CLANG_WARN__DUPLICATE_METHOD_MATCH = YES;
				CODE_SIGN_IDENTITY = "-";
				COPY_PHASE_STRIP = NO;
				DEBUG_INFORMATION_FORMAT = "dwarf-with-dsym";
				ENABLE_NS_ASSERTIONS = NO;
				ENABLE_STRICT_OBJC_MSGSEND = YES;
				GCC_C_LANGUAGE_STANDARD = gnu11;
				GCC_NO_COMMON_BLOCKS = YES;
				GCC_WARN_64_TO_32_BIT_CONVERSION = YES;
				GCC_WARN_ABOUT_RETURN_TYPE = YES_ERROR;
				GCC_WARN_UNDECLARED_SELECTOR = YES;
				GCC_WARN_UNINITIALIZED_AUTOS = YES_AGGRESSIVE;
				GCC_WARN_UNUSED_FUNCTION = YES;
				GCC_WARN_UNUSED_VARIABLE = YES;
				MACOSX_DEPLOYMENT_TARGET = 10.13;
				MTL_ENABLE_DEBUG_INFO = NO;
				SDKROOT = macosx;
				SWIFT_OPTIMIZATION_LEVEL = "-Owholemodule";
			};
			name = Release;
		};
		EDEB7A682004EDF000F8C48A /* Debug */ = {
			isa = XCBuildConfiguration;
			buildSettings = {
				ALWAYS_EMBED_SWIFT_STANDARD_LIBRARIES = YES;
				ASSETCATALOG_COMPILER_APPICON_NAME = AppIcon;
				CLANG_ENABLE_MODULES = YES;
				CODE_SIGN_ENTITLEMENTS = MarkDownEditor/MarkDownEditor.entitlements;
				CODE_SIGN_IDENTITY = "Mac Developer";
				CODE_SIGN_STYLE = Manual;
				COMBINE_HIDPI_IMAGES = YES;
				DEVELOPMENT_TEAM = 8AKT7PFJ2M;
				FRAMEWORK_SEARCH_PATHS = (
					"$(inherited)",
					"$(PROJECT_DIR)/Carthage/Build/Mac",
				);
				INFOPLIST_FILE = MarkDownEditor/Info.plist;
				LD_RUNPATH_SEARCH_PATHS = "$(inherited) @executable_path/../Frameworks";
				LIBRARY_SEARCH_PATHS = (
					"$(inherited)",
					"$(PROJECT_DIR)/MarkDownEditor",
					"$(PROJECT_DIR)",
				);
				MACOSX_DEPLOYMENT_TARGET = 10.14;
				PRODUCT_BUNDLE_IDENTIFIER = org.annay;
				PRODUCT_NAME = "$(TARGET_NAME)";
				PROVISIONING_PROFILE_SPECIFIER = AnnayDevelopment;
				SWIFT_OBJC_BRIDGING_HEADER = "";
				SWIFT_OPTIMIZATION_LEVEL = "-Onone";
				SWIFT_VERSION = 4.0;
			};
			name = Debug;
		};
		EDEB7A692004EDF000F8C48A /* Release */ = {
			isa = XCBuildConfiguration;
			buildSettings = {
				ALWAYS_EMBED_SWIFT_STANDARD_LIBRARIES = YES;
				ASSETCATALOG_COMPILER_APPICON_NAME = AppIcon;
				CLANG_ENABLE_MODULES = YES;
				CODE_SIGN_ENTITLEMENTS = MarkDownEditor/MarkDownEditor.entitlements;
				CODE_SIGN_IDENTITY = "3rd Party Mac Developer Application";
				CODE_SIGN_STYLE = Manual;
				COMBINE_HIDPI_IMAGES = YES;
				DEVELOPMENT_TEAM = 8AKT7PFJ2M;
				FRAMEWORK_SEARCH_PATHS = (
					"$(inherited)",
					"$(PROJECT_DIR)/Carthage/Build/Mac",
				);
				INFOPLIST_FILE = MarkDownEditor/Info.plist;
				LD_RUNPATH_SEARCH_PATHS = "$(inherited) @executable_path/../Frameworks";
				LIBRARY_SEARCH_PATHS = (
					"$(inherited)",
					"$(PROJECT_DIR)/MarkDownEditor",
					"$(PROJECT_DIR)",
				);
				MACOSX_DEPLOYMENT_TARGET = 10.14;
				PRODUCT_BUNDLE_IDENTIFIER = org.annay;
				PRODUCT_NAME = "$(TARGET_NAME)";
				PROVISIONING_PROFILE_SPECIFIER = AnnayDistribution;
				SWIFT_OBJC_BRIDGING_HEADER = "";
				SWIFT_VERSION = 4.0;
			};
			name = Release;
		};
/* End XCBuildConfiguration section */

/* Begin XCConfigurationList section */
		EDAE6AAC20809CEF00E7658B /* Build configuration list for PBXNativeTarget "Annay-iOS" */ = {
			isa = XCConfigurationList;
			buildConfigurations = (
				EDAE6AAA20809CEF00E7658B /* Debug */,
				EDAE6AAB20809CEF00E7658B /* Release */,
			);
			defaultConfigurationIsVisible = 0;
			defaultConfigurationName = Release;
		};
		EDD4CA7B203BB331003F8072 /* Build configuration list for PBXNativeTarget "AnnayPreviewExtension" */ = {
			isa = XCConfigurationList;
			buildConfigurations = (
				EDD4CA79203BB331003F8072 /* Debug */,
				EDD4CA7A203BB331003F8072 /* Release */,
			);
			defaultConfigurationIsVisible = 0;
			defaultConfigurationName = Release;
		};
		EDEB7A522004EDF000F8C48A /* Build configuration list for PBXProject "MarkDownEditor" */ = {
			isa = XCConfigurationList;
			buildConfigurations = (
				EDEB7A652004EDF000F8C48A /* Debug */,
				EDEB7A662004EDF000F8C48A /* Release */,
			);
			defaultConfigurationIsVisible = 0;
			defaultConfigurationName = Release;
		};
		EDEB7A672004EDF000F8C48A /* Build configuration list for PBXNativeTarget "Annay" */ = {
			isa = XCConfigurationList;
			buildConfigurations = (
				EDEB7A682004EDF000F8C48A /* Debug */,
				EDEB7A692004EDF000F8C48A /* Release */,
			);
			defaultConfigurationIsVisible = 0;
			defaultConfigurationName = Release;
		};
/* End XCConfigurationList section */
	};
	rootObject = EDEB7A4F2004EDF000F8C48A /* Project object */;
}
