// !$*UTF8*$!
{
	archiveVersion = 1;
	classes = {
	};
	objectVersion = 48;
	objects = {

/* Begin PBXBuildFile section */
		ED099FFF201DBB86006F91E4 /* OpenQuicklyNodeTableCellView.swift in Sources */ = {isa = PBXBuildFile; fileRef = ED099FFE201DBB86006F91E4 /* OpenQuicklyNodeTableCellView.swift */; };
		ED09A001201DF30B006F91E4 /* OpenQuicklyNodeTableRowView.swift in Sources */ = {isa = PBXBuildFile; fileRef = ED09A000201DF30B006F91E4 /* OpenQuicklyNodeTableRowView.swift */; };
		ED187FD220052D30002E51C0 /* markdown.html in Resources */ = {isa = PBXBuildFile; fileRef = ED187FD120052D30002E51C0 /* markdown.html */; };
		ED187FD420053206002E51C0 /* WebView.swift in Sources */ = {isa = PBXBuildFile; fileRef = ED187FD320053206002E51C0 /* WebView.swift */; };
		ED19084B201F6EC0009497EE /* ContainerView.swift in Sources */ = {isa = PBXBuildFile; fileRef = ED19084A201F6EC0009497EE /* ContainerView.swift */; };
		ED2E149220055548003D55A3 /* markdown-it-task-checkbox.min.js in Resources */ = {isa = PBXBuildFile; fileRef = ED2E149120055548003D55A3 /* markdown-it-task-checkbox.min.js */; };
		ED2E149420055563003D55A3 /* markdown-it.min.js in Resources */ = {isa = PBXBuildFile; fileRef = ED2E149320055563003D55A3 /* markdown-it.min.js */; };
		ED2E1496200555A5003D55A3 /* markdown-it-sub.min.js in Resources */ = {isa = PBXBuildFile; fileRef = ED2E1495200555A5003D55A3 /* markdown-it-sub.min.js */; };
		ED2E1498200555C6003D55A3 /* markdown-it-sup.min.js in Resources */ = {isa = PBXBuildFile; fileRef = ED2E1497200555C5003D55A3 /* markdown-it-sup.min.js */; };
		ED2E149A20055650003D55A3 /* markdown-it-footnote.min.js in Resources */ = {isa = PBXBuildFile; fileRef = ED2E149920055650003D55A3 /* markdown-it-footnote.min.js */; };
		ED2E149C2005575A003D55A3 /* markdown-it-emoji.min.js in Resources */ = {isa = PBXBuildFile; fileRef = ED2E149B2005575A003D55A3 /* markdown-it-emoji.min.js */; };
		ED2E14F3200560B8003D55A3 /* highlight.pack.js in Resources */ = {isa = PBXBuildFile; fileRef = ED2E149F20055B87003D55A3 /* highlight.pack.js */; };
		ED2E159B20056622003D55A3 /* markdown.js in Resources */ = {isa = PBXBuildFile; fileRef = ED2E159A20056621003D55A3 /* markdown.js */; };
		ED2E15A820063E59003D55A3 /* Realm+Extensions.swift in Sources */ = {isa = PBXBuildFile; fileRef = ED2E15A720063E59003D55A3 /* Realm+Extensions.swift */; };
		ED2E15AA20064A0E003D55A3 /* SidebarViewController.swift in Sources */ = {isa = PBXBuildFile; fileRef = ED2E15A920064A0E003D55A3 /* SidebarViewController.swift */; };
		ED2E15AE200666B1003D55A3 /* NodeModel.swift in Sources */ = {isa = PBXBuildFile; fileRef = ED2E15AD200666B1003D55A3 /* NodeModel.swift */; };
		ED434EFB20079CB600C2357D /* Localizable.strings in Resources */ = {isa = PBXBuildFile; fileRef = ED434EFD20079CB600C2357D /* Localizable.strings */; };
		ED434F0320079DBD00C2357D /* LocalizedString.swift in Sources */ = {isa = PBXBuildFile; fileRef = ED434F0220079DBD00C2357D /* LocalizedString.swift */; };
		ED47CC83201ECF170052D6EF /* CreateOrOpenWorkspace.storyboard in Resources */ = {isa = PBXBuildFile; fileRef = ED47CC82201ECF170052D6EF /* CreateOrOpenWorkspace.storyboard */; };
		ED47CC85201ECF780052D6EF /* CreateOrOpenWorkspaceTabViewController.swift in Sources */ = {isa = PBXBuildFile; fileRef = ED47CC84201ECF780052D6EF /* CreateOrOpenWorkspaceTabViewController.swift */; };
		ED47CC87201ED55A0052D6EF /* MarkDownEditorError.swift in Sources */ = {isa = PBXBuildFile; fileRef = ED47CC86201ED55A0052D6EF /* MarkDownEditorError.swift */; };
		ED47CC8B201EF9590052D6EF /* ObservableType+Extensions.swift in Sources */ = {isa = PBXBuildFile; fileRef = ED47CC8A201EF9590052D6EF /* ObservableType+Extensions.swift */; };
		ED47CC8D201EFBED0052D6EF /* WorkspaceNameFormatter.swift in Sources */ = {isa = PBXBuildFile; fileRef = ED47CC8C201EFBED0052D6EF /* WorkspaceNameFormatter.swift */; };
		ED4EB9D2201C814100B4CBE7 /* swiss.css in Resources */ = {isa = PBXBuildFile; fileRef = ED4EB9D1201C803800B4CBE7 /* swiss.css */; };
		ED4EB9D7201D61E200B4CBE7 /* OpenQuickly.storyboard in Resources */ = {isa = PBXBuildFile; fileRef = ED4EB9D6201D61E200B4CBE7 /* OpenQuickly.storyboard */; };
		ED4EB9DB201D650D00B4CBE7 /* OpenQuicklyWindowController.swift in Sources */ = {isa = PBXBuildFile; fileRef = ED4EB9DA201D650D00B4CBE7 /* OpenQuicklyWindowController.swift */; };
		ED4EB9E0201DA76000B4CBE7 /* OpenQuicklyTextField.swift in Sources */ = {isa = PBXBuildFile; fileRef = ED4EB9DF201DA76000B4CBE7 /* OpenQuicklyTextField.swift */; };
		ED4EB9E2201DAA1700B4CBE7 /* OpenQuicklyViewController.swift in Sources */ = {isa = PBXBuildFile; fileRef = ED4EB9E1201DAA1700B4CBE7 /* OpenQuicklyViewController.swift */; };
		ED4EB9E4201DAADD00B4CBE7 /* NSImage+Extensions.swift in Sources */ = {isa = PBXBuildFile; fileRef = ED4EB9E3201DAADD00B4CBE7 /* NSImage+Extensions.swift */; };
		ED4EB9E6201DB71B00B4CBE7 /* Results+Extensions.swift in Sources */ = {isa = PBXBuildFile; fileRef = ED4EB9E5201DB71B00B4CBE7 /* Results+Extensions.swift */; };
		ED55C4FD200E50E70070301A /* BackgroundSetableView.swift in Sources */ = {isa = PBXBuildFile; fileRef = ED55C4FC200E50E70070301A /* BackgroundSetableView.swift */; };
		ED55C4FE200E56F10070301A /* Preference.storyboard in Resources */ = {isa = PBXBuildFile; fileRef = ED55C500200E56F10070301A /* Preference.storyboard */; };
		ED55C50C201312570070301A /* CreateWorkspace.storyboard in Resources */ = {isa = PBXBuildFile; fileRef = ED55C50E201312570070301A /* CreateWorkspace.storyboard */; };
		ED55C5132013146F0070301A /* CreateWorkspaceViewController.swift in Sources */ = {isa = PBXBuildFile; fileRef = ED55C5112013146F0070301A /* CreateWorkspaceViewController.swift */; };
		ED598C39201F03E200072D8A /* NSAlert+Extensions.swift in Sources */ = {isa = PBXBuildFile; fileRef = ED598C38201F03E200072D8A /* NSAlert+Extensions.swift */; };
		ED598C57201F20D500072D8A /* WorkspaceDirectoryWatcher.swift in Sources */ = {isa = PBXBuildFile; fileRef = ED598C56201F20D500072D8A /* WorkspaceDirectoryWatcher.swift */; };
		ED598C59201F21BC00072D8A /* WorkspaceDirectoryWatcherManager.swift in Sources */ = {isa = PBXBuildFile; fileRef = ED598C58201F21BC00072D8A /* WorkspaceDirectoryWatcherManager.swift */; };
		ED59FDAE20132B8B0085D9F5 /* Collection+Extensions.swift in Sources */ = {isa = PBXBuildFile; fileRef = ED59FDAD20132B8B0085D9F5 /* Collection+Extensions.swift */; };
		ED59FDB0201330BC0085D9F5 /* WorkspacesTableRowView.swift in Sources */ = {isa = PBXBuildFile; fileRef = ED59FDAF201330BC0085D9F5 /* WorkspacesTableRowView.swift */; };
		ED840D1F201A217300EF2C42 /* WorkspacesTableView.swift in Sources */ = {isa = PBXBuildFile; fileRef = ED840D1E201A217300EF2C42 /* WorkspacesTableView.swift */; };
		ED840D23201A2A7700EF2C42 /* MoveWorkspace.storyboard in Resources */ = {isa = PBXBuildFile; fileRef = ED840D25201A2A7700EF2C42 /* MoveWorkspace.storyboard */; };
		ED840D29201A2AC000EF2C42 /* MoveWorkspaceViewController.swift in Sources */ = {isa = PBXBuildFile; fileRef = ED840D28201A2AC000EF2C42 /* MoveWorkspaceViewController.swift */; };
		ED840D2B201A2DF400EF2C42 /* URL+Extensions.swift in Sources */ = {isa = PBXBuildFile; fileRef = ED840D2A201A2DF400EF2C42 /* URL+Extensions.swift */; };
		ED840D2D201A364600EF2C42 /* jquery.min.js in Resources */ = {isa = PBXBuildFile; fileRef = ED840D2C201A364600EF2C42 /* jquery.min.js */; };
		ED840D2F201C5AB600EF2C42 /* NSView+Extensions.swift in Sources */ = {isa = PBXBuildFile; fileRef = ED840D2E201C5AB600EF2C42 /* NSView+Extensions.swift */; };
		ED841BD12008EC2B0097996A /* NodeTableCellView.swift in Sources */ = {isa = PBXBuildFile; fileRef = ED841BD02008EC2B0097996A /* NodeTableCellView.swift */; };
		ED841BD32009217F0097996A /* NSEvent+Extensions.swift in Sources */ = {isa = PBXBuildFile; fileRef = ED841BD22009217F0097996A /* NSEvent+Extensions.swift */; };
		ED841BD52009CC0C0097996A /* KeyCode.swift in Sources */ = {isa = PBXBuildFile; fileRef = ED841BD42009CC0C0097996A /* KeyCode.swift */; };
		ED841BD8200B256B0097996A /* WindowController.swift in Sources */ = {isa = PBXBuildFile; fileRef = ED841BD7200B256B0097996A /* WindowController.swift */; };
		ED841BDA200B2FD10097996A /* Colors.xcassets in Resources */ = {isa = PBXBuildFile; fileRef = ED841BD9200B2FD10097996A /* Colors.xcassets */; };
		ED841BDE200B6D5B0097996A /* NodeTableRowView.swift in Sources */ = {isa = PBXBuildFile; fileRef = ED841BDD200B6D5B0097996A /* NodeTableRowView.swift */; };
		ED86DCCD2029ED670096AB38 /* ShortcutPreference.storyboard in Resources */ = {isa = PBXBuildFile; fileRef = ED86DCCC2029ED670096AB38 /* ShortcutPreference.storyboard */; };
		ED86DCCF2029EE490096AB38 /* MASShortcut.framework in Frameworks */ = {isa = PBXBuildFile; fileRef = ED86DCCE2029EE3A0096AB38 /* MASShortcut.framework */; };
		ED86DCD02029EE490096AB38 /* MASShortcut.framework in Embed Libraries */ = {isa = PBXBuildFile; fileRef = ED86DCCE2029EE3A0096AB38 /* MASShortcut.framework */; settings = {ATTRIBUTES = (CodeSignOnCopy, RemoveHeadersOnCopy, ); }; };
		ED9CCA6D2025927600EB2F7C /* DateFormatter+Extensions.swift in Sources */ = {isa = PBXBuildFile; fileRef = ED9CCA6C2025927600EB2F7C /* DateFormatter+Extensions.swift */; };
		ED9CCA732026189B00EB2F7C /* BeforeOfAllWindowController.swift in Sources */ = {isa = PBXBuildFile; fileRef = ED9CCA722026189B00EB2F7C /* BeforeOfAllWindowController.swift */; };
		ED9CCA7520261C3800EB2F7C /* Main.storyboard in Resources */ = {isa = PBXBuildFile; fileRef = ED9CCA7420261C3800EB2F7C /* Main.storyboard */; };
		ED9EEEE2201F639B00C96CC1 /* OpenWorkspace.storyboard in Resources */ = {isa = PBXBuildFile; fileRef = ED9EEEE4201F639B00C96CC1 /* OpenWorkspace.storyboard */; };
		ED9EEEE8201F63E200C96CC1 /* OpenWorkspaceViewController.swift in Sources */ = {isa = PBXBuildFile; fileRef = ED9EEEE7201F63E200C96CC1 /* OpenWorkspaceViewController.swift */; };
		EDA736CA200E24F8000BC5DA /* Sidebar.storyboard in Resources */ = {isa = PBXBuildFile; fileRef = EDA736C8200E24F8000BC5DA /* Sidebar.storyboard */; };
		EDA736CD200E256D000BC5DA /* MarkDownEditor.storyboard in Resources */ = {isa = PBXBuildFile; fileRef = EDA736CC200E256D000BC5DA /* MarkDownEditor.storyboard */; };
		EDA736D1200E291C000BC5DA /* NSColor+Extensions.swift in Sources */ = {isa = PBXBuildFile; fileRef = EDA736D0200E291C000BC5DA /* NSColor+Extensions.swift */; };
		EDA736D5200E3E6A000BC5DA /* SplitView.swift in Sources */ = {isa = PBXBuildFile; fileRef = EDA736D4200E3E6A000BC5DA /* SplitView.swift */; };
		EDB601492022C06A00EDF59C /* Application.swift in Sources */ = {isa = PBXBuildFile; fileRef = EDB601482022C06A00EDF59C /* Application.swift */; };
		EDBFF25620106EA5005F3547 /* WorkspacesTableCellView.swift in Sources */ = {isa = PBXBuildFile; fileRef = EDBFF25520106EA5005F3547 /* WorkspacesTableCellView.swift */; };
		EDBFF25C2010868C005F3547 /* String+Extensions.swift in Sources */ = {isa = PBXBuildFile; fileRef = EDBFF25B2010868C005F3547 /* String+Extensions.swift */; };
		EDCED8C52005DAD100C514B1 /* monokai-sublime.css in Resources */ = {isa = PBXBuildFile; fileRef = EDCED8C42005DAD100C514B1 /* monokai-sublime.css */; };
		EDD0A288200CBCB500D5E7BE /* NSPasteboardPasteboardType+Extensions.swift in Sources */ = {isa = PBXBuildFile; fileRef = EDD0A287200CBCB500D5E7BE /* NSPasteboardPasteboardType+Extensions.swift */; };
		EDD0A28A200CD49800D5E7BE /* NSPasteboard+Extensions.swift in Sources */ = {isa = PBXBuildFile; fileRef = EDD0A289200CD49800D5E7BE /* NSPasteboard+Extensions.swift */; };
		EDD0A28C200CD90C00D5E7BE /* Array+Extensions.swift in Sources */ = {isa = PBXBuildFile; fileRef = EDD0A28B200CD90C00D5E7BE /* Array+Extensions.swift */; };
		EDD0A28E200ED29400D5E7BE /* Util.swift in Sources */ = {isa = PBXBuildFile; fileRef = EDD0A28D200ED29400D5E7BE /* Util.swift */; };
		EDD0A295200ED98700D5E7BE /* Workspaces.storyboard in Resources */ = {isa = PBXBuildFile; fileRef = EDD0A294200ED98700D5E7BE /* Workspaces.storyboard */; };
		EDD0A297200EF75300D5E7BE /* WorkspaceModel.swift in Sources */ = {isa = PBXBuildFile; fileRef = EDD0A296200EF75300D5E7BE /* WorkspaceModel.swift */; };
		EDD0A299200EF81800D5E7BE /* SavableInUserDefaults.swift in Sources */ = {isa = PBXBuildFile; fileRef = EDD0A298200EF81800D5E7BE /* SavableInUserDefaults.swift */; };
		EDD0A2B9200F2B9E00D5E7BE /* WorkspacesViewController.swift in Sources */ = {isa = PBXBuildFile; fileRef = EDD0A2B8200F2B9E00D5E7BE /* WorkspacesViewController.swift */; };
		EDDED6FB20050C0B0079F3D0 /* TextView.swift in Sources */ = {isa = PBXBuildFile; fileRef = EDDED6FA20050C0B0079F3D0 /* TextView.swift */; };
		EDDED6FF2005138F0079F3D0 /* NSApplication+Extensions.swift in Sources */ = {isa = PBXBuildFile; fileRef = EDDED6FE2005138F0079F3D0 /* NSApplication+Extensions.swift */; };
		EDEB7A5B2004EDF000F8C48A /* AppDelegate.swift in Sources */ = {isa = PBXBuildFile; fileRef = EDEB7A5A2004EDF000F8C48A /* AppDelegate.swift */; };
		EDEB7A5F2004EDF000F8C48A /* Assets.xcassets in Resources */ = {isa = PBXBuildFile; fileRef = EDEB7A5E2004EDF000F8C48A /* Assets.xcassets */; };
		EDEB7A622004EDF000F8C48A /* Launch.storyboard in Resources */ = {isa = PBXBuildFile; fileRef = EDEB7A602004EDF000F8C48A /* Launch.storyboard */; };
		EDEB7A6B2004F21800F8C48A /* MarkDownEditorViewController.swift in Sources */ = {isa = PBXBuildFile; fileRef = EDEB7A6A2004F21800F8C48A /* MarkDownEditorViewController.swift */; };
		EDFE82B720256AEC00702C85 /* Kingfisher.framework in Frameworks */ = {isa = PBXBuildFile; fileRef = EDFE82B220256AE400702C85 /* Kingfisher.framework */; };
		EDFE82B820256AEC00702C85 /* Kingfisher.framework in Embed Libraries */ = {isa = PBXBuildFile; fileRef = EDFE82B220256AE400702C85 /* Kingfisher.framework */; settings = {ATTRIBUTES = (CodeSignOnCopy, RemoveHeadersOnCopy, ); }; };
		EDFE82B920256AEC00702C85 /* Realm.framework in Frameworks */ = {isa = PBXBuildFile; fileRef = EDFE82B320256AE500702C85 /* Realm.framework */; };
		EDFE82BA20256AEC00702C85 /* Realm.framework in Embed Libraries */ = {isa = PBXBuildFile; fileRef = EDFE82B320256AE500702C85 /* Realm.framework */; settings = {ATTRIBUTES = (CodeSignOnCopy, RemoveHeadersOnCopy, ); }; };
		EDFE82BB20256AEC00702C85 /* RealmSwift.framework in Frameworks */ = {isa = PBXBuildFile; fileRef = EDFE82B520256AE500702C85 /* RealmSwift.framework */; };
		EDFE82BC20256AEC00702C85 /* RealmSwift.framework in Embed Libraries */ = {isa = PBXBuildFile; fileRef = EDFE82B520256AE500702C85 /* RealmSwift.framework */; settings = {ATTRIBUTES = (CodeSignOnCopy, RemoveHeadersOnCopy, ); }; };
		EDFE82BD20256AEC00702C85 /* RxBlocking.framework in Frameworks */ = {isa = PBXBuildFile; fileRef = EDFE82B120256AE400702C85 /* RxBlocking.framework */; };
		EDFE82BE20256AEC00702C85 /* RxBlocking.framework in Embed Libraries */ = {isa = PBXBuildFile; fileRef = EDFE82B120256AE400702C85 /* RxBlocking.framework */; settings = {ATTRIBUTES = (CodeSignOnCopy, RemoveHeadersOnCopy, ); }; };
		EDFE82BF20256AEC00702C85 /* RxCocoa.framework in Frameworks */ = {isa = PBXBuildFile; fileRef = EDFE82B020256AE400702C85 /* RxCocoa.framework */; };
		EDFE82C020256AEC00702C85 /* RxCocoa.framework in Embed Libraries */ = {isa = PBXBuildFile; fileRef = EDFE82B020256AE400702C85 /* RxCocoa.framework */; settings = {ATTRIBUTES = (CodeSignOnCopy, RemoveHeadersOnCopy, ); }; };
		EDFE82C120256AEC00702C85 /* RxSwift.framework in Frameworks */ = {isa = PBXBuildFile; fileRef = EDFE82B420256AE500702C85 /* RxSwift.framework */; };
		EDFE82C220256AEC00702C85 /* RxSwift.framework in Embed Libraries */ = {isa = PBXBuildFile; fileRef = EDFE82B420256AE500702C85 /* RxSwift.framework */; settings = {ATTRIBUTES = (CodeSignOnCopy, RemoveHeadersOnCopy, ); }; };
		EDFE82C620256BE700702C85 /* FileManager+Extensions.swift in Sources */ = {isa = PBXBuildFile; fileRef = EDFE82C520256BE700702C85 /* FileManager+Extensions.swift */; };
		EDFE82CE202583DF00702C85 /* Zip.framework in Frameworks */ = {isa = PBXBuildFile; fileRef = EDFE82CD202583DD00702C85 /* Zip.framework */; };
		EDFE82CF202583DF00702C85 /* Zip.framework in Embed Libraries */ = {isa = PBXBuildFile; fileRef = EDFE82CD202583DD00702C85 /* Zip.framework */; settings = {ATTRIBUTES = (CodeSignOnCopy, RemoveHeadersOnCopy, ); }; };
/* End PBXBuildFile section */

/* Begin PBXCopyFilesBuildPhase section */
		EDDED73D20051BC10079F3D0 /* Embed Libraries */ = {
			isa = PBXCopyFilesBuildPhase;
			buildActionMask = 2147483647;
			dstPath = "";
			dstSubfolderSpec = 10;
			files = (
				EDFE82BA20256AEC00702C85 /* Realm.framework in Embed Libraries */,
				EDFE82B820256AEC00702C85 /* Kingfisher.framework in Embed Libraries */,
				EDFE82C220256AEC00702C85 /* RxSwift.framework in Embed Libraries */,
				EDFE82BC20256AEC00702C85 /* RealmSwift.framework in Embed Libraries */,
				EDFE82C020256AEC00702C85 /* RxCocoa.framework in Embed Libraries */,
				EDFE82CF202583DF00702C85 /* Zip.framework in Embed Libraries */,
				ED86DCD02029EE490096AB38 /* MASShortcut.framework in Embed Libraries */,
				EDFE82BE20256AEC00702C85 /* RxBlocking.framework in Embed Libraries */,
			);
			name = "Embed Libraries";
			runOnlyForDeploymentPostprocessing = 0;
		};
/* End PBXCopyFilesBuildPhase section */

/* Begin PBXFileReference section */
		ED099FFE201DBB86006F91E4 /* OpenQuicklyNodeTableCellView.swift */ = {isa = PBXFileReference; lastKnownFileType = sourcecode.swift; path = OpenQuicklyNodeTableCellView.swift; sourceTree = "<group>"; };
		ED09A000201DF30B006F91E4 /* OpenQuicklyNodeTableRowView.swift */ = {isa = PBXFileReference; lastKnownFileType = sourcecode.swift; path = OpenQuicklyNodeTableRowView.swift; sourceTree = "<group>"; };
		ED0C373B2021609E00D1CC20 /* ja */ = {isa = PBXFileReference; lastKnownFileType = text.plist.strings; name = ja; path = MarkDownEditor/ja.lproj/Sidebar.strings; sourceTree = "<group>"; };
		ED187FD120052D30002E51C0 /* markdown.html */ = {isa = PBXFileReference; lastKnownFileType = text.html; path = markdown.html; sourceTree = "<group>"; };
		ED187FD320053206002E51C0 /* WebView.swift */ = {isa = PBXFileReference; lastKnownFileType = sourcecode.swift; path = WebView.swift; sourceTree = "<group>"; };
		ED19084A201F6EC0009497EE /* ContainerView.swift */ = {isa = PBXFileReference; lastKnownFileType = sourcecode.swift; path = ContainerView.swift; sourceTree = "<group>"; };
		ED2E149120055548003D55A3 /* markdown-it-task-checkbox.min.js */ = {isa = PBXFileReference; lastKnownFileType = sourcecode.javascript; path = "markdown-it-task-checkbox.min.js"; sourceTree = "<group>"; };
		ED2E149320055563003D55A3 /* markdown-it.min.js */ = {isa = PBXFileReference; lastKnownFileType = sourcecode.javascript; path = "markdown-it.min.js"; sourceTree = "<group>"; };
		ED2E1495200555A5003D55A3 /* markdown-it-sub.min.js */ = {isa = PBXFileReference; lastKnownFileType = sourcecode.javascript; path = "markdown-it-sub.min.js"; sourceTree = "<group>"; };
		ED2E1497200555C5003D55A3 /* markdown-it-sup.min.js */ = {isa = PBXFileReference; lastKnownFileType = sourcecode.javascript; path = "markdown-it-sup.min.js"; sourceTree = "<group>"; };
		ED2E149920055650003D55A3 /* markdown-it-footnote.min.js */ = {isa = PBXFileReference; lastKnownFileType = sourcecode.javascript; path = "markdown-it-footnote.min.js"; sourceTree = "<group>"; };
		ED2E149B2005575A003D55A3 /* markdown-it-emoji.min.js */ = {isa = PBXFileReference; lastKnownFileType = sourcecode.javascript; path = "markdown-it-emoji.min.js"; sourceTree = "<group>"; };
		ED2E149F20055B87003D55A3 /* highlight.pack.js */ = {isa = PBXFileReference; lastKnownFileType = sourcecode.javascript; path = highlight.pack.js; sourceTree = "<group>"; };
		ED2E159A20056621003D55A3 /* markdown.js */ = {isa = PBXFileReference; lastKnownFileType = sourcecode.javascript; path = markdown.js; sourceTree = "<group>"; };
		ED2E15A720063E59003D55A3 /* Realm+Extensions.swift */ = {isa = PBXFileReference; lastKnownFileType = sourcecode.swift; path = "Realm+Extensions.swift"; sourceTree = "<group>"; };
		ED2E15A920064A0E003D55A3 /* SidebarViewController.swift */ = {isa = PBXFileReference; lastKnownFileType = sourcecode.swift; path = SidebarViewController.swift; sourceTree = "<group>"; };
		ED2E15AD200666B1003D55A3 /* NodeModel.swift */ = {isa = PBXFileReference; lastKnownFileType = sourcecode.swift; path = NodeModel.swift; sourceTree = "<group>"; };
		ED434F0020079CD100C2357D /* Base */ = {isa = PBXFileReference; lastKnownFileType = text.plist.strings; name = Base; path = Base.lproj/Localizable.strings; sourceTree = "<group>"; };
		ED434F0120079CFA00C2357D /* ja */ = {isa = PBXFileReference; lastKnownFileType = text.plist.strings; name = ja; path = ja.lproj/Localizable.strings; sourceTree = "<group>"; };
		ED434F0220079DBD00C2357D /* LocalizedString.swift */ = {isa = PBXFileReference; lastKnownFileType = sourcecode.swift; path = LocalizedString.swift; sourceTree = "<group>"; };
		ED47CC82201ECF170052D6EF /* CreateOrOpenWorkspace.storyboard */ = {isa = PBXFileReference; lastKnownFileType = file.storyboard; path = CreateOrOpenWorkspace.storyboard; sourceTree = "<group>"; };
		ED47CC84201ECF780052D6EF /* CreateOrOpenWorkspaceTabViewController.swift */ = {isa = PBXFileReference; lastKnownFileType = sourcecode.swift; path = CreateOrOpenWorkspaceTabViewController.swift; sourceTree = "<group>"; };
		ED47CC86201ED55A0052D6EF /* MarkDownEditorError.swift */ = {isa = PBXFileReference; lastKnownFileType = sourcecode.swift; path = MarkDownEditorError.swift; sourceTree = "<group>"; };
		ED47CC8A201EF9590052D6EF /* ObservableType+Extensions.swift */ = {isa = PBXFileReference; lastKnownFileType = sourcecode.swift; path = "ObservableType+Extensions.swift"; sourceTree = "<group>"; };
		ED47CC8C201EFBED0052D6EF /* WorkspaceNameFormatter.swift */ = {isa = PBXFileReference; lastKnownFileType = sourcecode.swift; path = WorkspaceNameFormatter.swift; sourceTree = "<group>"; };
		ED4EB9D1201C803800B4CBE7 /* swiss.css */ = {isa = PBXFileReference; lastKnownFileType = text.css; path = swiss.css; sourceTree = "<group>"; };
		ED4EB9D6201D61E200B4CBE7 /* OpenQuickly.storyboard */ = {isa = PBXFileReference; lastKnownFileType = file.storyboard; path = OpenQuickly.storyboard; sourceTree = "<group>"; };
		ED4EB9DA201D650D00B4CBE7 /* OpenQuicklyWindowController.swift */ = {isa = PBXFileReference; lastKnownFileType = sourcecode.swift; path = OpenQuicklyWindowController.swift; sourceTree = "<group>"; };
		ED4EB9DF201DA76000B4CBE7 /* OpenQuicklyTextField.swift */ = {isa = PBXFileReference; lastKnownFileType = sourcecode.swift; path = OpenQuicklyTextField.swift; sourceTree = "<group>"; };
		ED4EB9E1201DAA1700B4CBE7 /* OpenQuicklyViewController.swift */ = {isa = PBXFileReference; lastKnownFileType = sourcecode.swift; path = OpenQuicklyViewController.swift; sourceTree = "<group>"; };
		ED4EB9E3201DAADD00B4CBE7 /* NSImage+Extensions.swift */ = {isa = PBXFileReference; lastKnownFileType = sourcecode.swift; path = "NSImage+Extensions.swift"; sourceTree = "<group>"; };
		ED4EB9E5201DB71B00B4CBE7 /* Results+Extensions.swift */ = {isa = PBXFileReference; lastKnownFileType = sourcecode.swift; path = "Results+Extensions.swift"; sourceTree = "<group>"; };
		ED55C4FC200E50E70070301A /* BackgroundSetableView.swift */ = {isa = PBXFileReference; lastKnownFileType = sourcecode.swift; path = BackgroundSetableView.swift; sourceTree = "<group>"; };
		ED55C4FF200E56F10070301A /* Base */ = {isa = PBXFileReference; lastKnownFileType = file.storyboard; name = Base; path = Base.lproj/Preference.storyboard; sourceTree = "<group>"; };
		ED55C504200E5B360070301A /* ja */ = {isa = PBXFileReference; lastKnownFileType = text.plist.strings; name = ja; path = ja.lproj/Preference.strings; sourceTree = "<group>"; };
		ED55C50D201312570070301A /* Base */ = {isa = PBXFileReference; lastKnownFileType = file.storyboard; name = Base; path = Base.lproj/CreateWorkspace.storyboard; sourceTree = "<group>"; };
		ED55C5102013125A0070301A /* ja */ = {isa = PBXFileReference; lastKnownFileType = text.plist.strings; name = ja; path = ja.lproj/CreateWorkspace.strings; sourceTree = "<group>"; };
		ED55C5112013146F0070301A /* CreateWorkspaceViewController.swift */ = {isa = PBXFileReference; lastKnownFileType = sourcecode.swift; path = CreateWorkspaceViewController.swift; sourceTree = "<group>"; };
		ED598C38201F03E200072D8A /* NSAlert+Extensions.swift */ = {isa = PBXFileReference; lastKnownFileType = sourcecode.swift; path = "NSAlert+Extensions.swift"; sourceTree = "<group>"; };
		ED598C56201F20D500072D8A /* WorkspaceDirectoryWatcher.swift */ = {isa = PBXFileReference; lastKnownFileType = sourcecode.swift; path = WorkspaceDirectoryWatcher.swift; sourceTree = "<group>"; };
		ED598C58201F21BC00072D8A /* WorkspaceDirectoryWatcherManager.swift */ = {isa = PBXFileReference; lastKnownFileType = sourcecode.swift; path = WorkspaceDirectoryWatcherManager.swift; sourceTree = "<group>"; };
		ED59FDAD20132B8B0085D9F5 /* Collection+Extensions.swift */ = {isa = PBXFileReference; lastKnownFileType = sourcecode.swift; path = "Collection+Extensions.swift"; sourceTree = "<group>"; };
		ED59FDAF201330BC0085D9F5 /* WorkspacesTableRowView.swift */ = {isa = PBXFileReference; lastKnownFileType = sourcecode.swift; path = WorkspacesTableRowView.swift; sourceTree = "<group>"; };
		ED840D1E201A217300EF2C42 /* WorkspacesTableView.swift */ = {isa = PBXFileReference; lastKnownFileType = sourcecode.swift; path = WorkspacesTableView.swift; sourceTree = "<group>"; };
		ED840D24201A2A7700EF2C42 /* Base */ = {isa = PBXFileReference; lastKnownFileType = file.storyboard; name = Base; path = Base.lproj/MoveWorkspace.storyboard; sourceTree = "<group>"; };
		ED840D27201A2A7900EF2C42 /* ja */ = {isa = PBXFileReference; lastKnownFileType = text.plist.strings; name = ja; path = ja.lproj/MoveWorkspace.strings; sourceTree = "<group>"; };
		ED840D28201A2AC000EF2C42 /* MoveWorkspaceViewController.swift */ = {isa = PBXFileReference; lastKnownFileType = sourcecode.swift; path = MoveWorkspaceViewController.swift; sourceTree = "<group>"; };
		ED840D2A201A2DF400EF2C42 /* URL+Extensions.swift */ = {isa = PBXFileReference; lastKnownFileType = sourcecode.swift; path = "URL+Extensions.swift"; sourceTree = "<group>"; };
		ED840D2C201A364600EF2C42 /* jquery.min.js */ = {isa = PBXFileReference; lastKnownFileType = sourcecode.javascript; path = jquery.min.js; sourceTree = "<group>"; };
		ED840D2E201C5AB600EF2C42 /* NSView+Extensions.swift */ = {isa = PBXFileReference; lastKnownFileType = sourcecode.swift; path = "NSView+Extensions.swift"; sourceTree = "<group>"; };
		ED841BD02008EC2B0097996A /* NodeTableCellView.swift */ = {isa = PBXFileReference; lastKnownFileType = sourcecode.swift; path = NodeTableCellView.swift; sourceTree = "<group>"; };
		ED841BD22009217F0097996A /* NSEvent+Extensions.swift */ = {isa = PBXFileReference; lastKnownFileType = sourcecode.swift; path = "NSEvent+Extensions.swift"; sourceTree = "<group>"; };
		ED841BD42009CC0C0097996A /* KeyCode.swift */ = {isa = PBXFileReference; lastKnownFileType = sourcecode.swift; path = KeyCode.swift; sourceTree = "<group>"; };
		ED841BD7200B256B0097996A /* WindowController.swift */ = {isa = PBXFileReference; lastKnownFileType = sourcecode.swift; path = WindowController.swift; sourceTree = "<group>"; };
		ED841BD9200B2FD10097996A /* Colors.xcassets */ = {isa = PBXFileReference; lastKnownFileType = folder.assetcatalog; path = Colors.xcassets; sourceTree = "<group>"; };
		ED841BDD200B6D5B0097996A /* NodeTableRowView.swift */ = {isa = PBXFileReference; lastKnownFileType = sourcecode.swift; path = NodeTableRowView.swift; sourceTree = "<group>"; };
		ED86DCCC2029ED670096AB38 /* ShortcutPreference.storyboard */ = {isa = PBXFileReference; lastKnownFileType = file.storyboard; path = ShortcutPreference.storyboard; sourceTree = "<group>"; };
		ED86DCCE2029EE3A0096AB38 /* MASShortcut.framework */ = {isa = PBXFileReference; lastKnownFileType = wrapper.framework; name = MASShortcut.framework; path = Carthage/Build/Mac/MASShortcut.framework; sourceTree = "<group>"; };
		ED9CCA6C2025927600EB2F7C /* DateFormatter+Extensions.swift */ = {isa = PBXFileReference; lastKnownFileType = sourcecode.swift; path = "DateFormatter+Extensions.swift"; sourceTree = "<group>"; };
		ED9CCA722026189B00EB2F7C /* BeforeOfAllWindowController.swift */ = {isa = PBXFileReference; lastKnownFileType = sourcecode.swift; path = BeforeOfAllWindowController.swift; sourceTree = "<group>"; };
		ED9CCA7420261C3800EB2F7C /* Main.storyboard */ = {isa = PBXFileReference; fileEncoding = 4; lastKnownFileType = file.storyboard; path = Main.storyboard; sourceTree = "<group>"; };
		ED9EEEE3201F639B00C96CC1 /* Base */ = {isa = PBXFileReference; lastKnownFileType = file.storyboard; name = Base; path = Base.lproj/OpenWorkspace.storyboard; sourceTree = "<group>"; };
		ED9EEEE6201F639D00C96CC1 /* ja */ = {isa = PBXFileReference; lastKnownFileType = text.plist.strings; name = ja; path = ja.lproj/OpenWorkspace.strings; sourceTree = "<group>"; };
		ED9EEEE7201F63E200C96CC1 /* OpenWorkspaceViewController.swift */ = {isa = PBXFileReference; lastKnownFileType = sourcecode.swift; path = OpenWorkspaceViewController.swift; sourceTree = "<group>"; };
		EDA736C9200E24F8000BC5DA /* Base */ = {isa = PBXFileReference; lastKnownFileType = file.storyboard; name = Base; path = MarkDownEditor/Base.lproj/Sidebar.storyboard; sourceTree = "<group>"; };
		EDA736CC200E256D000BC5DA /* MarkDownEditor.storyboard */ = {isa = PBXFileReference; fileEncoding = 4; lastKnownFileType = file.storyboard; path = MarkDownEditor.storyboard; sourceTree = "<group>"; };
		EDA736D0200E291C000BC5DA /* NSColor+Extensions.swift */ = {isa = PBXFileReference; lastKnownFileType = sourcecode.swift; path = "NSColor+Extensions.swift"; sourceTree = "<group>"; };
		EDA736D4200E3E6A000BC5DA /* SplitView.swift */ = {isa = PBXFileReference; lastKnownFileType = sourcecode.swift; path = SplitView.swift; sourceTree = "<group>"; };
		EDB601482022C06A00EDF59C /* Application.swift */ = {isa = PBXFileReference; lastKnownFileType = sourcecode.swift; path = Application.swift; sourceTree = "<group>"; };
		EDBFF25520106EA5005F3547 /* WorkspacesTableCellView.swift */ = {isa = PBXFileReference; lastKnownFileType = sourcecode.swift; path = WorkspacesTableCellView.swift; sourceTree = "<group>"; };
		EDBFF25B2010868C005F3547 /* String+Extensions.swift */ = {isa = PBXFileReference; lastKnownFileType = sourcecode.swift; path = "String+Extensions.swift"; sourceTree = "<group>"; };
		EDCED8C42005DAD100C514B1 /* monokai-sublime.css */ = {isa = PBXFileReference; fileEncoding = 4; lastKnownFileType = text.css; path = "monokai-sublime.css"; sourceTree = "<group>"; };
		EDD0A287200CBCB500D5E7BE /* NSPasteboardPasteboardType+Extensions.swift */ = {isa = PBXFileReference; lastKnownFileType = sourcecode.swift; path = "NSPasteboardPasteboardType+Extensions.swift"; sourceTree = "<group>"; };
		EDD0A289200CD49800D5E7BE /* NSPasteboard+Extensions.swift */ = {isa = PBXFileReference; lastKnownFileType = sourcecode.swift; path = "NSPasteboard+Extensions.swift"; sourceTree = "<group>"; };
		EDD0A28B200CD90C00D5E7BE /* Array+Extensions.swift */ = {isa = PBXFileReference; lastKnownFileType = sourcecode.swift; path = "Array+Extensions.swift"; sourceTree = "<group>"; };
		EDD0A28D200ED29400D5E7BE /* Util.swift */ = {isa = PBXFileReference; lastKnownFileType = sourcecode.swift; path = Util.swift; sourceTree = "<group>"; };
		EDD0A294200ED98700D5E7BE /* Workspaces.storyboard */ = {isa = PBXFileReference; lastKnownFileType = file.storyboard; path = Workspaces.storyboard; sourceTree = "<group>"; };
		EDD0A296200EF75300D5E7BE /* WorkspaceModel.swift */ = {isa = PBXFileReference; lastKnownFileType = sourcecode.swift; path = WorkspaceModel.swift; sourceTree = "<group>"; };
		EDD0A298200EF81800D5E7BE /* SavableInUserDefaults.swift */ = {isa = PBXFileReference; lastKnownFileType = sourcecode.swift; path = SavableInUserDefaults.swift; sourceTree = "<group>"; };
		EDD0A2B8200F2B9E00D5E7BE /* WorkspacesViewController.swift */ = {isa = PBXFileReference; lastKnownFileType = sourcecode.swift; path = WorkspacesViewController.swift; sourceTree = "<group>"; };
		EDDED6FA20050C0B0079F3D0 /* TextView.swift */ = {isa = PBXFileReference; lastKnownFileType = sourcecode.swift; path = TextView.swift; sourceTree = "<group>"; };
		EDDED6FE2005138F0079F3D0 /* NSApplication+Extensions.swift */ = {isa = PBXFileReference; lastKnownFileType = sourcecode.swift; path = "NSApplication+Extensions.swift"; sourceTree = "<group>"; };
		EDEB7A572004EDF000F8C48A /* MarkDownEditor.app */ = {isa = PBXFileReference; explicitFileType = wrapper.application; includeInIndex = 0; path = MarkDownEditor.app; sourceTree = BUILT_PRODUCTS_DIR; };
		EDEB7A5A2004EDF000F8C48A /* AppDelegate.swift */ = {isa = PBXFileReference; lastKnownFileType = sourcecode.swift; path = AppDelegate.swift; sourceTree = "<group>"; };
		EDEB7A5E2004EDF000F8C48A /* Assets.xcassets */ = {isa = PBXFileReference; lastKnownFileType = folder.assetcatalog; path = Assets.xcassets; sourceTree = "<group>"; };
		EDEB7A612004EDF000F8C48A /* Base */ = {isa = PBXFileReference; lastKnownFileType = file.storyboard; name = Base; path = Base.lproj/Launch.storyboard; sourceTree = "<group>"; };
		EDEB7A632004EDF000F8C48A /* Info.plist */ = {isa = PBXFileReference; lastKnownFileType = text.plist.xml; path = Info.plist; sourceTree = "<group>"; };
		EDEB7A642004EDF000F8C48A /* MarkDownEditor.entitlements */ = {isa = PBXFileReference; lastKnownFileType = text.plist.entitlements; path = MarkDownEditor.entitlements; sourceTree = "<group>"; };
		EDEB7A6A2004F21800F8C48A /* MarkDownEditorViewController.swift */ = {isa = PBXFileReference; lastKnownFileType = sourcecode.swift; path = MarkDownEditorViewController.swift; sourceTree = "<group>"; };
		EDFE82B020256AE400702C85 /* RxCocoa.framework */ = {isa = PBXFileReference; lastKnownFileType = wrapper.framework; name = RxCocoa.framework; path = Carthage/Build/Mac/RxCocoa.framework; sourceTree = "<group>"; };
		EDFE82B120256AE400702C85 /* RxBlocking.framework */ = {isa = PBXFileReference; lastKnownFileType = wrapper.framework; name = RxBlocking.framework; path = Carthage/Build/Mac/RxBlocking.framework; sourceTree = "<group>"; };
		EDFE82B220256AE400702C85 /* Kingfisher.framework */ = {isa = PBXFileReference; lastKnownFileType = wrapper.framework; name = Kingfisher.framework; path = Carthage/Build/Mac/Kingfisher.framework; sourceTree = "<group>"; };
		EDFE82B320256AE500702C85 /* Realm.framework */ = {isa = PBXFileReference; lastKnownFileType = wrapper.framework; name = Realm.framework; path = Carthage/Build/Mac/Realm.framework; sourceTree = "<group>"; };
		EDFE82B420256AE500702C85 /* RxSwift.framework */ = {isa = PBXFileReference; lastKnownFileType = wrapper.framework; name = RxSwift.framework; path = Carthage/Build/Mac/RxSwift.framework; sourceTree = "<group>"; };
		EDFE82B520256AE500702C85 /* RealmSwift.framework */ = {isa = PBXFileReference; lastKnownFileType = wrapper.framework; name = RealmSwift.framework; path = Carthage/Build/Mac/RealmSwift.framework; sourceTree = "<group>"; };
		EDFE82C520256BE700702C85 /* FileManager+Extensions.swift */ = {isa = PBXFileReference; lastKnownFileType = sourcecode.swift; path = "FileManager+Extensions.swift"; sourceTree = "<group>"; };
		EDFE82CD202583DD00702C85 /* Zip.framework */ = {isa = PBXFileReference; lastKnownFileType = wrapper.framework; name = Zip.framework; path = Carthage/Build/Mac/Zip.framework; sourceTree = "<group>"; };
/* End PBXFileReference section */

/* Begin PBXFrameworksBuildPhase section */
		EDEB7A542004EDF000F8C48A /* Frameworks */ = {
			isa = PBXFrameworksBuildPhase;
			buildActionMask = 2147483647;
			files = (
				EDFE82B920256AEC00702C85 /* Realm.framework in Frameworks */,
				EDFE82B720256AEC00702C85 /* Kingfisher.framework in Frameworks */,
				EDFE82C120256AEC00702C85 /* RxSwift.framework in Frameworks */,
				EDFE82BB20256AEC00702C85 /* RealmSwift.framework in Frameworks */,
				EDFE82BF20256AEC00702C85 /* RxCocoa.framework in Frameworks */,
				EDFE82CE202583DF00702C85 /* Zip.framework in Frameworks */,
				ED86DCCF2029EE490096AB38 /* MASShortcut.framework in Frameworks */,
				EDFE82BD20256AEC00702C85 /* RxBlocking.framework in Frameworks */,
			);
			runOnlyForDeploymentPostprocessing = 0;
		};
/* End PBXFrameworksBuildPhase section */

/* Begin PBXGroup section */
		ED187FD72005395A002E51C0 /* Common */ = {
			isa = PBXGroup;
			children = (
				EDDED6FA20050C0B0079F3D0 /* TextView.swift */,
				EDDED6FE2005138F0079F3D0 /* NSApplication+Extensions.swift */,
				ED187FD320053206002E51C0 /* WebView.swift */,
				ED2E15A720063E59003D55A3 /* Realm+Extensions.swift */,
				ED434F0220079DBD00C2357D /* LocalizedString.swift */,
				ED841BD22009217F0097996A /* NSEvent+Extensions.swift */,
				ED841BD42009CC0C0097996A /* KeyCode.swift */,
				EDA736D0200E291C000BC5DA /* NSColor+Extensions.swift */,
				EDD0A287200CBCB500D5E7BE /* NSPasteboardPasteboardType+Extensions.swift */,
				EDD0A289200CD49800D5E7BE /* NSPasteboard+Extensions.swift */,
				EDD0A28B200CD90C00D5E7BE /* Array+Extensions.swift */,
				EDA736D4200E3E6A000BC5DA /* SplitView.swift */,
				ED55C4FC200E50E70070301A /* BackgroundSetableView.swift */,
				EDD0A28D200ED29400D5E7BE /* Util.swift */,
				EDD0A298200EF81800D5E7BE /* SavableInUserDefaults.swift */,
				EDBFF25B2010868C005F3547 /* String+Extensions.swift */,
				ED59FDAD20132B8B0085D9F5 /* Collection+Extensions.swift */,
				ED840D2A201A2DF400EF2C42 /* URL+Extensions.swift */,
				ED840D2E201C5AB600EF2C42 /* NSView+Extensions.swift */,
				ED4EB9E3201DAADD00B4CBE7 /* NSImage+Extensions.swift */,
				ED4EB9E5201DB71B00B4CBE7 /* Results+Extensions.swift */,
				ED47CC86201ED55A0052D6EF /* MarkDownEditorError.swift */,
				ED47CC8A201EF9590052D6EF /* ObservableType+Extensions.swift */,
				ED47CC8C201EFBED0052D6EF /* WorkspaceNameFormatter.swift */,
				ED598C38201F03E200072D8A /* NSAlert+Extensions.swift */,
				ED19084A201F6EC0009497EE /* ContainerView.swift */,
				EDFE82C520256BE700702C85 /* FileManager+Extensions.swift */,
				ED9CCA6C2025927600EB2F7C /* DateFormatter+Extensions.swift */,
			);
			path = Common;
			sourceTree = "<group>";
		};
		ED187FD82005396C002E51C0 /* WebPage */ = {
			isa = PBXGroup;
			children = (
				ED2E149E20055B87003D55A3 /* highlight */,
				ED2E159C2005662A003D55A3 /* markdown-it */,
				ED840D2C201A364600EF2C42 /* jquery.min.js */,
				ED2E159A20056621003D55A3 /* markdown.js */,
				ED187FD120052D30002E51C0 /* markdown.html */,
				ED4EB9D1201C803800B4CBE7 /* swiss.css */,
			);
			path = WebPage;
			sourceTree = "<group>";
		};
		ED2E149E20055B87003D55A3 /* highlight */ = {
			isa = PBXGroup;
			children = (
				ED2E149F20055B87003D55A3 /* highlight.pack.js */,
				EDCED8C42005DAD100C514B1 /* monokai-sublime.css */,
			);
			path = highlight;
			sourceTree = "<group>";
		};
		ED2E159C2005662A003D55A3 /* markdown-it */ = {
			isa = PBXGroup;
			children = (
				ED2E149120055548003D55A3 /* markdown-it-task-checkbox.min.js */,
				ED2E149320055563003D55A3 /* markdown-it.min.js */,
				ED2E1495200555A5003D55A3 /* markdown-it-sub.min.js */,
				ED2E1497200555C5003D55A3 /* markdown-it-sup.min.js */,
				ED2E149920055650003D55A3 /* markdown-it-footnote.min.js */,
				ED2E149B2005575A003D55A3 /* markdown-it-emoji.min.js */,
			);
			path = "markdown-it";
			sourceTree = "<group>";
		};
		ED2E15AF200669B8003D55A3 /* Feature */ = {
			isa = PBXGroup;
			children = (
				ED4EB9D3201D61B400B4CBE7 /* OpenQuickly */,
				ED840D20201A2A0E00EF2C42 /* MoveWorkspace */,
				ED47CC81201ECEEF0052D6EF /* CreateOrOpenWorkspace */,
				EDD0A293200ED90E00D5E7BE /* Workspaces */,
				EDA736CF200E2634000BC5DA /* Preference */,
				EDA736CE200E2577000BC5DA /* MarkDownEditor */,
				EDA736CB200E252A000BC5DA /* Sidebar */,
			);
			path = Feature;
			sourceTree = "<group>";
		};
		ED2E15B0200669C8003D55A3 /* Model */ = {
			isa = PBXGroup;
			children = (
				ED2E15AD200666B1003D55A3 /* NodeModel.swift */,
				EDD0A296200EF75300D5E7BE /* WorkspaceModel.swift */,
				ED598C56201F20D500072D8A /* WorkspaceDirectoryWatcher.swift */,
				ED598C58201F21BC00072D8A /* WorkspaceDirectoryWatcherManager.swift */,
			);
			path = Model;
			sourceTree = "<group>";
		};
		ED434EF820079C9700C2357D /* Support */ = {
			isa = PBXGroup;
			children = (
				ED434EFD20079CB600C2357D /* Localizable.strings */,
			);
			path = Support;
			sourceTree = "<group>";
		};
		ED47CC81201ECEEF0052D6EF /* CreateOrOpenWorkspace */ = {
			isa = PBXGroup;
			children = (
				ED9EEEDF201F62BC00C96CC1 /* OpenWorkspace */,
				ED55C50920130B180070301A /* CreateWorkspace */,
				ED47CC82201ECF170052D6EF /* CreateOrOpenWorkspace.storyboard */,
				ED47CC84201ECF780052D6EF /* CreateOrOpenWorkspaceTabViewController.swift */,
			);
			path = CreateOrOpenWorkspace;
			sourceTree = "<group>";
		};
		ED4EB9D3201D61B400B4CBE7 /* OpenQuickly */ = {
			isa = PBXGroup;
			children = (
				ED4EB9D6201D61E200B4CBE7 /* OpenQuickly.storyboard */,
				ED4EB9DA201D650D00B4CBE7 /* OpenQuicklyWindowController.swift */,
				ED4EB9DF201DA76000B4CBE7 /* OpenQuicklyTextField.swift */,
				ED4EB9E1201DAA1700B4CBE7 /* OpenQuicklyViewController.swift */,
				ED099FFE201DBB86006F91E4 /* OpenQuicklyNodeTableCellView.swift */,
				ED09A000201DF30B006F91E4 /* OpenQuicklyNodeTableRowView.swift */,
			);
			path = OpenQuickly;
			sourceTree = "<group>";
		};
		ED55C50920130B180070301A /* CreateWorkspace */ = {
			isa = PBXGroup;
			children = (
				ED55C50E201312570070301A /* CreateWorkspace.storyboard */,
				ED55C5112013146F0070301A /* CreateWorkspaceViewController.swift */,
			);
			path = CreateWorkspace;
			sourceTree = "<group>";
		};
		ED840D20201A2A0E00EF2C42 /* MoveWorkspace */ = {
			isa = PBXGroup;
			children = (
				ED840D25201A2A7700EF2C42 /* MoveWorkspace.storyboard */,
				ED840D28201A2AC000EF2C42 /* MoveWorkspaceViewController.swift */,
			);
			path = MoveWorkspace;
			sourceTree = "<group>";
		};
		ED841BD6200B25500097996A /* Window */ = {
			isa = PBXGroup;
			children = (
				ED841BD7200B256B0097996A /* WindowController.swift */,
			);
			path = Window;
			sourceTree = "<group>";
		};
		ED86DCCB2029ED550096AB38 /* Shortcut */ = {
			isa = PBXGroup;
			children = (
				ED86DCCC2029ED670096AB38 /* ShortcutPreference.storyboard */,
			);
			path = Shortcut;
			sourceTree = "<group>";
		};
		ED9EEEDF201F62BC00C96CC1 /* OpenWorkspace */ = {
			isa = PBXGroup;
			children = (
				ED9EEEE4201F639B00C96CC1 /* OpenWorkspace.storyboard */,
				ED9EEEE7201F63E200C96CC1 /* OpenWorkspaceViewController.swift */,
			);
			path = OpenWorkspace;
			sourceTree = "<group>";
		};
		EDA736CB200E252A000BC5DA /* Sidebar */ = {
			isa = PBXGroup;
			children = (
				EDA736C8200E24F8000BC5DA /* Sidebar.storyboard */,
				ED2E15A920064A0E003D55A3 /* SidebarViewController.swift */,
				ED841BD02008EC2B0097996A /* NodeTableCellView.swift */,
				ED841BDD200B6D5B0097996A /* NodeTableRowView.swift */,
			);
			path = Sidebar;
			sourceTree = "<group>";
		};
		EDA736CE200E2577000BC5DA /* MarkDownEditor */ = {
			isa = PBXGroup;
			children = (
				EDA736CC200E256D000BC5DA /* MarkDownEditor.storyboard */,
				EDEB7A6A2004F21800F8C48A /* MarkDownEditorViewController.swift */,
			);
			name = MarkDownEditor;
			path = "New Group";
			sourceTree = "<group>";
		};
		EDA736CF200E2634000BC5DA /* Preference */ = {
			isa = PBXGroup;
			children = (
				ED86DCCB2029ED550096AB38 /* Shortcut */,
				ED55C500200E56F10070301A /* Preference.storyboard */,
			);
			path = Preference;
			sourceTree = "<group>";
		};
		EDB601472022C05800EDF59C /* Application */ = {
			isa = PBXGroup;
			children = (
				ED9CCA7420261C3800EB2F7C /* Main.storyboard */,
				EDEB7A602004EDF000F8C48A /* Launch.storyboard */,
				EDEB7A5A2004EDF000F8C48A /* AppDelegate.swift */,
				EDB601482022C06A00EDF59C /* Application.swift */,
				ED9CCA722026189B00EB2F7C /* BeforeOfAllWindowController.swift */,
			);
			path = Application;
			sourceTree = "<group>";
		};
		EDD0A293200ED90E00D5E7BE /* Workspaces */ = {
			isa = PBXGroup;
			children = (
				EDD0A294200ED98700D5E7BE /* Workspaces.storyboard */,
				EDD0A2B8200F2B9E00D5E7BE /* WorkspacesViewController.swift */,
				EDBFF25520106EA5005F3547 /* WorkspacesTableCellView.swift */,
				ED59FDAF201330BC0085D9F5 /* WorkspacesTableRowView.swift */,
				ED840D1E201A217300EF2C42 /* WorkspacesTableView.swift */,
			);
			path = Workspaces;
			sourceTree = "<group>";
		};
		EDDED73A20051B880079F3D0 /* Frameworks */ = {
			isa = PBXGroup;
			children = (
				EDFE82AF20256AD900702C85 /* Carthage */,
			);
			name = Frameworks;
			sourceTree = "<group>";
		};
		EDEB7A4E2004EDF000F8C48A = {
			isa = PBXGroup;
			children = (
				EDEB7A592004EDF000F8C48A /* MarkDownEditor */,
				EDEB7A582004EDF000F8C48A /* Products */,
				EDDED73A20051B880079F3D0 /* Frameworks */,
			);
			sourceTree = "<group>";
		};
		EDEB7A582004EDF000F8C48A /* Products */ = {
			isa = PBXGroup;
			children = (
				EDEB7A572004EDF000F8C48A /* MarkDownEditor.app */,
			);
			name = Products;
			sourceTree = "<group>";
		};
		EDEB7A592004EDF000F8C48A /* MarkDownEditor */ = {
			isa = PBXGroup;
			children = (
				ED841BD6200B25500097996A /* Window */,
				ED434EF820079C9700C2357D /* Support */,
				ED187FD82005396C002E51C0 /* WebPage */,
				ED187FD72005395A002E51C0 /* Common */,
				ED2E15AF200669B8003D55A3 /* Feature */,
				ED2E15B0200669C8003D55A3 /* Model */,
				EDB601472022C05800EDF59C /* Application */,
				EDEB7A5E2004EDF000F8C48A /* Assets.xcassets */,
				ED841BD9200B2FD10097996A /* Colors.xcassets */,
				EDEB7A632004EDF000F8C48A /* Info.plist */,
				EDEB7A642004EDF000F8C48A /* MarkDownEditor.entitlements */,
			);
			path = MarkDownEditor;
			sourceTree = "<group>";
		};
		EDFE82AF20256AD900702C85 /* Carthage */ = {
			isa = PBXGroup;
			children = (
				ED86DCCE2029EE3A0096AB38 /* MASShortcut.framework */,
				EDFE82CD202583DD00702C85 /* Zip.framework */,
				EDFE82B220256AE400702C85 /* Kingfisher.framework */,
				EDFE82B320256AE500702C85 /* Realm.framework */,
				EDFE82B520256AE500702C85 /* RealmSwift.framework */,
				EDFE82B120256AE400702C85 /* RxBlocking.framework */,
				EDFE82B020256AE400702C85 /* RxCocoa.framework */,
				EDFE82B420256AE500702C85 /* RxSwift.framework */,
			);
			name = Carthage;
			sourceTree = "<group>";
		};
/* End PBXGroup section */

/* Begin PBXNativeTarget section */
		EDEB7A562004EDF000F8C48A /* MarkDownEditor */ = {
			isa = PBXNativeTarget;
			buildConfigurationList = EDEB7A672004EDF000F8C48A /* Build configuration list for PBXNativeTarget "MarkDownEditor" */;
			buildPhases = (
				EDEB7A532004EDF000F8C48A /* Sources */,
				EDEB7A542004EDF000F8C48A /* Frameworks */,
				EDEB7A552004EDF000F8C48A /* Resources */,
				EDDED73D20051BC10079F3D0 /* Embed Libraries */,
			);
			buildRules = (
			);
			dependencies = (
			);
			name = MarkDownEditor;
			productName = MarkDownEditor;
			productReference = EDEB7A572004EDF000F8C48A /* MarkDownEditor.app */;
			productType = "com.apple.product-type.application";
		};
/* End PBXNativeTarget section */

/* Begin PBXProject section */
		EDEB7A4F2004EDF000F8C48A /* Project object */ = {
			isa = PBXProject;
			attributes = {
				LastSwiftUpdateCheck = 0900;
				LastUpgradeCheck = 0900;
				ORGANIZATIONNAME = "Koji Murata";
				TargetAttributes = {
					EDEB7A562004EDF000F8C48A = {
						CreatedOnToolsVersion = 9.0;
						LastSwiftMigration = 0900;
						ProvisioningStyle = Automatic;
						SystemCapabilities = {
							com.apple.Sandbox = {
								enabled = 0;
							};
						};
					};
				};
			};
			buildConfigurationList = EDEB7A522004EDF000F8C48A /* Build configuration list for PBXProject "MarkDownEditor" */;
			compatibilityVersion = "Xcode 8.0";
			developmentRegion = en;
			hasScannedForEncodings = 0;
			knownRegions = (
				en,
				Base,
				ja,
			);
			mainGroup = EDEB7A4E2004EDF000F8C48A;
			productRefGroup = EDEB7A582004EDF000F8C48A /* Products */;
			projectDirPath = "";
			projectRoot = "";
			targets = (
				EDEB7A562004EDF000F8C48A /* MarkDownEditor */,
			);
		};
/* End PBXProject section */

/* Begin PBXResourcesBuildPhase section */
		EDEB7A552004EDF000F8C48A /* Resources */ = {
			isa = PBXResourcesBuildPhase;
			buildActionMask = 2147483647;
			files = (
				ED2E149A20055650003D55A3 /* markdown-it-footnote.min.js in Resources */,
				ED2E149220055548003D55A3 /* markdown-it-task-checkbox.min.js in Resources */,
				ED55C4FE200E56F10070301A /* Preference.storyboard in Resources */,
				EDA736CA200E24F8000BC5DA /* Sidebar.storyboard in Resources */,
				EDEB7A5F2004EDF000F8C48A /* Assets.xcassets in Resources */,
				EDD0A295200ED98700D5E7BE /* Workspaces.storyboard in Resources */,
				ED9CCA7520261C3800EB2F7C /* Main.storyboard in Resources */,
				EDEB7A622004EDF000F8C48A /* Launch.storyboard in Resources */,
				ED55C50C201312570070301A /* CreateWorkspace.storyboard in Resources */,
				ED2E149C2005575A003D55A3 /* markdown-it-emoji.min.js in Resources */,
				ED2E1496200555A5003D55A3 /* markdown-it-sub.min.js in Resources */,
				ED187FD220052D30002E51C0 /* markdown.html in Resources */,
				EDA736CD200E256D000BC5DA /* MarkDownEditor.storyboard in Resources */,
				ED9EEEE2201F639B00C96CC1 /* OpenWorkspace.storyboard in Resources */,
				EDCED8C52005DAD100C514B1 /* monokai-sublime.css in Resources */,
				ED2E149420055563003D55A3 /* markdown-it.min.js in Resources */,
				ED4EB9D2201C814100B4CBE7 /* swiss.css in Resources */,
				ED434EFB20079CB600C2357D /* Localizable.strings in Resources */,
				ED47CC83201ECF170052D6EF /* CreateOrOpenWorkspace.storyboard in Resources */,
				ED86DCCD2029ED670096AB38 /* ShortcutPreference.storyboard in Resources */,
				ED4EB9D7201D61E200B4CBE7 /* OpenQuickly.storyboard in Resources */,
				ED840D23201A2A7700EF2C42 /* MoveWorkspace.storyboard in Resources */,
				ED2E1498200555C6003D55A3 /* markdown-it-sup.min.js in Resources */,
				ED840D2D201A364600EF2C42 /* jquery.min.js in Resources */,
				ED2E14F3200560B8003D55A3 /* highlight.pack.js in Resources */,
				ED2E159B20056622003D55A3 /* markdown.js in Resources */,
				ED841BDA200B2FD10097996A /* Colors.xcassets in Resources */,
			);
			runOnlyForDeploymentPostprocessing = 0;
		};
/* End PBXResourcesBuildPhase section */

/* Begin PBXSourcesBuildPhase section */
		EDEB7A532004EDF000F8C48A /* Sources */ = {
			isa = PBXSourcesBuildPhase;
			buildActionMask = 2147483647;
			files = (
				EDD0A2B9200F2B9E00D5E7BE /* WorkspacesViewController.swift in Sources */,
				ED47CC85201ECF780052D6EF /* CreateOrOpenWorkspaceTabViewController.swift in Sources */,
				EDDED6FB20050C0B0079F3D0 /* TextView.swift in Sources */,
				ED47CC87201ED55A0052D6EF /* MarkDownEditorError.swift in Sources */,
				EDD0A28C200CD90C00D5E7BE /* Array+Extensions.swift in Sources */,
				ED840D29201A2AC000EF2C42 /* MoveWorkspaceViewController.swift in Sources */,
				EDD0A28A200CD49800D5E7BE /* NSPasteboard+Extensions.swift in Sources */,
				ED59FDAE20132B8B0085D9F5 /* Collection+Extensions.swift in Sources */,
				EDBFF25620106EA5005F3547 /* WorkspacesTableCellView.swift in Sources */,
				ED47CC8D201EFBED0052D6EF /* WorkspaceNameFormatter.swift in Sources */,
				ED598C57201F20D500072D8A /* WorkspaceDirectoryWatcher.swift in Sources */,
				ED2E15A820063E59003D55A3 /* Realm+Extensions.swift in Sources */,
				ED841BD8200B256B0097996A /* WindowController.swift in Sources */,
				EDDED6FF2005138F0079F3D0 /* NSApplication+Extensions.swift in Sources */,
				ED598C59201F21BC00072D8A /* WorkspaceDirectoryWatcherManager.swift in Sources */,
				ED099FFF201DBB86006F91E4 /* OpenQuicklyNodeTableCellView.swift in Sources */,
				ED55C5132013146F0070301A /* CreateWorkspaceViewController.swift in Sources */,
				EDBFF25C2010868C005F3547 /* String+Extensions.swift in Sources */,
				EDEB7A5B2004EDF000F8C48A /* AppDelegate.swift in Sources */,
				ED841BDE200B6D5B0097996A /* NodeTableRowView.swift in Sources */,
				ED19084B201F6EC0009497EE /* ContainerView.swift in Sources */,
				ED841BD52009CC0C0097996A /* KeyCode.swift in Sources */,
				ED2E15AA20064A0E003D55A3 /* SidebarViewController.swift in Sources */,
				ED187FD420053206002E51C0 /* WebView.swift in Sources */,
				EDA736D1200E291C000BC5DA /* NSColor+Extensions.swift in Sources */,
				ED4EB9E4201DAADD00B4CBE7 /* NSImage+Extensions.swift in Sources */,
				ED840D2F201C5AB600EF2C42 /* NSView+Extensions.swift in Sources */,
				ED2E15AE200666B1003D55A3 /* NodeModel.swift in Sources */,
				EDFE82C620256BE700702C85 /* FileManager+Extensions.swift in Sources */,
				ED9CCA6D2025927600EB2F7C /* DateFormatter+Extensions.swift in Sources */,
				ED4EB9E2201DAA1700B4CBE7 /* OpenQuicklyViewController.swift in Sources */,
				EDD0A28E200ED29400D5E7BE /* Util.swift in Sources */,
				EDD0A297200EF75300D5E7BE /* WorkspaceModel.swift in Sources */,
				ED598C39201F03E200072D8A /* NSAlert+Extensions.swift in Sources */,
				ED840D2B201A2DF400EF2C42 /* URL+Extensions.swift in Sources */,
				EDEB7A6B2004F21800F8C48A /* MarkDownEditorViewController.swift in Sources */,
				ED434F0320079DBD00C2357D /* LocalizedString.swift in Sources */,
				EDB601492022C06A00EDF59C /* Application.swift in Sources */,
				EDA736D5200E3E6A000BC5DA /* SplitView.swift in Sources */,
				ED4EB9DB201D650D00B4CBE7 /* OpenQuicklyWindowController.swift in Sources */,
				ED840D1F201A217300EF2C42 /* WorkspacesTableView.swift in Sources */,
				ED9EEEE8201F63E200C96CC1 /* OpenWorkspaceViewController.swift in Sources */,
				ED4EB9E6201DB71B00B4CBE7 /* Results+Extensions.swift in Sources */,
				ED09A001201DF30B006F91E4 /* OpenQuicklyNodeTableRowView.swift in Sources */,
				ED841BD12008EC2B0097996A /* NodeTableCellView.swift in Sources */,
				ED4EB9E0201DA76000B4CBE7 /* OpenQuicklyTextField.swift in Sources */,
				ED47CC8B201EF9590052D6EF /* ObservableType+Extensions.swift in Sources */,
				EDD0A299200EF81800D5E7BE /* SavableInUserDefaults.swift in Sources */,
				ED59FDB0201330BC0085D9F5 /* WorkspacesTableRowView.swift in Sources */,
				ED55C4FD200E50E70070301A /* BackgroundSetableView.swift in Sources */,
				EDD0A288200CBCB500D5E7BE /* NSPasteboardPasteboardType+Extensions.swift in Sources */,
				ED841BD32009217F0097996A /* NSEvent+Extensions.swift in Sources */,
				ED9CCA732026189B00EB2F7C /* BeforeOfAllWindowController.swift in Sources */,
			);
			runOnlyForDeploymentPostprocessing = 0;
		};
/* End PBXSourcesBuildPhase section */

/* Begin PBXVariantGroup section */
		ED434EFD20079CB600C2357D /* Localizable.strings */ = {
			isa = PBXVariantGroup;
			children = (
				ED434F0020079CD100C2357D /* Base */,
				ED434F0120079CFA00C2357D /* ja */,
			);
			name = Localizable.strings;
			sourceTree = "<group>";
		};
		ED55C500200E56F10070301A /* Preference.storyboard */ = {
			isa = PBXVariantGroup;
			children = (
				ED55C4FF200E56F10070301A /* Base */,
				ED55C504200E5B360070301A /* ja */,
			);
			name = Preference.storyboard;
			sourceTree = "<group>";
		};
		ED55C50E201312570070301A /* CreateWorkspace.storyboard */ = {
			isa = PBXVariantGroup;
			children = (
				ED55C50D201312570070301A /* Base */,
				ED55C5102013125A0070301A /* ja */,
			);
			name = CreateWorkspace.storyboard;
			sourceTree = "<group>";
		};
		ED840D25201A2A7700EF2C42 /* MoveWorkspace.storyboard */ = {
			isa = PBXVariantGroup;
			children = (
				ED840D24201A2A7700EF2C42 /* Base */,
				ED840D27201A2A7900EF2C42 /* ja */,
			);
			name = MoveWorkspace.storyboard;
			sourceTree = "<group>";
		};
		ED9EEEE4201F639B00C96CC1 /* OpenWorkspace.storyboard */ = {
			isa = PBXVariantGroup;
			children = (
				ED9EEEE3201F639B00C96CC1 /* Base */,
				ED9EEEE6201F639D00C96CC1 /* ja */,
			);
			name = OpenWorkspace.storyboard;
			sourceTree = "<group>";
		};
		EDA736C8200E24F8000BC5DA /* Sidebar.storyboard */ = {
			isa = PBXVariantGroup;
			children = (
				EDA736C9200E24F8000BC5DA /* Base */,
				ED0C373B2021609E00D1CC20 /* ja */,
			);
			name = Sidebar.storyboard;
			sourceTree = "<group>";
		};
		EDEB7A602004EDF000F8C48A /* Launch.storyboard */ = {
			isa = PBXVariantGroup;
			children = (
				EDEB7A612004EDF000F8C48A /* Base */,
			);
			name = Launch.storyboard;
			sourceTree = "<group>";
		};
/* End PBXVariantGroup section */

/* Begin XCBuildConfiguration section */
		EDEB7A652004EDF000F8C48A /* Debug */ = {
			isa = XCBuildConfiguration;
			buildSettings = {
				ALWAYS_SEARCH_USER_PATHS = NO;
				CLANG_ANALYZER_LOCALIZABILITY_NONLOCALIZED = YES;
				CLANG_ANALYZER_NONNULL = YES;
				CLANG_ANALYZER_NUMBER_OBJECT_CONVERSION = YES_AGGRESSIVE;
				CLANG_CXX_LANGUAGE_STANDARD = "gnu++14";
				CLANG_CXX_LIBRARY = "libc++";
				CLANG_ENABLE_MODULES = YES;
				CLANG_ENABLE_OBJC_ARC = YES;
				CLANG_WARN_BLOCK_CAPTURE_AUTORELEASING = YES;
				CLANG_WARN_BOOL_CONVERSION = YES;
				CLANG_WARN_COMMA = YES;
				CLANG_WARN_CONSTANT_CONVERSION = YES;
				CLANG_WARN_DIRECT_OBJC_ISA_USAGE = YES_ERROR;
				CLANG_WARN_DOCUMENTATION_COMMENTS = YES;
				CLANG_WARN_EMPTY_BODY = YES;
				CLANG_WARN_ENUM_CONVERSION = YES;
				CLANG_WARN_INFINITE_RECURSION = YES;
				CLANG_WARN_INT_CONVERSION = YES;
				CLANG_WARN_NON_LITERAL_NULL_CONVERSION = YES;
				CLANG_WARN_OBJC_LITERAL_CONVERSION = YES;
				CLANG_WARN_OBJC_ROOT_CLASS = YES_ERROR;
				CLANG_WARN_RANGE_LOOP_ANALYSIS = YES;
				CLANG_WARN_STRICT_PROTOTYPES = YES;
				CLANG_WARN_SUSPICIOUS_MOVE = YES;
				CLANG_WARN_UNGUARDED_AVAILABILITY = YES_AGGRESSIVE;
				CLANG_WARN_UNREACHABLE_CODE = YES;
				CLANG_WARN__DUPLICATE_METHOD_MATCH = YES;
				CODE_SIGN_IDENTITY = "-";
				COPY_PHASE_STRIP = NO;
				DEBUG_INFORMATION_FORMAT = dwarf;
				ENABLE_STRICT_OBJC_MSGSEND = YES;
				ENABLE_TESTABILITY = YES;
				GCC_C_LANGUAGE_STANDARD = gnu11;
				GCC_DYNAMIC_NO_PIC = NO;
				GCC_NO_COMMON_BLOCKS = YES;
				GCC_OPTIMIZATION_LEVEL = 0;
				GCC_PREPROCESSOR_DEFINITIONS = (
					"DEBUG=1",
					"$(inherited)",
				);
				GCC_WARN_64_TO_32_BIT_CONVERSION = YES;
				GCC_WARN_ABOUT_RETURN_TYPE = YES_ERROR;
				GCC_WARN_UNDECLARED_SELECTOR = YES;
				GCC_WARN_UNINITIALIZED_AUTOS = YES_AGGRESSIVE;
				GCC_WARN_UNUSED_FUNCTION = YES;
				GCC_WARN_UNUSED_VARIABLE = YES;
				MACOSX_DEPLOYMENT_TARGET = 10.13;
				MTL_ENABLE_DEBUG_INFO = YES;
				ONLY_ACTIVE_ARCH = YES;
				SDKROOT = macosx;
				SWIFT_ACTIVE_COMPILATION_CONDITIONS = DEBUG;
				SWIFT_OPTIMIZATION_LEVEL = "-Onone";
			};
			name = Debug;
		};
		EDEB7A662004EDF000F8C48A /* Release */ = {
			isa = XCBuildConfiguration;
			buildSettings = {
				ALWAYS_SEARCH_USER_PATHS = NO;
				CLANG_ANALYZER_LOCALIZABILITY_NONLOCALIZED = YES;
				CLANG_ANALYZER_NONNULL = YES;
				CLANG_ANALYZER_NUMBER_OBJECT_CONVERSION = YES_AGGRESSIVE;
				CLANG_CXX_LANGUAGE_STANDARD = "gnu++14";
				CLANG_CXX_LIBRARY = "libc++";
				CLANG_ENABLE_MODULES = YES;
				CLANG_ENABLE_OBJC_ARC = YES;
				CLANG_WARN_BLOCK_CAPTURE_AUTORELEASING = YES;
				CLANG_WARN_BOOL_CONVERSION = YES;
				CLANG_WARN_COMMA = YES;
				CLANG_WARN_CONSTANT_CONVERSION = YES;
				CLANG_WARN_DIRECT_OBJC_ISA_USAGE = YES_ERROR;
				CLANG_WARN_DOCUMENTATION_COMMENTS = YES;
				CLANG_WARN_EMPTY_BODY = YES;
				CLANG_WARN_ENUM_CONVERSION = YES;
				CLANG_WARN_INFINITE_RECURSION = YES;
				CLANG_WARN_INT_CONVERSION = YES;
				CLANG_WARN_NON_LITERAL_NULL_CONVERSION = YES;
				CLANG_WARN_OBJC_LITERAL_CONVERSION = YES;
				CLANG_WARN_OBJC_ROOT_CLASS = YES_ERROR;
				CLANG_WARN_RANGE_LOOP_ANALYSIS = YES;
				CLANG_WARN_STRICT_PROTOTYPES = YES;
				CLANG_WARN_SUSPICIOUS_MOVE = YES;
				CLANG_WARN_UNGUARDED_AVAILABILITY = YES_AGGRESSIVE;
				CLANG_WARN_UNREACHABLE_CODE = YES;
				CLANG_WARN__DUPLICATE_METHOD_MATCH = YES;
				CODE_SIGN_IDENTITY = "-";
				COPY_PHASE_STRIP = NO;
				DEBUG_INFORMATION_FORMAT = "dwarf-with-dsym";
				ENABLE_NS_ASSERTIONS = NO;
				ENABLE_STRICT_OBJC_MSGSEND = YES;
				GCC_C_LANGUAGE_STANDARD = gnu11;
				GCC_NO_COMMON_BLOCKS = YES;
				GCC_WARN_64_TO_32_BIT_CONVERSION = YES;
				GCC_WARN_ABOUT_RETURN_TYPE = YES_ERROR;
				GCC_WARN_UNDECLARED_SELECTOR = YES;
				GCC_WARN_UNINITIALIZED_AUTOS = YES_AGGRESSIVE;
				GCC_WARN_UNUSED_FUNCTION = YES;
				GCC_WARN_UNUSED_VARIABLE = YES;
				MACOSX_DEPLOYMENT_TARGET = 10.13;
				MTL_ENABLE_DEBUG_INFO = NO;
				SDKROOT = macosx;
				SWIFT_OPTIMIZATION_LEVEL = "-Owholemodule";
			};
			name = Release;
		};
		EDEB7A682004EDF000F8C48A /* Debug */ = {
			isa = XCBuildConfiguration;
			buildSettings = {
				ASSETCATALOG_COMPILER_APPICON_NAME = AppIcon;
				CLANG_ENABLE_MODULES = YES;
				CODE_SIGN_STYLE = Automatic;
				COMBINE_HIDPI_IMAGES = YES;
				FRAMEWORK_SEARCH_PATHS = (
					"$(inherited)",
					"$(PROJECT_DIR)/Carthage/Build/Mac",
				);
				INFOPLIST_FILE = MarkDownEditor/Info.plist;
				LD_RUNPATH_SEARCH_PATHS = "$(inherited) @executable_path/../Frameworks";
				LIBRARY_SEARCH_PATHS = (
					"$(inherited)",
					"$(PROJECT_DIR)/MarkDownEditor",
					"$(PROJECT_DIR)",
				);
				PRODUCT_BUNDLE_IDENTIFIER = koji.murata.MarkDownEditor;
				PRODUCT_NAME = "$(TARGET_NAME)";
				SWIFT_OBJC_BRIDGING_HEADER = "";
				SWIFT_OPTIMIZATION_LEVEL = "-Onone";
				SWIFT_VERSION = 4.0;
			};
			name = Debug;
		};
		EDEB7A692004EDF000F8C48A /* Release */ = {
			isa = XCBuildConfiguration;
			buildSettings = {
				ASSETCATALOG_COMPILER_APPICON_NAME = AppIcon;
				CLANG_ENABLE_MODULES = YES;
				CODE_SIGN_STYLE = Automatic;
				COMBINE_HIDPI_IMAGES = YES;
				FRAMEWORK_SEARCH_PATHS = (
					"$(inherited)",
					"$(PROJECT_DIR)/Carthage/Build/Mac",
				);
				INFOPLIST_FILE = MarkDownEditor/Info.plist;
				LD_RUNPATH_SEARCH_PATHS = "$(inherited) @executable_path/../Frameworks";
				LIBRARY_SEARCH_PATHS = (
					"$(inherited)",
					"$(PROJECT_DIR)/MarkDownEditor",
					"$(PROJECT_DIR)",
				);
				PRODUCT_BUNDLE_IDENTIFIER = koji.murata.MarkDownEditor;
				PRODUCT_NAME = "$(TARGET_NAME)";
				SWIFT_OBJC_BRIDGING_HEADER = "";
				SWIFT_VERSION = 4.0;
			};
			name = Release;
		};
/* End XCBuildConfiguration section */

/* Begin XCConfigurationList section */
		EDEB7A522004EDF000F8C48A /* Build configuration list for PBXProject "MarkDownEditor" */ = {
			isa = XCConfigurationList;
			buildConfigurations = (
				EDEB7A652004EDF000F8C48A /* Debug */,
				EDEB7A662004EDF000F8C48A /* Release */,
			);
			defaultConfigurationIsVisible = 0;
			defaultConfigurationName = Release;
		};
		EDEB7A672004EDF000F8C48A /* Build configuration list for PBXNativeTarget "MarkDownEditor" */ = {
			isa = XCConfigurationList;
			buildConfigurations = (
				EDEB7A682004EDF000F8C48A /* Debug */,
				EDEB7A692004EDF000F8C48A /* Release */,
			);
			defaultConfigurationIsVisible = 0;
			defaultConfigurationName = Release;
		};
/* End XCConfigurationList section */
	};
	rootObject = EDEB7A4F2004EDF000F8C48A /* Project object */;
}
